// !$*UTF8*$!
{
	archiveVersion = 1;
	classes = {
	};
	objectVersion = 46;
	objects = {

/* Begin PBXBuildFile section */
		981F89611E7F1C8F00D1BF9D /* languageCollecVCell.swift in Sources */ = {isa = PBXBuildFile; fileRef = 981F89601E7F1C8F00D1BF9D /* languageCollecVCell.swift */; };
		981F89631E7F1CCC00D1BF9D /* ChooseLanguageToLearnCollectionVC.swift in Sources */ = {isa = PBXBuildFile; fileRef = 981F89621E7F1CCC00D1BF9D /* ChooseLanguageToLearnCollectionVC.swift */; };
		981F896C1E80457800D1BF9D /* GM Food.swift in Sources */ = {isa = PBXBuildFile; fileRef = 981F896B1E80457800D1BF9D /* GM Food.swift */; };
		9821944F1E8BA70600043300 /* ChoosePaymentPlanCV.swift in Sources */ = {isa = PBXBuildFile; fileRef = 9821944E1E8BA70600043300 /* ChoosePaymentPlanCV.swift */; };
		982194511E8BA72300043300 /* ChoosePaymentPlanButton.swift in Sources */ = {isa = PBXBuildFile; fileRef = 982194501E8BA72300043300 /* ChoosePaymentPlanButton.swift */; };
		982194531E8BF21100043300 /* HighlightChoosePaymentPlanButtonView.swift in Sources */ = {isa = PBXBuildFile; fileRef = 982194521E8BF21100043300 /* HighlightChoosePaymentPlanButtonView.swift */; };
		982194561E8C033C00043300 /* StoreManager.swift in Sources */ = {isa = PBXBuildFile; fileRef = 982194551E8C033C00043300 /* StoreManager.swift */; };
		9821945C1E8CD7E000043300 /* SideMenuManager.swift in Sources */ = {isa = PBXBuildFile; fileRef = 982194581E8CD7E000043300 /* SideMenuManager.swift */; };
		9821945D1E8CD7E000043300 /* SideMenuTransition.swift in Sources */ = {isa = PBXBuildFile; fileRef = 982194591E8CD7E000043300 /* SideMenuTransition.swift */; };
		9821945E1E8CD7E000043300 /* UISideMenuNavigationController.swift in Sources */ = {isa = PBXBuildFile; fileRef = 9821945A1E8CD7E000043300 /* UISideMenuNavigationController.swift */; };
		9821945F1E8CD7E000043300 /* UITableViewVibrantCell.swift in Sources */ = {isa = PBXBuildFile; fileRef = 9821945B1E8CD7E000043300 /* UITableViewVibrantCell.swift */; };
		98226BD21E7408BC00060F26 /* HomeCell.swift in Sources */ = {isa = PBXBuildFile; fileRef = 98226BD11E7408BC00060F26 /* HomeCell.swift */; };
		9823AE871E61CD4E00AB376C /* Word.swift in Sources */ = {isa = PBXBuildFile; fileRef = 9823AE861E61CD4E00AB376C /* Word.swift */; };
		9823AE891E61CFA400AB376C /* TextsData.swift in Sources */ = {isa = PBXBuildFile; fileRef = 9823AE881E61CFA400AB376C /* TextsData.swift */; };
		9823AE8B1E61D74200AB376C /* UserSave.swift in Sources */ = {isa = PBXBuildFile; fileRef = 9823AE8A1E61D74200AB376C /* UserSave.swift */; };
		9823AE8E1E652A9B00AB376C /* MessageUI.framework in Frameworks */ = {isa = PBXBuildFile; fileRef = 9823AE8D1E652A9B00AB376C /* MessageUI.framework */; };
		9823AE901E65783800AB376C /* HelpViewController.swift in Sources */ = {isa = PBXBuildFile; fileRef = 9823AE8F1E65783800AB376C /* HelpViewController.swift */; };
		9823AE921E65CBA800AB376C /* LearningLang.swift in Sources */ = {isa = PBXBuildFile; fileRef = 9823AE911E65CBA800AB376C /* LearningLang.swift */; };
		9823AE941E65CBBC00AB376C /* Lang.swift in Sources */ = {isa = PBXBuildFile; fileRef = 9823AE931E65CBBC00AB376C /* Lang.swift */; };
		9823AE981E66028200AB376C /* LanguageNav.swift in Sources */ = {isa = PBXBuildFile; fileRef = 9823AE971E66028200AB376C /* LanguageNav.swift */; };
		9826BB091E94FB4A00E7CD1E /* Свежий.swift in Sources */ = {isa = PBXBuildFile; fileRef = 9826BB081E94FB4A00E7CD1E /* Свежий.swift */; };
		9826BB0C1E95096B00E7CD1E /* Заколдованный круг.swift in Sources */ = {isa = PBXBuildFile; fileRef = 9826BB0B1E95096B00E7CD1E /* Заколдованный круг.swift */; };
		9826BB0E1E95099100E7CD1E /* Сюрприз.swift in Sources */ = {isa = PBXBuildFile; fileRef = 9826BB0D1E95099100E7CD1E /* Сюрприз.swift */; };
		9826BB101E9509C000E7CD1E /* Алиби.swift in Sources */ = {isa = PBXBuildFile; fileRef = 9826BB0F1E9509C000E7CD1E /* Алиби.swift */; };
		9826BB161E9509F200E7CD1E /* Проверка.swift in Sources */ = {isa = PBXBuildFile; fileRef = 9826BB151E9509F200E7CD1E /* Проверка.swift */; };
		9826BB191E950A1400E7CD1E /* Быть как все.swift in Sources */ = {isa = PBXBuildFile; fileRef = 9826BB181E950A1400E7CD1E /* Быть как все.swift */; };
		9826BB1C1E950A3000E7CD1E /* Мы и налоги.swift in Sources */ = {isa = PBXBuildFile; fileRef = 9826BB1B1E950A3000E7CD1E /* Мы и налоги.swift */; };
		982731681EA9F32B007FFF73 /* MyINalogi_mid.mp3 in Resources */ = {isa = PBXBuildFile; fileRef = 982731651EA9F32B007FFF73 /* MyINalogi_mid.mp3 */; };
		982731691EA9F32B007FFF73 /* MyINalogi_fast.mp3 in Resources */ = {isa = PBXBuildFile; fileRef = 982731661EA9F32B007FFF73 /* MyINalogi_fast.mp3 */; };
		9827316C1EA9F3B9007FFF73 /* MyINalogi_slow.mp3 in Resources */ = {isa = PBXBuildFile; fileRef = 9827316B1EA9F3B9007FFF73 /* MyINalogi_slow.mp3 */; };
		982D2AF11E9C24A400B590B1 /* YourAbonnementVC.swift in Sources */ = {isa = PBXBuildFile; fileRef = 982D2AF01E9C24A400B590B1 /* YourAbonnementVC.swift */; };
		982ECD481E8F9234003B66F9 /* CreditsVC.swift in Sources */ = {isa = PBXBuildFile; fileRef = 982ECD471E8F9234003B66F9 /* CreditsVC.swift */; };
		982ECD4A1E8FA0A3003B66F9 /* ReceiptManager.swift in Sources */ = {isa = PBXBuildFile; fileRef = 982ECD491E8FA0A3003B66F9 /* ReceiptManager.swift */; };
		982ECD4C1E9120EB003B66F9 /* WaitAlert.swift in Sources */ = {isa = PBXBuildFile; fileRef = 982ECD4B1E9120EA003B66F9 /* WaitAlert.swift */; };
		983B529D1E4F8BDA004F820F /* TraductionCell.swift in Sources */ = {isa = PBXBuildFile; fileRef = 983B529C1E4F8BDA004F820F /* TraductionCell.swift */; };
		983B529F1E4F8BED004F820F /* AddTraductionCell.swift in Sources */ = {isa = PBXBuildFile; fileRef = 983B529E1E4F8BEC004F820F /* AddTraductionCell.swift */; };
		983B52A41E50E378004F820F /* AddText.swift in Sources */ = {isa = PBXBuildFile; fileRef = 983B52A31E50E378004F820F /* AddText.swift */; };
		983B52A61E50E45A004F820F /* AddTextCell.swift in Sources */ = {isa = PBXBuildFile; fileRef = 983B52A51E50E45A004F820F /* AddTextCell.swift */; };
		987D34ED1E798A76008434A8 /* SettingButton.swift in Sources */ = {isa = PBXBuildFile; fileRef = 987D34EC1E798A76008434A8 /* SettingButton.swift */; };
		987D34F21E7AE3EE008434A8 /* Main.storyboard in Resources */ = {isa = PBXBuildFile; fileRef = 987D34F01E7AE3EE008434A8 /* Main.storyboard */; };
		987D34F41E7D2B0F008434A8 /* SpeedButton.swift in Sources */ = {isa = PBXBuildFile; fileRef = 987D34F31E7D2B0F008434A8 /* SpeedButton.swift */; };
		987D35091E7D6DA3008434A8 /* Sjurpriz-fast.mp3 in Resources */ = {isa = PBXBuildFile; fileRef = 987D34F71E7D6DA3008434A8 /* Sjurpriz-fast.mp3 */; };
		987D350A1E7D6DA3008434A8 /* Sjurpriz-mid.mp3 in Resources */ = {isa = PBXBuildFile; fileRef = 987D34F81E7D6DA3008434A8 /* Sjurpriz-mid.mp3 */; };
		987D350B1E7D6DA3008434A8 /* Sjurpriz-slow.mp3 in Resources */ = {isa = PBXBuildFile; fileRef = 987D34F91E7D6DA3008434A8 /* Sjurpriz-slow.mp3 */; };
		987D350C1E7D6DA3008434A8 /* Svezhyj-fast.mp3 in Resources */ = {isa = PBXBuildFile; fileRef = 987D34FA1E7D6DA3008434A8 /* Svezhyj-fast.mp3 */; };
		987D350D1E7D6DA3008434A8 /* Svezhyj-mid.mp3 in Resources */ = {isa = PBXBuildFile; fileRef = 987D34FB1E7D6DA3008434A8 /* Svezhyj-mid.mp3 */; };
		987D350E1E7D6DA3008434A8 /* Svezhyj-slow.mp3 in Resources */ = {isa = PBXBuildFile; fileRef = 987D34FC1E7D6DA3008434A8 /* Svezhyj-slow.mp3 */; };
		987D350F1E7D6DA3008434A8 /* ZakoldovannyjKrug-fast.mp3 in Resources */ = {isa = PBXBuildFile; fileRef = 987D34FD1E7D6DA3008434A8 /* ZakoldovannyjKrug-fast.mp3 */; };
		987D35101E7D6DA3008434A8 /* ZakoldovannyjKrug-mid.mp3 in Resources */ = {isa = PBXBuildFile; fileRef = 987D34FE1E7D6DA3008434A8 /* ZakoldovannyjKrug-mid.mp3 */; };
		987D35111E7D6DA3008434A8 /* ZakoldovannyjKrug-slow.mp3 in Resources */ = {isa = PBXBuildFile; fileRef = 987D34FF1E7D6DA3008434A8 /* ZakoldovannyjKrug-slow.mp3 */; };
		987D35121E7D6DA3008434A8 /* Alibi-fast.mp3 in Resources */ = {isa = PBXBuildFile; fileRef = 987D35001E7D6DA3008434A8 /* Alibi-fast.mp3 */; };
		987D35131E7D6DA3008434A8 /* Alibi-mid.mp3 in Resources */ = {isa = PBXBuildFile; fileRef = 987D35011E7D6DA3008434A8 /* Alibi-mid.mp3 */; };
		987D35141E7D6DA3008434A8 /* Alibi-slow.mp3 in Resources */ = {isa = PBXBuildFile; fileRef = 987D35021E7D6DA3008434A8 /* Alibi-slow.mp3 */; };
		987D35151E7D6DA3008434A8 /* Proverka-fast.mp3 in Resources */ = {isa = PBXBuildFile; fileRef = 987D35031E7D6DA3008434A8 /* Proverka-fast.mp3 */; };
		987D35161E7D6DA3008434A8 /* Proverka-mid.mp3 in Resources */ = {isa = PBXBuildFile; fileRef = 987D35041E7D6DA3008434A8 /* Proverka-mid.mp3 */; };
		987D35171E7D6DA3008434A8 /* Proverka-slow.mp3 in Resources */ = {isa = PBXBuildFile; fileRef = 987D35051E7D6DA3008434A8 /* Proverka-slow.mp3 */; };
		987D35181E7D6DA3008434A8 /* BytiKakVse-fast.mp3 in Resources */ = {isa = PBXBuildFile; fileRef = 987D35061E7D6DA3008434A8 /* BytiKakVse-fast.mp3 */; };
		987D35191E7D6DA3008434A8 /* BytiKakVse-mid.mp3 in Resources */ = {isa = PBXBuildFile; fileRef = 987D35071E7D6DA3008434A8 /* BytiKakVse-mid.mp3 */; };
		987D351A1E7D6DA3008434A8 /* BytiKakVse-slow.mp3 in Resources */ = {isa = PBXBuildFile; fileRef = 987D35081E7D6DA3008434A8 /* BytiKakVse-slow.mp3 */; };
		987D351C1E7DB768008434A8 /* preferedReadingSpeed.swift in Sources */ = {isa = PBXBuildFile; fileRef = 987D351B1E7DB768008434A8 /* preferedReadingSpeed.swift */; };
		987D351F1E7E9AB9008434A8 /* InviteFriendButton.swift in Sources */ = {isa = PBXBuildFile; fileRef = 987D351E1E7E9AB9008434A8 /* InviteFriendButton.swift */; };
		987E15041E6173230080C9B6 /* TraductedText.swift in Sources */ = {isa = PBXBuildFile; fileRef = 987E15031E6173230080C9B6 /* TraductedText.swift */; };
		987E15081E61803F0080C9B6 /* AddTraductionVocForText.swift in Sources */ = {isa = PBXBuildFile; fileRef = 987E15071E61803F0080C9B6 /* AddTraductionVocForText.swift */; };
		988A72BC1E352DF600BDE635 /* AppDelegate.swift in Sources */ = {isa = PBXBuildFile; fileRef = 988A72BB1E352DF600BDE635 /* AppDelegate.swift */; };
		988A72C51E352DF600BDE635 /* Assets.xcassets in Resources */ = {isa = PBXBuildFile; fileRef = 988A72C41E352DF600BDE635 /* Assets.xcassets */; };
		988A72C81E352DF600BDE635 /* LaunchScreen.storyboard in Resources */ = {isa = PBXBuildFile; fileRef = 988A72C61E352DF600BDE635 /* LaunchScreen.storyboard */; };
		988A72D31E352DF600BDE635 /* LearnByLearningTests.swift in Sources */ = {isa = PBXBuildFile; fileRef = 988A72D21E352DF600BDE635 /* LearnByLearningTests.swift */; };
		988A72DE1E352DF600BDE635 /* LearnByLearningUITests.swift in Sources */ = {isa = PBXBuildFile; fileRef = 988A72DD1E352DF600BDE635 /* LearnByLearningUITests.swift */; };
		988A72EC1E352EEA00BDE635 /* Home.swift in Sources */ = {isa = PBXBuildFile; fileRef = 988A72EB1E352EEA00BDE635 /* Home.swift */; };
		988A72F01E352F6E00BDE635 /* ReadTextTabBarController.swift in Sources */ = {isa = PBXBuildFile; fileRef = 988A72EF1E352F6E00BDE635 /* ReadTextTabBarController.swift */; };
		988A72F91E367A3500BDE635 /* VocForText.swift in Sources */ = {isa = PBXBuildFile; fileRef = 988A72F81E367A3500BDE635 /* VocForText.swift */; };
		98D73E141E369C1800BAF0C1 /* ReadTextOriginal.swift in Sources */ = {isa = PBXBuildFile; fileRef = 98D73E131E369C1800BAF0C1 /* ReadTextOriginal.swift */; };
		98D73E161E369C7A00BAF0C1 /* ReadTextTraduction.swift in Sources */ = {isa = PBXBuildFile; fileRef = 98D73E151E369C7A00BAF0C1 /* ReadTextTraduction.swift */; };
		98DDC6CB1E7453A6004A367C /* Color.swift in Sources */ = {isa = PBXBuildFile; fileRef = 98DDC6CA1E7453A6004A367C /* Color.swift */; };
		98E538B51E8059040067E639 /* El jardín de Val.swift in Sources */ = {isa = PBXBuildFile; fileRef = 98E538B41E8059040067E639 /* El jardín de Val.swift */; };
		98E538B71E80596F0067E639 /* TemplateText .swift in Sources */ = {isa = PBXBuildFile; fileRef = 98E538B61E80596F0067E639 /* TemplateText .swift */; };
		98E8BB121E4CE1A4002134B0 /* MenuViewController.swift in Sources */ = {isa = PBXBuildFile; fileRef = 98E8BB111E4CE1A4002134B0 /* MenuViewController.swift */; };
		98E8BB141E4CE1C9002134B0 /* MenuCell.swift in Sources */ = {isa = PBXBuildFile; fileRef = 98E8BB131E4CE1C9002134B0 /* MenuCell.swift */; };
		98E8BB1A1E4CEF00002134B0 /* Localisator.swift in Sources */ = {isa = PBXBuildFile; fileRef = 98E8BB191E4CEF00002134B0 /* Localisator.swift */; };
		98E8BB221E4CF375002134B0 /* MyLanguagesViewController.swift in Sources */ = {isa = PBXBuildFile; fileRef = 98E8BB211E4CF375002134B0 /* MyLanguagesViewController.swift */; };
		98E8BB251E4CF39D002134B0 /* SettingsViewController.swift in Sources */ = {isa = PBXBuildFile; fileRef = 98E8BB241E4CF39D002134B0 /* SettingsViewController.swift */; };
		98E8BB271E4CF3B4002134B0 /* InviteFriendViewController.swift in Sources */ = {isa = PBXBuildFile; fileRef = 98E8BB261E4CF3B4002134B0 /* InviteFriendViewController.swift */; };
		98E8BB291E4CF3DF002134B0 /* GradeAppViewController.swift in Sources */ = {isa = PBXBuildFile; fileRef = 98E8BB281E4CF3DF002134B0 /* GradeAppViewController.swift */; };
		98EC9EF71E4D012B0062F9F2 /* Localizable.strings in Resources */ = {isa = PBXBuildFile; fileRef = 98EC9EF31E4D012B0062F9F2 /* Localizable.strings */; };
		98EC9EF81E4D012B0062F9F2 /* InfoPlist.strings in Resources */ = {isa = PBXBuildFile; fileRef = 98EC9EF51E4D012B0062F9F2 /* InfoPlist.strings */; };
		98EC9F021E4DB40E0062F9F2 /* CurrentLanguageCell.swift in Sources */ = {isa = PBXBuildFile; fileRef = 98EC9F011E4DB40E0062F9F2 /* CurrentLanguageCell.swift */; };
/* End PBXBuildFile section */

/* Begin PBXContainerItemProxy section */
		988A72CF1E352DF600BDE635 /* PBXContainerItemProxy */ = {
			isa = PBXContainerItemProxy;
			containerPortal = 988A72B01E352DF600BDE635 /* Project object */;
			proxyType = 1;
			remoteGlobalIDString = 988A72B71E352DF600BDE635;
			remoteInfo = LearnByLearning;
		};
		988A72DA1E352DF600BDE635 /* PBXContainerItemProxy */ = {
			isa = PBXContainerItemProxy;
			containerPortal = 988A72B01E352DF600BDE635 /* Project object */;
			proxyType = 1;
			remoteGlobalIDString = 988A72B71E352DF600BDE635;
			remoteInfo = LearnByLearning;
		};
/* End PBXContainerItemProxy section */

/* Begin PBXFileReference section */
		981F89601E7F1C8F00D1BF9D /* languageCollecVCell.swift */ = {isa = PBXFileReference; fileEncoding = 4; lastKnownFileType = sourcecode.swift; path = languageCollecVCell.swift; sourceTree = "<group>"; };
		981F89621E7F1CCC00D1BF9D /* ChooseLanguageToLearnCollectionVC.swift */ = {isa = PBXFileReference; fileEncoding = 4; lastKnownFileType = sourcecode.swift; path = ChooseLanguageToLearnCollectionVC.swift; sourceTree = "<group>"; };
		981F896B1E80457800D1BF9D /* GM Food.swift */ = {isa = PBXFileReference; fileEncoding = 4; lastKnownFileType = sourcecode.swift; path = "GM Food.swift"; sourceTree = "<group>"; };
		9821944E1E8BA70600043300 /* ChoosePaymentPlanCV.swift */ = {isa = PBXFileReference; fileEncoding = 4; lastKnownFileType = sourcecode.swift; path = ChoosePaymentPlanCV.swift; sourceTree = "<group>"; };
		982194501E8BA72300043300 /* ChoosePaymentPlanButton.swift */ = {isa = PBXFileReference; fileEncoding = 4; lastKnownFileType = sourcecode.swift; path = ChoosePaymentPlanButton.swift; sourceTree = "<group>"; };
		982194521E8BF21100043300 /* HighlightChoosePaymentPlanButtonView.swift */ = {isa = PBXFileReference; fileEncoding = 4; lastKnownFileType = sourcecode.swift; path = HighlightChoosePaymentPlanButtonView.swift; sourceTree = "<group>"; };
		982194551E8C033C00043300 /* StoreManager.swift */ = {isa = PBXFileReference; fileEncoding = 4; lastKnownFileType = sourcecode.swift; path = StoreManager.swift; sourceTree = "<group>"; };
		982194581E8CD7E000043300 /* SideMenuManager.swift */ = {isa = PBXFileReference; fileEncoding = 4; lastKnownFileType = sourcecode.swift; path = SideMenuManager.swift; sourceTree = "<group>"; };
		982194591E8CD7E000043300 /* SideMenuTransition.swift */ = {isa = PBXFileReference; fileEncoding = 4; lastKnownFileType = sourcecode.swift; path = SideMenuTransition.swift; sourceTree = "<group>"; };
		9821945A1E8CD7E000043300 /* UISideMenuNavigationController.swift */ = {isa = PBXFileReference; fileEncoding = 4; lastKnownFileType = sourcecode.swift; path = UISideMenuNavigationController.swift; sourceTree = "<group>"; };
		9821945B1E8CD7E000043300 /* UITableViewVibrantCell.swift */ = {isa = PBXFileReference; fileEncoding = 4; lastKnownFileType = sourcecode.swift; path = UITableViewVibrantCell.swift; sourceTree = "<group>"; };
		98226BD11E7408BC00060F26 /* HomeCell.swift */ = {isa = PBXFileReference; fileEncoding = 4; lastKnownFileType = sourcecode.swift; path = HomeCell.swift; sourceTree = "<group>"; };
		9823AE861E61CD4E00AB376C /* Word.swift */ = {isa = PBXFileReference; fileEncoding = 4; lastKnownFileType = sourcecode.swift; path = Word.swift; sourceTree = "<group>"; };
		9823AE881E61CFA400AB376C /* TextsData.swift */ = {isa = PBXFileReference; fileEncoding = 4; lastKnownFileType = sourcecode.swift; path = TextsData.swift; sourceTree = "<group>"; };
		9823AE8A1E61D74200AB376C /* UserSave.swift */ = {isa = PBXFileReference; fileEncoding = 4; lastKnownFileType = sourcecode.swift; path = UserSave.swift; sourceTree = "<group>"; };
		9823AE8D1E652A9B00AB376C /* MessageUI.framework */ = {isa = PBXFileReference; lastKnownFileType = wrapper.framework; name = MessageUI.framework; path = System/Library/Frameworks/MessageUI.framework; sourceTree = SDKROOT; };
		9823AE8F1E65783800AB376C /* HelpViewController.swift */ = {isa = PBXFileReference; fileEncoding = 4; lastKnownFileType = sourcecode.swift; path = HelpViewController.swift; sourceTree = "<group>"; };
		9823AE911E65CBA800AB376C /* LearningLang.swift */ = {isa = PBXFileReference; fileEncoding = 4; lastKnownFileType = sourcecode.swift; path = LearningLang.swift; sourceTree = "<group>"; };
		9823AE931E65CBBC00AB376C /* Lang.swift */ = {isa = PBXFileReference; fileEncoding = 4; lastKnownFileType = sourcecode.swift; path = Lang.swift; sourceTree = "<group>"; };
		9823AE971E66028200AB376C /* LanguageNav.swift */ = {isa = PBXFileReference; fileEncoding = 4; lastKnownFileType = sourcecode.swift; path = LanguageNav.swift; sourceTree = "<group>"; };
		9823AE9A1E66E3B800AB376C /* es */ = {isa = PBXFileReference; lastKnownFileType = text.plist.strings; name = es; path = es.lproj/Localizable.strings; sourceTree = "<group>"; };
		9823AE9B1E66E3B800AB376C /* es */ = {isa = PBXFileReference; lastKnownFileType = text.plist.strings; name = es; path = es.lproj/InfoPlist.strings; sourceTree = "<group>"; };
		9823AE9D1E66E3C100AB376C /* ru */ = {isa = PBXFileReference; lastKnownFileType = text.plist.strings; name = ru; path = ru.lproj/Localizable.strings; sourceTree = "<group>"; };
		9823AE9E1E66E3C100AB376C /* ru */ = {isa = PBXFileReference; lastKnownFileType = text.plist.strings; name = ru; path = ru.lproj/InfoPlist.strings; sourceTree = "<group>"; };
		9826BB081E94FB4A00E7CD1E /* Свежий.swift */ = {isa = PBXFileReference; fileEncoding = 4; lastKnownFileType = sourcecode.swift; path = "Свежий.swift"; sourceTree = "<group>"; };
		9826BB0B1E95096B00E7CD1E /* Заколдованный круг.swift */ = {isa = PBXFileReference; fileEncoding = 4; lastKnownFileType = sourcecode.swift; path = "Заколдованный круг.swift"; sourceTree = "<group>"; };
		9826BB0D1E95099100E7CD1E /* Сюрприз.swift */ = {isa = PBXFileReference; fileEncoding = 4; lastKnownFileType = sourcecode.swift; path = "Сюрприз.swift"; sourceTree = "<group>"; };
		9826BB0F1E9509C000E7CD1E /* Алиби.swift */ = {isa = PBXFileReference; fileEncoding = 4; lastKnownFileType = sourcecode.swift; path = "Алиби.swift"; sourceTree = "<group>"; };
		9826BB151E9509F200E7CD1E /* Проверка.swift */ = {isa = PBXFileReference; fileEncoding = 4; lastKnownFileType = sourcecode.swift; path = "Проверка.swift"; sourceTree = "<group>"; };
		9826BB181E950A1400E7CD1E /* Быть как все.swift */ = {isa = PBXFileReference; fileEncoding = 4; lastKnownFileType = sourcecode.swift; path = "Быть как все.swift"; sourceTree = "<group>"; };
		9826BB1B1E950A3000E7CD1E /* Мы и налоги.swift */ = {isa = PBXFileReference; fileEncoding = 4; lastKnownFileType = sourcecode.swift; path = "Мы и налоги.swift"; sourceTree = "<group>"; };
		982731631EA7691D007FFF73 /* de */ = {isa = PBXFileReference; lastKnownFileType = text.plist.strings; name = de; path = de.lproj/Localizable.strings; sourceTree = "<group>"; };
		982731641EA7691E007FFF73 /* de */ = {isa = PBXFileReference; lastKnownFileType = text.plist.strings; name = de; path = de.lproj/InfoPlist.strings; sourceTree = "<group>"; };
		982731651EA9F32B007FFF73 /* MyINalogi_mid.mp3 */ = {isa = PBXFileReference; lastKnownFileType = audio.mp3; path = MyINalogi_mid.mp3; sourceTree = "<group>"; };
		982731661EA9F32B007FFF73 /* MyINalogi_fast.mp3 */ = {isa = PBXFileReference; lastKnownFileType = audio.mp3; path = MyINalogi_fast.mp3; sourceTree = "<group>"; };
		9827316B1EA9F3B9007FFF73 /* MyINalogi_slow.mp3 */ = {isa = PBXFileReference; lastKnownFileType = audio.mp3; path = MyINalogi_slow.mp3; sourceTree = "<group>"; };
		982D2AF01E9C24A400B590B1 /* YourAbonnementVC.swift */ = {isa = PBXFileReference; fileEncoding = 4; lastKnownFileType = sourcecode.swift; path = YourAbonnementVC.swift; sourceTree = "<group>"; };
		982ECD471E8F9234003B66F9 /* CreditsVC.swift */ = {isa = PBXFileReference; fileEncoding = 4; lastKnownFileType = sourcecode.swift; path = CreditsVC.swift; sourceTree = "<group>"; };
		982ECD491E8FA0A3003B66F9 /* ReceiptManager.swift */ = {isa = PBXFileReference; fileEncoding = 4; lastKnownFileType = sourcecode.swift; path = ReceiptManager.swift; sourceTree = "<group>"; };
		982ECD4B1E9120EA003B66F9 /* WaitAlert.swift */ = {isa = PBXFileReference; fileEncoding = 4; lastKnownFileType = sourcecode.swift; path = WaitAlert.swift; sourceTree = "<group>"; };
		983B529C1E4F8BDA004F820F /* TraductionCell.swift */ = {isa = PBXFileReference; fileEncoding = 4; lastKnownFileType = sourcecode.swift; path = TraductionCell.swift; sourceTree = "<group>"; };
		983B529E1E4F8BEC004F820F /* AddTraductionCell.swift */ = {isa = PBXFileReference; fileEncoding = 4; lastKnownFileType = sourcecode.swift; path = AddTraductionCell.swift; sourceTree = "<group>"; };
		983B52A31E50E378004F820F /* AddText.swift */ = {isa = PBXFileReference; fileEncoding = 4; lastKnownFileType = sourcecode.swift; path = AddText.swift; sourceTree = "<group>"; };
		983B52A51E50E45A004F820F /* AddTextCell.swift */ = {isa = PBXFileReference; fileEncoding = 4; lastKnownFileType = sourcecode.swift; path = AddTextCell.swift; sourceTree = "<group>"; };
		987D34EC1E798A76008434A8 /* SettingButton.swift */ = {isa = PBXFileReference; fileEncoding = 4; lastKnownFileType = sourcecode.swift; path = SettingButton.swift; sourceTree = "<group>"; };
		987D34F11E7AE3EE008434A8 /* Base */ = {isa = PBXFileReference; lastKnownFileType = file.storyboard; name = Base; path = LearnByLearning/Base.lproj/Main.storyboard; sourceTree = "<group>"; };
		987D34F31E7D2B0F008434A8 /* SpeedButton.swift */ = {isa = PBXFileReference; fileEncoding = 4; lastKnownFileType = sourcecode.swift; path = SpeedButton.swift; sourceTree = "<group>"; };
		987D34F71E7D6DA3008434A8 /* Sjurpriz-fast.mp3 */ = {isa = PBXFileReference; lastKnownFileType = audio.mp3; name = "Sjurpriz-fast.mp3"; path = "LearnByLearning/Sjurpriz-fast.mp3"; sourceTree = "<group>"; };
		987D34F81E7D6DA3008434A8 /* Sjurpriz-mid.mp3 */ = {isa = PBXFileReference; lastKnownFileType = audio.mp3; name = "Sjurpriz-mid.mp3"; path = "LearnByLearning/Sjurpriz-mid.mp3"; sourceTree = "<group>"; };
		987D34F91E7D6DA3008434A8 /* Sjurpriz-slow.mp3 */ = {isa = PBXFileReference; lastKnownFileType = audio.mp3; name = "Sjurpriz-slow.mp3"; path = "LearnByLearning/Sjurpriz-slow.mp3"; sourceTree = "<group>"; };
		987D34FA1E7D6DA3008434A8 /* Svezhyj-fast.mp3 */ = {isa = PBXFileReference; lastKnownFileType = audio.mp3; name = "Svezhyj-fast.mp3"; path = "LearnByLearning/Svezhyj-fast.mp3"; sourceTree = "<group>"; };
		987D34FB1E7D6DA3008434A8 /* Svezhyj-mid.mp3 */ = {isa = PBXFileReference; lastKnownFileType = audio.mp3; name = "Svezhyj-mid.mp3"; path = "LearnByLearning/Svezhyj-mid.mp3"; sourceTree = "<group>"; };
		987D34FC1E7D6DA3008434A8 /* Svezhyj-slow.mp3 */ = {isa = PBXFileReference; lastKnownFileType = audio.mp3; name = "Svezhyj-slow.mp3"; path = "LearnByLearning/Svezhyj-slow.mp3"; sourceTree = "<group>"; };
		987D34FD1E7D6DA3008434A8 /* ZakoldovannyjKrug-fast.mp3 */ = {isa = PBXFileReference; lastKnownFileType = audio.mp3; name = "ZakoldovannyjKrug-fast.mp3"; path = "LearnByLearning/ZakoldovannyjKrug-fast.mp3"; sourceTree = "<group>"; };
		987D34FE1E7D6DA3008434A8 /* ZakoldovannyjKrug-mid.mp3 */ = {isa = PBXFileReference; lastKnownFileType = audio.mp3; name = "ZakoldovannyjKrug-mid.mp3"; path = "LearnByLearning/ZakoldovannyjKrug-mid.mp3"; sourceTree = "<group>"; };
		987D34FF1E7D6DA3008434A8 /* ZakoldovannyjKrug-slow.mp3 */ = {isa = PBXFileReference; lastKnownFileType = audio.mp3; name = "ZakoldovannyjKrug-slow.mp3"; path = "LearnByLearning/ZakoldovannyjKrug-slow.mp3"; sourceTree = "<group>"; };
		987D35001E7D6DA3008434A8 /* Alibi-fast.mp3 */ = {isa = PBXFileReference; lastKnownFileType = audio.mp3; name = "Alibi-fast.mp3"; path = "LearnByLearning/Alibi-fast.mp3"; sourceTree = "<group>"; };
		987D35011E7D6DA3008434A8 /* Alibi-mid.mp3 */ = {isa = PBXFileReference; lastKnownFileType = audio.mp3; name = "Alibi-mid.mp3"; path = "LearnByLearning/Alibi-mid.mp3"; sourceTree = "<group>"; };
		987D35021E7D6DA3008434A8 /* Alibi-slow.mp3 */ = {isa = PBXFileReference; lastKnownFileType = audio.mp3; name = "Alibi-slow.mp3"; path = "LearnByLearning/Alibi-slow.mp3"; sourceTree = "<group>"; };
		987D35031E7D6DA3008434A8 /* Proverka-fast.mp3 */ = {isa = PBXFileReference; lastKnownFileType = audio.mp3; name = "Proverka-fast.mp3"; path = "LearnByLearning/Proverka-fast.mp3"; sourceTree = "<group>"; };
		987D35041E7D6DA3008434A8 /* Proverka-mid.mp3 */ = {isa = PBXFileReference; lastKnownFileType = audio.mp3; name = "Proverka-mid.mp3"; path = "LearnByLearning/Proverka-mid.mp3"; sourceTree = "<group>"; };
		987D35051E7D6DA3008434A8 /* Proverka-slow.mp3 */ = {isa = PBXFileReference; lastKnownFileType = audio.mp3; name = "Proverka-slow.mp3"; path = "LearnByLearning/Proverka-slow.mp3"; sourceTree = "<group>"; };
		987D35061E7D6DA3008434A8 /* BytiKakVse-fast.mp3 */ = {isa = PBXFileReference; lastKnownFileType = audio.mp3; name = "BytiKakVse-fast.mp3"; path = "LearnByLearning/BytiKakVse-fast.mp3"; sourceTree = "<group>"; };
		987D35071E7D6DA3008434A8 /* BytiKakVse-mid.mp3 */ = {isa = PBXFileReference; lastKnownFileType = audio.mp3; name = "BytiKakVse-mid.mp3"; path = "LearnByLearning/BytiKakVse-mid.mp3"; sourceTree = "<group>"; };
		987D35081E7D6DA3008434A8 /* BytiKakVse-slow.mp3 */ = {isa = PBXFileReference; lastKnownFileType = audio.mp3; name = "BytiKakVse-slow.mp3"; path = "LearnByLearning/BytiKakVse-slow.mp3"; sourceTree = "<group>"; };
		987D351B1E7DB768008434A8 /* preferedReadingSpeed.swift */ = {isa = PBXFileReference; fileEncoding = 4; lastKnownFileType = sourcecode.swift; path = preferedReadingSpeed.swift; sourceTree = "<group>"; };
		987D351E1E7E9AB9008434A8 /* InviteFriendButton.swift */ = {isa = PBXFileReference; fileEncoding = 4; lastKnownFileType = sourcecode.swift; path = InviteFriendButton.swift; sourceTree = "<group>"; };
		987E15031E6173230080C9B6 /* TraductedText.swift */ = {isa = PBXFileReference; fileEncoding = 4; lastKnownFileType = sourcecode.swift; path = TraductedText.swift; sourceTree = "<group>"; };
		987E15071E61803F0080C9B6 /* AddTraductionVocForText.swift */ = {isa = PBXFileReference; fileEncoding = 4; lastKnownFileType = sourcecode.swift; path = AddTraductionVocForText.swift; sourceTree = "<group>"; };
		988A72B81E352DF600BDE635 /* LearnByLearning.app */ = {isa = PBXFileReference; explicitFileType = wrapper.application; includeInIndex = 0; path = LearnByLearning.app; sourceTree = BUILT_PRODUCTS_DIR; };
		988A72BB1E352DF600BDE635 /* AppDelegate.swift */ = {isa = PBXFileReference; lastKnownFileType = sourcecode.swift; path = AppDelegate.swift; sourceTree = "<group>"; };
		988A72C41E352DF600BDE635 /* Assets.xcassets */ = {isa = PBXFileReference; lastKnownFileType = folder.assetcatalog; path = Assets.xcassets; sourceTree = "<group>"; };
		988A72C71E352DF600BDE635 /* Base */ = {isa = PBXFileReference; lastKnownFileType = file.storyboard; name = Base; path = Base.lproj/LaunchScreen.storyboard; sourceTree = "<group>"; };
		988A72C91E352DF600BDE635 /* Info.plist */ = {isa = PBXFileReference; lastKnownFileType = text.plist.xml; path = Info.plist; sourceTree = "<group>"; };
		988A72CE1E352DF600BDE635 /* LearnByLearningTests.xctest */ = {isa = PBXFileReference; explicitFileType = wrapper.cfbundle; includeInIndex = 0; path = LearnByLearningTests.xctest; sourceTree = BUILT_PRODUCTS_DIR; };
		988A72D21E352DF600BDE635 /* LearnByLearningTests.swift */ = {isa = PBXFileReference; lastKnownFileType = sourcecode.swift; path = LearnByLearningTests.swift; sourceTree = "<group>"; };
		988A72D41E352DF600BDE635 /* Info.plist */ = {isa = PBXFileReference; lastKnownFileType = text.plist.xml; path = Info.plist; sourceTree = "<group>"; };
		988A72D91E352DF600BDE635 /* LearnByLearningUITests.xctest */ = {isa = PBXFileReference; explicitFileType = wrapper.cfbundle; includeInIndex = 0; path = LearnByLearningUITests.xctest; sourceTree = BUILT_PRODUCTS_DIR; };
		988A72DD1E352DF600BDE635 /* LearnByLearningUITests.swift */ = {isa = PBXFileReference; lastKnownFileType = sourcecode.swift; path = LearnByLearningUITests.swift; sourceTree = "<group>"; };
		988A72DF1E352DF600BDE635 /* Info.plist */ = {isa = PBXFileReference; lastKnownFileType = text.plist.xml; path = Info.plist; sourceTree = "<group>"; };
		988A72EB1E352EEA00BDE635 /* Home.swift */ = {isa = PBXFileReference; fileEncoding = 4; lastKnownFileType = sourcecode.swift; path = Home.swift; sourceTree = "<group>"; };
		988A72EF1E352F6E00BDE635 /* ReadTextTabBarController.swift */ = {isa = PBXFileReference; fileEncoding = 4; lastKnownFileType = sourcecode.swift; path = ReadTextTabBarController.swift; sourceTree = "<group>"; };
		988A72F81E367A3500BDE635 /* VocForText.swift */ = {isa = PBXFileReference; fileEncoding = 4; lastKnownFileType = sourcecode.swift; path = VocForText.swift; sourceTree = "<group>"; };
		98D73E131E369C1800BAF0C1 /* ReadTextOriginal.swift */ = {isa = PBXFileReference; fileEncoding = 4; lastKnownFileType = sourcecode.swift; path = ReadTextOriginal.swift; sourceTree = "<group>"; };
		98D73E151E369C7A00BAF0C1 /* ReadTextTraduction.swift */ = {isa = PBXFileReference; fileEncoding = 4; lastKnownFileType = sourcecode.swift; path = ReadTextTraduction.swift; sourceTree = "<group>"; };
		98DDC6CA1E7453A6004A367C /* Color.swift */ = {isa = PBXFileReference; fileEncoding = 4; lastKnownFileType = sourcecode.swift; path = Color.swift; sourceTree = "<group>"; };
		98E538B41E8059040067E639 /* El jardín de Val.swift */ = {isa = PBXFileReference; fileEncoding = 4; lastKnownFileType = sourcecode.swift; path = "El jardín de Val.swift"; sourceTree = "<group>"; };
		98E538B61E80596F0067E639 /* TemplateText .swift */ = {isa = PBXFileReference; fileEncoding = 4; lastKnownFileType = sourcecode.swift; path = "TemplateText .swift"; sourceTree = "<group>"; };
		98E8BB111E4CE1A4002134B0 /* MenuViewController.swift */ = {isa = PBXFileReference; fileEncoding = 4; lastKnownFileType = sourcecode.swift; path = MenuViewController.swift; sourceTree = "<group>"; };
		98E8BB131E4CE1C9002134B0 /* MenuCell.swift */ = {isa = PBXFileReference; fileEncoding = 4; lastKnownFileType = sourcecode.swift; path = MenuCell.swift; sourceTree = "<group>"; };
		98E8BB191E4CEF00002134B0 /* Localisator.swift */ = {isa = PBXFileReference; fileEncoding = 4; lastKnownFileType = sourcecode.swift; path = Localisator.swift; sourceTree = "<group>"; };
		98E8BB211E4CF375002134B0 /* MyLanguagesViewController.swift */ = {isa = PBXFileReference; fileEncoding = 4; lastKnownFileType = sourcecode.swift; path = MyLanguagesViewController.swift; sourceTree = "<group>"; };
		98E8BB241E4CF39D002134B0 /* SettingsViewController.swift */ = {isa = PBXFileReference; fileEncoding = 4; lastKnownFileType = sourcecode.swift; path = SettingsViewController.swift; sourceTree = "<group>"; };
		98E8BB261E4CF3B4002134B0 /* InviteFriendViewController.swift */ = {isa = PBXFileReference; fileEncoding = 4; lastKnownFileType = sourcecode.swift; path = InviteFriendViewController.swift; sourceTree = "<group>"; };
		98E8BB281E4CF3DF002134B0 /* GradeAppViewController.swift */ = {isa = PBXFileReference; fileEncoding = 4; lastKnownFileType = sourcecode.swift; path = GradeAppViewController.swift; sourceTree = "<group>"; };
		98EC9EF41E4D012B0062F9F2 /* en */ = {isa = PBXFileReference; lastKnownFileType = text.plist.strings; name = en; path = en.lproj/Localizable.strings; sourceTree = "<group>"; };
		98EC9EF61E4D012B0062F9F2 /* en */ = {isa = PBXFileReference; lastKnownFileType = text.plist.strings; name = en; path = en.lproj/InfoPlist.strings; sourceTree = "<group>"; };
		98EC9EFA1E4D01550062F9F2 /* fr */ = {isa = PBXFileReference; lastKnownFileType = text.plist.strings; name = fr; path = fr.lproj/LaunchScreen.strings; sourceTree = "<group>"; };
		98EC9EFB1E4D01550062F9F2 /* fr */ = {isa = PBXFileReference; lastKnownFileType = text.plist.strings; name = fr; path = fr.lproj/Localizable.strings; sourceTree = "<group>"; };
		98EC9EFC1E4D01560062F9F2 /* fr */ = {isa = PBXFileReference; lastKnownFileType = text.plist.strings; name = fr; path = fr.lproj/InfoPlist.strings; sourceTree = "<group>"; };
		98EC9F011E4DB40E0062F9F2 /* CurrentLanguageCell.swift */ = {isa = PBXFileReference; fileEncoding = 4; lastKnownFileType = sourcecode.swift; path = CurrentLanguageCell.swift; sourceTree = "<group>"; };
/* End PBXFileReference section */

/* Begin PBXFrameworksBuildPhase section */
		988A72B51E352DF600BDE635 /* Frameworks */ = {
			isa = PBXFrameworksBuildPhase;
			buildActionMask = 2147483647;
			files = (
				9823AE8E1E652A9B00AB376C /* MessageUI.framework in Frameworks */,
			);
			runOnlyForDeploymentPostprocessing = 0;
		};
		988A72CB1E352DF600BDE635 /* Frameworks */ = {
			isa = PBXFrameworksBuildPhase;
			buildActionMask = 2147483647;
			files = (
			);
			runOnlyForDeploymentPostprocessing = 0;
		};
		988A72D61E352DF600BDE635 /* Frameworks */ = {
			isa = PBXFrameworksBuildPhase;
			buildActionMask = 2147483647;
			files = (
			);
			runOnlyForDeploymentPostprocessing = 0;
		};
/* End PBXFrameworksBuildPhase section */

/* Begin PBXGroup section */
		981F895F1E7F1C5100D1BF9D /* FirstVisit */ = {
			isa = PBXGroup;
			children = (
				981F89601E7F1C8F00D1BF9D /* languageCollecVCell.swift */,
				981F89621E7F1CCC00D1BF9D /* ChooseLanguageToLearnCollectionVC.swift */,
			);
			name = FirstVisit;
			sourceTree = "<group>";
		};
		981F89641E80450300D1BF9D /* TextsData */ = {
			isa = PBXGroup;
			children = (
				9826BB031E94FAFF00E7CD1E /* Russian */,
				98E538B21E8058DC0067E639 /* Spanish */,
				981F89651E80451B00D1BF9D /* English */,
				9823AE881E61CFA400AB376C /* TextsData.swift */,
				98E538B61E80596F0067E639 /* TemplateText .swift */,
			);
			name = TextsData;
			sourceTree = "<group>";
		};
		981F89651E80451B00D1BF9D /* English */ = {
			isa = PBXGroup;
			children = (
				981F89691E80453E00D1BF9D /* C1 */,
				981F89681E80453800D1BF9D /* B2 */,
				981F89671E80453100D1BF9D /* B1 */,
				981F89661E80452400D1BF9D /* A2 */,
			);
			name = English;
			sourceTree = "<group>";
		};
		981F89661E80452400D1BF9D /* A2 */ = {
			isa = PBXGroup;
			children = (
				981F896B1E80457800D1BF9D /* GM Food.swift */,
			);
			name = A2;
			sourceTree = "<group>";
		};
		981F89671E80453100D1BF9D /* B1 */ = {
			isa = PBXGroup;
			children = (
			);
			name = B1;
			sourceTree = "<group>";
		};
		981F89681E80453800D1BF9D /* B2 */ = {
			isa = PBXGroup;
			children = (
			);
			name = B2;
			sourceTree = "<group>";
		};
		981F89691E80453E00D1BF9D /* C1 */ = {
			isa = PBXGroup;
			children = (
			);
			name = C1;
			sourceTree = "<group>";
		};
		9821944D1E8BA6D200043300 /* ChoosePaymentPlan */ = {
			isa = PBXGroup;
			children = (
				9821944E1E8BA70600043300 /* ChoosePaymentPlanCV.swift */,
				982194501E8BA72300043300 /* ChoosePaymentPlanButton.swift */,
				982194521E8BF21100043300 /* HighlightChoosePaymentPlanButtonView.swift */,
			);
			name = ChoosePaymentPlan;
			sourceTree = "<group>";
		};
		982194541E8C032B00043300 /* In-App Purchase */ = {
			isa = PBXGroup;
			children = (
				982194551E8C033C00043300 /* StoreManager.swift */,
				982ECD491E8FA0A3003B66F9 /* ReceiptManager.swift */,
			);
			name = "In-App Purchase";
			sourceTree = "<group>";
		};
		982194571E8CD7C800043300 /* Slide manager */ = {
			isa = PBXGroup;
			children = (
				982194581E8CD7E000043300 /* SideMenuManager.swift */,
				982194591E8CD7E000043300 /* SideMenuTransition.swift */,
				9821945A1E8CD7E000043300 /* UISideMenuNavigationController.swift */,
				9821945B1E8CD7E000043300 /* UITableViewVibrantCell.swift */,
			);
			name = "Slide manager";
			sourceTree = "<group>";
		};
		98226BD01E74089B00060F26 /* Home */ = {
			isa = PBXGroup;
			children = (
				988A72EB1E352EEA00BDE635 /* Home.swift */,
				98226BD11E7408BC00060F26 /* HomeCell.swift */,
			);
			name = Home;
			sourceTree = "<group>";
		};
		9823AE8C1E652A9A00AB376C /* Frameworks */ = {
			isa = PBXGroup;
			children = (
				9823AE8D1E652A9B00AB376C /* MessageUI.framework */,
			);
			name = Frameworks;
			sourceTree = "<group>";
		};
		9823AE951E65CC1400AB376C /* Model */ = {
			isa = PBXGroup;
			children = (
				9823AE961E65CC1C00AB376C /* Lang */,
				987E15021E6173090080C9B6 /* Texts */,
				987D351B1E7DB768008434A8 /* preferedReadingSpeed.swift */,
			);
			name = Model;
			sourceTree = "<group>";
		};
		9823AE961E65CC1C00AB376C /* Lang */ = {
			isa = PBXGroup;
			children = (
				9823AE911E65CBA800AB376C /* LearningLang.swift */,
				98E8BB191E4CEF00002134B0 /* Localisator.swift */,
				9823AE931E65CBBC00AB376C /* Lang.swift */,
			);
			name = Lang;
			sourceTree = "<group>";
		};
		9826BB031E94FAFF00E7CD1E /* Russian */ = {
			isa = PBXGroup;
			children = (
				9826BB071E94FB2700E7CD1E /* C1 */,
				9826BB061E94FB2200E7CD1E /* B2 */,
				9826BB051E94FB1B00E7CD1E /* B1 */,
				9826BB041E94FB1400E7CD1E /* A2 */,
			);
			name = Russian;
			sourceTree = "<group>";
		};
		9826BB041E94FB1400E7CD1E /* A2 */ = {
			isa = PBXGroup;
			children = (
				9826BB141E9509E600E7CD1E /* Проверка */,
				9826BB0A1E94FCE100E7CD1E /* Свежий */,
			);
			name = A2;
			sourceTree = "<group>";
		};
		9826BB051E94FB1B00E7CD1E /* B1 */ = {
			isa = PBXGroup;
			children = (
				9826BB111E9509C400E7CD1E /* Алиби */,
				9826BB131E9509DA00E7CD1E /* Заколдованный круг */,
			);
			name = B1;
			sourceTree = "<group>";
		};
		9826BB061E94FB2200E7CD1E /* B2 */ = {
			isa = PBXGroup;
			children = (
				9826BB121E9509CE00E7CD1E /* Сюрприз */,
			);
			name = B2;
			sourceTree = "<group>";
		};
		9826BB071E94FB2700E7CD1E /* C1 */ = {
			isa = PBXGroup;
			children = (
				9826BB1A1E950A2400E7CD1E /* Мы и налоги */,
				9826BB171E9509FC00E7CD1E /* Быть как все */,
			);
			name = C1;
			sourceTree = "<group>";
		};
		9826BB0A1E94FCE100E7CD1E /* Свежий */ = {
			isa = PBXGroup;
			children = (
				987D34FA1E7D6DA3008434A8 /* Svezhyj-fast.mp3 */,
				987D34FB1E7D6DA3008434A8 /* Svezhyj-mid.mp3 */,
				987D34FC1E7D6DA3008434A8 /* Svezhyj-slow.mp3 */,
				9826BB081E94FB4A00E7CD1E /* Свежий.swift */,
			);
			name = "Свежий";
			sourceTree = "<group>";
		};
		9826BB111E9509C400E7CD1E /* Алиби */ = {
			isa = PBXGroup;
			children = (
				9826BB0F1E9509C000E7CD1E /* Алиби.swift */,
				987D35001E7D6DA3008434A8 /* Alibi-fast.mp3 */,
				987D35011E7D6DA3008434A8 /* Alibi-mid.mp3 */,
				987D35021E7D6DA3008434A8 /* Alibi-slow.mp3 */,
			);
			name = "Алиби";
			sourceTree = "<group>";
		};
		9826BB121E9509CE00E7CD1E /* Сюрприз */ = {
			isa = PBXGroup;
			children = (
				987D34F71E7D6DA3008434A8 /* Sjurpriz-fast.mp3 */,
				987D34F81E7D6DA3008434A8 /* Sjurpriz-mid.mp3 */,
				987D34F91E7D6DA3008434A8 /* Sjurpriz-slow.mp3 */,
				9826BB0D1E95099100E7CD1E /* Сюрприз.swift */,
			);
			name = "Сюрприз";
			sourceTree = "<group>";
		};
		9826BB131E9509DA00E7CD1E /* Заколдованный круг */ = {
			isa = PBXGroup;
			children = (
				9826BB0B1E95096B00E7CD1E /* Заколдованный круг.swift */,
				987D34FD1E7D6DA3008434A8 /* ZakoldovannyjKrug-fast.mp3 */,
				987D34FE1E7D6DA3008434A8 /* ZakoldovannyjKrug-mid.mp3 */,
				987D34FF1E7D6DA3008434A8 /* ZakoldovannyjKrug-slow.mp3 */,
			);
			name = "Заколдованный круг";
			sourceTree = "<group>";
		};
		9826BB141E9509E600E7CD1E /* Проверка */ = {
			isa = PBXGroup;
			children = (
				9826BB151E9509F200E7CD1E /* Проверка.swift */,
				987D35031E7D6DA3008434A8 /* Proverka-fast.mp3 */,
				987D35041E7D6DA3008434A8 /* Proverka-mid.mp3 */,
				987D35051E7D6DA3008434A8 /* Proverka-slow.mp3 */,
			);
			name = "Проверка";
			sourceTree = "<group>";
		};
		9826BB171E9509FC00E7CD1E /* Быть как все */ = {
			isa = PBXGroup;
			children = (
				9826BB181E950A1400E7CD1E /* Быть как все.swift */,
				987D35061E7D6DA3008434A8 /* BytiKakVse-fast.mp3 */,
				987D35071E7D6DA3008434A8 /* BytiKakVse-mid.mp3 */,
				987D35081E7D6DA3008434A8 /* BytiKakVse-slow.mp3 */,
			);
			name = "Быть как все";
			sourceTree = "<group>";
		};
		9826BB1A1E950A2400E7CD1E /* Мы и налоги */ = {
			isa = PBXGroup;
			children = (
				9826BB1B1E950A3000E7CD1E /* Мы и налоги.swift */,
				9827316B1EA9F3B9007FFF73 /* MyINalogi_slow.mp3 */,
				982731651EA9F32B007FFF73 /* MyINalogi_mid.mp3 */,
				982731661EA9F32B007FFF73 /* MyINalogi_fast.mp3 */,
			);
			name = "Мы и налоги";
			sourceTree = "<group>";
		};
		983B52A21E50E264004F820F /* AddText */ = {
			isa = PBXGroup;
			children = (
				983B52A31E50E378004F820F /* AddText.swift */,
				983B52A51E50E45A004F820F /* AddTextCell.swift */,
			);
			name = AddText;
			sourceTree = "<group>";
		};
		987D34F51E7D6D7B008434A8 /* AudioText */ = {
			isa = PBXGroup;
			children = (
				987D34F61E7D6D8B008434A8 /* Russian */,
			);
			name = AudioText;
			path = LearnByLearning;
			sourceTree = "<group>";
		};
		987D34F61E7D6D8B008434A8 /* Russian */ = {
			isa = PBXGroup;
			children = (
			);
			name = Russian;
			sourceTree = "<group>";
		};
		987D351D1E7E9A98008434A8 /* InviteFriend */ = {
			isa = PBXGroup;
			children = (
				98E8BB261E4CF3B4002134B0 /* InviteFriendViewController.swift */,
				987D351E1E7E9AB9008434A8 /* InviteFriendButton.swift */,
			);
			name = InviteFriend;
			sourceTree = "<group>";
		};
		987E15021E6173090080C9B6 /* Texts */ = {
			isa = PBXGroup;
			children = (
				987D34F51E7D6D7B008434A8 /* AudioText */,
				981F89641E80450300D1BF9D /* TextsData */,
				987E15031E6173230080C9B6 /* TraductedText.swift */,
				9823AE861E61CD4E00AB376C /* Word.swift */,
				9823AE8A1E61D74200AB376C /* UserSave.swift */,
			);
			name = Texts;
			path = ..;
			sourceTree = "<group>";
		};
		988A72AF1E352DF600BDE635 = {
			isa = PBXGroup;
			children = (
				988A72BA1E352DF600BDE635 /* LearnByLearning */,
				988A72D11E352DF600BDE635 /* LearnByLearningTests */,
				988A72DC1E352DF600BDE635 /* LearnByLearningUITests */,
				988A72B91E352DF600BDE635 /* Products */,
				9823AE8C1E652A9A00AB376C /* Frameworks */,
			);
			sourceTree = "<group>";
		};
		988A72B91E352DF600BDE635 /* Products */ = {
			isa = PBXGroup;
			children = (
				988A72B81E352DF600BDE635 /* LearnByLearning.app */,
				988A72CE1E352DF600BDE635 /* LearnByLearningTests.xctest */,
				988A72D91E352DF600BDE635 /* LearnByLearningUITests.xctest */,
			);
			name = Products;
			sourceTree = "<group>";
		};
		988A72BA1E352DF600BDE635 /* LearnByLearning */ = {
			isa = PBXGroup;
			children = (
				988A72F11E36791700BDE635 /* Library */,
				9821944D1E8BA6D200043300 /* ChoosePaymentPlan */,
				981F895F1E7F1C5100D1BF9D /* FirstVisit */,
				9823AE951E65CC1400AB376C /* Model */,
				983B52A21E50E264004F820F /* AddText */,
				98EC9EF31E4D012B0062F9F2 /* Localizable.strings */,
				98EC9EF51E4D012B0062F9F2 /* InfoPlist.strings */,
				98E8BB231E4CF383002134B0 /* Settings */,
				98EC9EFE1E4D02D00062F9F2 /* Language */,
				98D73E171E369C8400BAF0C1 /* ReadText */,
				98E8BB101E4CE18F002134B0 /* Menu */,
				98226BD01E74089B00060F26 /* Home */,
				987D351D1E7E9A98008434A8 /* InviteFriend */,
				98E8BB281E4CF3DF002134B0 /* GradeAppViewController.swift */,
				9823AE8F1E65783800AB376C /* HelpViewController.swift */,
				987D34F01E7AE3EE008434A8 /* Main.storyboard */,
				988A72C41E352DF600BDE635 /* Assets.xcassets */,
				988A72C61E352DF600BDE635 /* LaunchScreen.storyboard */,
				988A72C91E352DF600BDE635 /* Info.plist */,
				988A72BB1E352DF600BDE635 /* AppDelegate.swift */,
				98DDC6CA1E7453A6004A367C /* Color.swift */,
			);
			path = LearnByLearning;
			sourceTree = "<group>";
		};
		988A72D11E352DF600BDE635 /* LearnByLearningTests */ = {
			isa = PBXGroup;
			children = (
				988A72D21E352DF600BDE635 /* LearnByLearningTests.swift */,
				988A72D41E352DF600BDE635 /* Info.plist */,
			);
			path = LearnByLearningTests;
			sourceTree = "<group>";
		};
		988A72DC1E352DF600BDE635 /* LearnByLearningUITests */ = {
			isa = PBXGroup;
			children = (
				988A72DD1E352DF600BDE635 /* LearnByLearningUITests.swift */,
				988A72DF1E352DF600BDE635 /* Info.plist */,
			);
			path = LearnByLearningUITests;
			sourceTree = "<group>";
		};
		988A72F11E36791700BDE635 /* Library */ = {
			isa = PBXGroup;
			children = (
				982194541E8C032B00043300 /* In-App Purchase */,
				982194571E8CD7C800043300 /* Slide manager */,
				982ECD4B1E9120EA003B66F9 /* WaitAlert.swift */,
			);
			name = Library;
			sourceTree = "<group>";
		};
		98D73E171E369C8400BAF0C1 /* ReadText */ = {
			isa = PBXGroup;
			children = (
				988A72EF1E352F6E00BDE635 /* ReadTextTabBarController.swift */,
				98D73E131E369C1800BAF0C1 /* ReadTextOriginal.swift */,
				98D73E151E369C7A00BAF0C1 /* ReadTextTraduction.swift */,
				988A72F81E367A3500BDE635 /* VocForText.swift */,
				983B529C1E4F8BDA004F820F /* TraductionCell.swift */,
				983B529E1E4F8BEC004F820F /* AddTraductionCell.swift */,
				987E15071E61803F0080C9B6 /* AddTraductionVocForText.swift */,
				987D34F31E7D2B0F008434A8 /* SpeedButton.swift */,
			);
			name = ReadText;
			sourceTree = "<group>";
		};
		98E538B21E8058DC0067E639 /* Spanish */ = {
			isa = PBXGroup;
			children = (
				98E538B31E8058F40067E639 /* A2 */,
			);
			name = Spanish;
			sourceTree = "<group>";
		};
		98E538B31E8058F40067E639 /* A2 */ = {
			isa = PBXGroup;
			children = (
				98E538B41E8059040067E639 /* El jardín de Val.swift */,
			);
			name = A2;
			sourceTree = "<group>";
		};
		98E8BB101E4CE18F002134B0 /* Menu */ = {
			isa = PBXGroup;
			children = (
				98E8BB111E4CE1A4002134B0 /* MenuViewController.swift */,
				98E8BB131E4CE1C9002134B0 /* MenuCell.swift */,
			);
			name = Menu;
			sourceTree = "<group>";
		};
		98E8BB231E4CF383002134B0 /* Settings */ = {
			isa = PBXGroup;
			children = (
				98E8BB241E4CF39D002134B0 /* SettingsViewController.swift */,
				9823AE971E66028200AB376C /* LanguageNav.swift */,
				987D34EC1E798A76008434A8 /* SettingButton.swift */,
				982ECD471E8F9234003B66F9 /* CreditsVC.swift */,
				982D2AF01E9C24A400B590B1 /* YourAbonnementVC.swift */,
			);
			name = Settings;
			sourceTree = "<group>";
		};
		98EC9EFE1E4D02D00062F9F2 /* Language */ = {
			isa = PBXGroup;
			children = (
				98E8BB211E4CF375002134B0 /* MyLanguagesViewController.swift */,
				98EC9F011E4DB40E0062F9F2 /* CurrentLanguageCell.swift */,
			);
			name = Language;
			sourceTree = "<group>";
		};
/* End PBXGroup section */

/* Begin PBXNativeTarget section */
		988A72B71E352DF600BDE635 /* LearnByLearning */ = {
			isa = PBXNativeTarget;
			buildConfigurationList = 988A72E21E352DF600BDE635 /* Build configuration list for PBXNativeTarget "LearnByLearning" */;
			buildPhases = (
				988A72B41E352DF600BDE635 /* Sources */,
				988A72B51E352DF600BDE635 /* Frameworks */,
				988A72B61E352DF600BDE635 /* Resources */,
			);
			buildRules = (
			);
			dependencies = (
			);
			name = LearnByLearning;
			productName = LearnByLearning;
			productReference = 988A72B81E352DF600BDE635 /* LearnByLearning.app */;
			productType = "com.apple.product-type.application";
		};
		988A72CD1E352DF600BDE635 /* LearnByLearningTests */ = {
			isa = PBXNativeTarget;
			buildConfigurationList = 988A72E51E352DF600BDE635 /* Build configuration list for PBXNativeTarget "LearnByLearningTests" */;
			buildPhases = (
				988A72CA1E352DF600BDE635 /* Sources */,
				988A72CB1E352DF600BDE635 /* Frameworks */,
				988A72CC1E352DF600BDE635 /* Resources */,
			);
			buildRules = (
			);
			dependencies = (
				988A72D01E352DF600BDE635 /* PBXTargetDependency */,
			);
			name = LearnByLearningTests;
			productName = LearnByLearningTests;
			productReference = 988A72CE1E352DF600BDE635 /* LearnByLearningTests.xctest */;
			productType = "com.apple.product-type.bundle.unit-test";
		};
		988A72D81E352DF600BDE635 /* LearnByLearningUITests */ = {
			isa = PBXNativeTarget;
			buildConfigurationList = 988A72E81E352DF600BDE635 /* Build configuration list for PBXNativeTarget "LearnByLearningUITests" */;
			buildPhases = (
				988A72D51E352DF600BDE635 /* Sources */,
				988A72D61E352DF600BDE635 /* Frameworks */,
				988A72D71E352DF600BDE635 /* Resources */,
			);
			buildRules = (
			);
			dependencies = (
				988A72DB1E352DF600BDE635 /* PBXTargetDependency */,
			);
			name = LearnByLearningUITests;
			productName = LearnByLearningUITests;
			productReference = 988A72D91E352DF600BDE635 /* LearnByLearningUITests.xctest */;
			productType = "com.apple.product-type.bundle.ui-testing";
		};
/* End PBXNativeTarget section */

/* Begin PBXProject section */
		988A72B01E352DF600BDE635 /* Project object */ = {
			isa = PBXProject;
			attributes = {
				LastSwiftUpdateCheck = 0820;
				LastUpgradeCheck = 0820;
				ORGANIZATIONNAME = "Lauriane Mollier";
				TargetAttributes = {
					988A72B71E352DF600BDE635 = {
						CreatedOnToolsVersion = 8.2.1;
						DevelopmentTeam = EQPGG2M7LV;
						LastSwiftMigration = 0820;
						ProvisioningStyle = Automatic;
						SystemCapabilities = {
							com.apple.BackgroundModes = {
								enabled = 1;
							};
						};
					};
					988A72CD1E352DF600BDE635 = {
						CreatedOnToolsVersion = 8.2.1;
						DevelopmentTeam = EQPGG2M7LV;
						ProvisioningStyle = Automatic;
						TestTargetID = 988A72B71E352DF600BDE635;
					};
					988A72D81E352DF600BDE635 = {
						CreatedOnToolsVersion = 8.2.1;
						DevelopmentTeam = EQPGG2M7LV;
						ProvisioningStyle = Automatic;
						TestTargetID = 988A72B71E352DF600BDE635;
					};
				};
			};
			buildConfigurationList = 988A72B31E352DF600BDE635 /* Build configuration list for PBXProject "LearnByLearning" */;
			compatibilityVersion = "Xcode 3.2";
			developmentRegion = English;
			hasScannedForEncodings = 0;
			knownRegions = (
				en,
				Base,
				fr,
				es,
				ru,
				de,
			);
			mainGroup = 988A72AF1E352DF600BDE635;
			productRefGroup = 988A72B91E352DF600BDE635 /* Products */;
			projectDirPath = "";
			projectRoot = "";
			targets = (
				988A72B71E352DF600BDE635 /* LearnByLearning */,
				988A72CD1E352DF600BDE635 /* LearnByLearningTests */,
				988A72D81E352DF600BDE635 /* LearnByLearningUITests */,
			);
		};
/* End PBXProject section */

/* Begin PBXResourcesBuildPhase section */
		988A72B61E352DF600BDE635 /* Resources */ = {
			isa = PBXResourcesBuildPhase;
			buildActionMask = 2147483647;
			files = (
				987D35161E7D6DA3008434A8 /* Proverka-mid.mp3 in Resources */,
				987D350C1E7D6DA3008434A8 /* Svezhyj-fast.mp3 in Resources */,
				988A72C81E352DF600BDE635 /* LaunchScreen.storyboard in Resources */,
				987D35131E7D6DA3008434A8 /* Alibi-mid.mp3 in Resources */,
				987D35151E7D6DA3008434A8 /* Proverka-fast.mp3 in Resources */,
				987D35191E7D6DA3008434A8 /* BytiKakVse-mid.mp3 in Resources */,
				987D35101E7D6DA3008434A8 /* ZakoldovannyjKrug-mid.mp3 in Resources */,
				987D34F21E7AE3EE008434A8 /* Main.storyboard in Resources */,
				987D35181E7D6DA3008434A8 /* BytiKakVse-fast.mp3 in Resources */,
				98EC9EF71E4D012B0062F9F2 /* Localizable.strings in Resources */,
				987D350B1E7D6DA3008434A8 /* Sjurpriz-slow.mp3 in Resources */,
				9827316C1EA9F3B9007FFF73 /* MyINalogi_slow.mp3 in Resources */,
				987D35091E7D6DA3008434A8 /* Sjurpriz-fast.mp3 in Resources */,
				987D35171E7D6DA3008434A8 /* Proverka-slow.mp3 in Resources */,
				987D35141E7D6DA3008434A8 /* Alibi-slow.mp3 in Resources */,
				987D35121E7D6DA3008434A8 /* Alibi-fast.mp3 in Resources */,
				987D350A1E7D6DA3008434A8 /* Sjurpriz-mid.mp3 in Resources */,
				988A72C51E352DF600BDE635 /* Assets.xcassets in Resources */,
				987D350D1E7D6DA3008434A8 /* Svezhyj-mid.mp3 in Resources */,
				982731681EA9F32B007FFF73 /* MyINalogi_mid.mp3 in Resources */,
				987D351A1E7D6DA3008434A8 /* BytiKakVse-slow.mp3 in Resources */,
				98EC9EF81E4D012B0062F9F2 /* InfoPlist.strings in Resources */,
				982731691EA9F32B007FFF73 /* MyINalogi_fast.mp3 in Resources */,
				987D350F1E7D6DA3008434A8 /* ZakoldovannyjKrug-fast.mp3 in Resources */,
				987D350E1E7D6DA3008434A8 /* Svezhyj-slow.mp3 in Resources */,
				987D35111E7D6DA3008434A8 /* ZakoldovannyjKrug-slow.mp3 in Resources */,
			);
			runOnlyForDeploymentPostprocessing = 0;
		};
		988A72CC1E352DF600BDE635 /* Resources */ = {
			isa = PBXResourcesBuildPhase;
			buildActionMask = 2147483647;
			files = (
			);
			runOnlyForDeploymentPostprocessing = 0;
		};
		988A72D71E352DF600BDE635 /* Resources */ = {
			isa = PBXResourcesBuildPhase;
			buildActionMask = 2147483647;
			files = (
			);
			runOnlyForDeploymentPostprocessing = 0;
		};
/* End PBXResourcesBuildPhase section */

/* Begin PBXSourcesBuildPhase section */
		988A72B41E352DF600BDE635 /* Sources */ = {
			isa = PBXSourcesBuildPhase;
			buildActionMask = 2147483647;
			files = (
				9823AE901E65783800AB376C /* HelpViewController.swift in Sources */,
				987E15081E61803F0080C9B6 /* AddTraductionVocForText.swift in Sources */,
				987D351C1E7DB768008434A8 /* preferedReadingSpeed.swift in Sources */,
				9823AE891E61CFA400AB376C /* TextsData.swift in Sources */,
				981F896C1E80457800D1BF9D /* GM Food.swift in Sources */,
				9821945F1E8CD7E000043300 /* UITableViewVibrantCell.swift in Sources */,
				983B52A41E50E378004F820F /* AddText.swift in Sources */,
				988A72F01E352F6E00BDE635 /* ReadTextTabBarController.swift in Sources */,
				98E8BB291E4CF3DF002134B0 /* GradeAppViewController.swift in Sources */,
				98D73E141E369C1800BAF0C1 /* ReadTextOriginal.swift in Sources */,
				98E8BB121E4CE1A4002134B0 /* MenuViewController.swift in Sources */,
				9823AE981E66028200AB376C /* LanguageNav.swift in Sources */,
				983B52A61E50E45A004F820F /* AddTextCell.swift in Sources */,
				98D73E161E369C7A00BAF0C1 /* ReadTextTraduction.swift in Sources */,
				982D2AF11E9C24A400B590B1 /* YourAbonnementVC.swift in Sources */,
				9826BB191E950A1400E7CD1E /* Быть как все.swift in Sources */,
				982ECD4C1E9120EB003B66F9 /* WaitAlert.swift in Sources */,
				988A72F91E367A3500BDE635 /* VocForText.swift in Sources */,
				9821944F1E8BA70600043300 /* ChoosePaymentPlanCV.swift in Sources */,
				98E8BB271E4CF3B4002134B0 /* InviteFriendViewController.swift in Sources */,
				9821945C1E8CD7E000043300 /* SideMenuManager.swift in Sources */,
				987E15041E6173230080C9B6 /* TraductedText.swift in Sources */,
				983B529D1E4F8BDA004F820F /* TraductionCell.swift in Sources */,
				9823AE921E65CBA800AB376C /* LearningLang.swift in Sources */,
				98E8BB221E4CF375002134B0 /* MyLanguagesViewController.swift in Sources */,
				982ECD4A1E8FA0A3003B66F9 /* ReceiptManager.swift in Sources */,
				983B529F1E4F8BED004F820F /* AddTraductionCell.swift in Sources */,
				98EC9F021E4DB40E0062F9F2 /* CurrentLanguageCell.swift in Sources */,
				98E8BB141E4CE1C9002134B0 /* MenuCell.swift in Sources */,
				9823AE871E61CD4E00AB376C /* Word.swift in Sources */,
				9826BB0C1E95096B00E7CD1E /* Заколдованный круг.swift in Sources */,
				9826BB0E1E95099100E7CD1E /* Сюрприз.swift in Sources */,
				98E8BB1A1E4CEF00002134B0 /* Localisator.swift in Sources */,
				9826BB161E9509F200E7CD1E /* Проверка.swift in Sources */,
				982ECD481E8F9234003B66F9 /* CreditsVC.swift in Sources */,
				9826BB091E94FB4A00E7CD1E /* Свежий.swift in Sources */,
				982194531E8BF21100043300 /* HighlightChoosePaymentPlanButtonView.swift in Sources */,
				98DDC6CB1E7453A6004A367C /* Color.swift in Sources */,
				98E8BB251E4CF39D002134B0 /* SettingsViewController.swift in Sources */,
				98E538B71E80596F0067E639 /* TemplateText .swift in Sources */,
				98E538B51E8059040067E639 /* El jardín de Val.swift in Sources */,
				982194561E8C033C00043300 /* StoreManager.swift in Sources */,
				9826BB101E9509C000E7CD1E /* Алиби.swift in Sources */,
				987D34F41E7D2B0F008434A8 /* SpeedButton.swift in Sources */,
				982194511E8BA72300043300 /* ChoosePaymentPlanButton.swift in Sources */,
				9826BB1C1E950A3000E7CD1E /* Мы и налоги.swift in Sources */,
				9823AE941E65CBBC00AB376C /* Lang.swift in Sources */,
				987D351F1E7E9AB9008434A8 /* InviteFriendButton.swift in Sources */,
				981F89611E7F1C8F00D1BF9D /* languageCollecVCell.swift in Sources */,
				98226BD21E7408BC00060F26 /* HomeCell.swift in Sources */,
				988A72EC1E352EEA00BDE635 /* Home.swift in Sources */,
				987D34ED1E798A76008434A8 /* SettingButton.swift in Sources */,
				981F89631E7F1CCC00D1BF9D /* ChooseLanguageToLearnCollectionVC.swift in Sources */,
				988A72BC1E352DF600BDE635 /* AppDelegate.swift in Sources */,
				9823AE8B1E61D74200AB376C /* UserSave.swift in Sources */,
				9821945D1E8CD7E000043300 /* SideMenuTransition.swift in Sources */,
				9821945E1E8CD7E000043300 /* UISideMenuNavigationController.swift in Sources */,
			);
			runOnlyForDeploymentPostprocessing = 0;
		};
		988A72CA1E352DF600BDE635 /* Sources */ = {
			isa = PBXSourcesBuildPhase;
			buildActionMask = 2147483647;
			files = (
				988A72D31E352DF600BDE635 /* LearnByLearningTests.swift in Sources */,
			);
			runOnlyForDeploymentPostprocessing = 0;
		};
		988A72D51E352DF600BDE635 /* Sources */ = {
			isa = PBXSourcesBuildPhase;
			buildActionMask = 2147483647;
			files = (
				988A72DE1E352DF600BDE635 /* LearnByLearningUITests.swift in Sources */,
			);
			runOnlyForDeploymentPostprocessing = 0;
		};
/* End PBXSourcesBuildPhase section */

/* Begin PBXTargetDependency section */
		988A72D01E352DF600BDE635 /* PBXTargetDependency */ = {
			isa = PBXTargetDependency;
			target = 988A72B71E352DF600BDE635 /* LearnByLearning */;
			targetProxy = 988A72CF1E352DF600BDE635 /* PBXContainerItemProxy */;
		};
		988A72DB1E352DF600BDE635 /* PBXTargetDependency */ = {
			isa = PBXTargetDependency;
			target = 988A72B71E352DF600BDE635 /* LearnByLearning */;
			targetProxy = 988A72DA1E352DF600BDE635 /* PBXContainerItemProxy */;
		};
/* End PBXTargetDependency section */

/* Begin PBXVariantGroup section */
		987D34F01E7AE3EE008434A8 /* Main.storyboard */ = {
			isa = PBXVariantGroup;
			children = (
				987D34F11E7AE3EE008434A8 /* Base */,
			);
			name = Main.storyboard;
			path = ..;
			sourceTree = "<group>";
		};
		988A72C61E352DF600BDE635 /* LaunchScreen.storyboard */ = {
			isa = PBXVariantGroup;
			children = (
				988A72C71E352DF600BDE635 /* Base */,
				98EC9EFA1E4D01550062F9F2 /* fr */,
			);
			name = LaunchScreen.storyboard;
			sourceTree = "<group>";
		};
		98EC9EF31E4D012B0062F9F2 /* Localizable.strings */ = {
			isa = PBXVariantGroup;
			children = (
				98EC9EF41E4D012B0062F9F2 /* en */,
				98EC9EFB1E4D01550062F9F2 /* fr */,
				9823AE9A1E66E3B800AB376C /* es */,
				9823AE9D1E66E3C100AB376C /* ru */,
				982731631EA7691D007FFF73 /* de */,
			);
			name = Localizable.strings;
			sourceTree = "<group>";
		};
		98EC9EF51E4D012B0062F9F2 /* InfoPlist.strings */ = {
			isa = PBXVariantGroup;
			children = (
				98EC9EF61E4D012B0062F9F2 /* en */,
				98EC9EFC1E4D01560062F9F2 /* fr */,
				9823AE9B1E66E3B800AB376C /* es */,
				9823AE9E1E66E3C100AB376C /* ru */,
				982731641EA7691E007FFF73 /* de */,
			);
			name = InfoPlist.strings;
			sourceTree = "<group>";
		};
/* End PBXVariantGroup section */

/* Begin XCBuildConfiguration section */
		988A72E01E352DF600BDE635 /* Debug */ = {
			isa = XCBuildConfiguration;
			buildSettings = {
				ALWAYS_SEARCH_USER_PATHS = NO;
				CLANG_ANALYZER_LOCALIZABILITY_NONLOCALIZED = YES;
				CLANG_ANALYZER_NONNULL = YES;
				CLANG_CXX_LANGUAGE_STANDARD = "gnu++0x";
				CLANG_CXX_LIBRARY = "libc++";
				CLANG_ENABLE_MODULES = YES;
				CLANG_ENABLE_OBJC_ARC = YES;
				CLANG_WARN_BOOL_CONVERSION = YES;
				CLANG_WARN_CONSTANT_CONVERSION = YES;
				CLANG_WARN_DIRECT_OBJC_ISA_USAGE = YES_ERROR;
				CLANG_WARN_DOCUMENTATION_COMMENTS = YES;
				CLANG_WARN_EMPTY_BODY = YES;
				CLANG_WARN_ENUM_CONVERSION = YES;
				CLANG_WARN_INFINITE_RECURSION = YES;
				CLANG_WARN_INT_CONVERSION = YES;
				CLANG_WARN_OBJC_ROOT_CLASS = YES_ERROR;
				CLANG_WARN_SUSPICIOUS_MOVE = YES;
				CLANG_WARN_UNREACHABLE_CODE = YES;
				CLANG_WARN__DUPLICATE_METHOD_MATCH = YES;
				"CODE_SIGN_IDENTITY[sdk=iphoneos*]" = "iPhone Developer";
				COPY_PHASE_STRIP = NO;
				DEBUG_INFORMATION_FORMAT = dwarf;
				ENABLE_STRICT_OBJC_MSGSEND = YES;
				ENABLE_TESTABILITY = YES;
				GCC_C_LANGUAGE_STANDARD = gnu99;
				GCC_DYNAMIC_NO_PIC = NO;
				GCC_NO_COMMON_BLOCKS = YES;
				GCC_OPTIMIZATION_LEVEL = 0;
				GCC_PREPROCESSOR_DEFINITIONS = (
					"DEBUG=1",
					"$(inherited)",
				);
				GCC_WARN_64_TO_32_BIT_CONVERSION = YES;
				GCC_WARN_ABOUT_RETURN_TYPE = YES_ERROR;
				GCC_WARN_UNDECLARED_SELECTOR = YES;
				GCC_WARN_UNINITIALIZED_AUTOS = YES_AGGRESSIVE;
				GCC_WARN_UNUSED_FUNCTION = YES;
				GCC_WARN_UNUSED_VARIABLE = YES;
				IPHONEOS_DEPLOYMENT_TARGET = 10.2;
				MTL_ENABLE_DEBUG_INFO = YES;
				ONLY_ACTIVE_ARCH = YES;
				SDKROOT = iphoneos;
				SWIFT_ACTIVE_COMPILATION_CONDITIONS = DEBUG;
				SWIFT_OPTIMIZATION_LEVEL = "-Onone";
				TARGETED_DEVICE_FAMILY = "1,2";
			};
			name = Debug;
		};
		988A72E11E352DF600BDE635 /* Release */ = {
			isa = XCBuildConfiguration;
			buildSettings = {
				ALWAYS_SEARCH_USER_PATHS = NO;
				CLANG_ANALYZER_LOCALIZABILITY_NONLOCALIZED = YES;
				CLANG_ANALYZER_NONNULL = YES;
				CLANG_CXX_LANGUAGE_STANDARD = "gnu++0x";
				CLANG_CXX_LIBRARY = "libc++";
				CLANG_ENABLE_MODULES = YES;
				CLANG_ENABLE_OBJC_ARC = YES;
				CLANG_WARN_BOOL_CONVERSION = YES;
				CLANG_WARN_CONSTANT_CONVERSION = YES;
				CLANG_WARN_DIRECT_OBJC_ISA_USAGE = YES_ERROR;
				CLANG_WARN_DOCUMENTATION_COMMENTS = YES;
				CLANG_WARN_EMPTY_BODY = YES;
				CLANG_WARN_ENUM_CONVERSION = YES;
				CLANG_WARN_INFINITE_RECURSION = YES;
				CLANG_WARN_INT_CONVERSION = YES;
				CLANG_WARN_OBJC_ROOT_CLASS = YES_ERROR;
				CLANG_WARN_SUSPICIOUS_MOVE = YES;
				CLANG_WARN_UNREACHABLE_CODE = YES;
				CLANG_WARN__DUPLICATE_METHOD_MATCH = YES;
				"CODE_SIGN_IDENTITY[sdk=iphoneos*]" = "iPhone Developer";
				COPY_PHASE_STRIP = NO;
				DEBUG_INFORMATION_FORMAT = "dwarf-with-dsym";
				ENABLE_NS_ASSERTIONS = NO;
				ENABLE_STRICT_OBJC_MSGSEND = YES;
				GCC_C_LANGUAGE_STANDARD = gnu99;
				GCC_NO_COMMON_BLOCKS = YES;
				GCC_WARN_64_TO_32_BIT_CONVERSION = YES;
				GCC_WARN_ABOUT_RETURN_TYPE = YES_ERROR;
				GCC_WARN_UNDECLARED_SELECTOR = YES;
				GCC_WARN_UNINITIALIZED_AUTOS = YES_AGGRESSIVE;
				GCC_WARN_UNUSED_FUNCTION = YES;
				GCC_WARN_UNUSED_VARIABLE = YES;
				IPHONEOS_DEPLOYMENT_TARGET = 10.2;
				MTL_ENABLE_DEBUG_INFO = NO;
				SDKROOT = iphoneos;
				SWIFT_OPTIMIZATION_LEVEL = "-Owholemodule";
				TARGETED_DEVICE_FAMILY = "1,2";
				VALIDATE_PRODUCT = YES;
			};
			name = Release;
		};
		988A72E31E352DF600BDE635 /* Debug */ = {
			isa = XCBuildConfiguration;
			buildSettings = {
				ASSETCATALOG_COMPILER_APPICON_NAME = AppIcon;
				CLANG_ENABLE_MODULES = YES;
				DEVELOPMENT_TEAM = EQPGG2M7LV;
				INFOPLIST_FILE = LearnByLearning/Info.plist;
				LD_RUNPATH_SEARCH_PATHS = "$(inherited) @executable_path/Frameworks";
				PRODUCT_BUNDLE_IDENTIFIER = lauriane.molllier.learnByReading.russian;
				PRODUCT_NAME = "$(TARGET_NAME)";
				SWIFT_DISABLE_SAFETY_CHECKS = YES;
				SWIFT_INSTALL_OBJC_HEADER = NO;
				SWIFT_OBJC_BRIDGING_HEADER = "";
				SWIFT_OBJC_INTERFACE_HEADER_NAME = "";
				SWIFT_OPTIMIZATION_LEVEL = "-Onone";
				SWIFT_VERSION = 3.0;
				TARGETED_DEVICE_FAMILY = "1,2";
			};
			name = Debug;
		};
		988A72E41E352DF600BDE635 /* Release */ = {
			isa = XCBuildConfiguration;
			buildSettings = {
				ASSETCATALOG_COMPILER_APPICON_NAME = AppIcon;
				CLANG_ENABLE_MODULES = YES;
				DEVELOPMENT_TEAM = EQPGG2M7LV;
				INFOPLIST_FILE = LearnByLearning/Info.plist;
				LD_RUNPATH_SEARCH_PATHS = "$(inherited) @executable_path/Frameworks";
				PRODUCT_BUNDLE_IDENTIFIER = lauriane.molllier.learnByReading.russian;
				PRODUCT_NAME = "$(TARGET_NAME)";
				SWIFT_DISABLE_SAFETY_CHECKS = YES;
				SWIFT_INSTALL_OBJC_HEADER = NO;
				SWIFT_OBJC_BRIDGING_HEADER = "";
				"SWIFT_OBJC_BRIDGING_HEADER[arch=*]" = "";
				SWIFT_OBJC_INTERFACE_HEADER_NAME = "";
				"SWIFT_OBJC_INTERFACE_HEADER_NAME[arch=*]" = "";
				SWIFT_VERSION = 3.0;
				TARGETED_DEVICE_FAMILY = "1,2";
			};
			name = Release;
		};
		988A72E61E352DF600BDE635 /* Debug */ = {
			isa = XCBuildConfiguration;
			buildSettings = {
				ALWAYS_EMBED_SWIFT_STANDARD_LIBRARIES = YES;
				BUNDLE_LOADER = "$(TEST_HOST)";
				DEVELOPMENT_TEAM = EQPGG2M7LV;
				INFOPLIST_FILE = LearnByLearningTests/Info.plist;
				LD_RUNPATH_SEARCH_PATHS = "$(inherited) @executable_path/Frameworks @loader_path/Frameworks";
				PRODUCT_BUNDLE_IDENTIFIER = Meitopi.LearnByLearningTests;
				PRODUCT_NAME = "$(TARGET_NAME)";
				SWIFT_VERSION = 3.0;
				TEST_HOST = "$(BUILT_PRODUCTS_DIR)/LearnByLearning.app/LearnByLearning";
			};
			name = Debug;
		};
		988A72E71E352DF600BDE635 /* Release */ = {
			isa = XCBuildConfiguration;
			buildSettings = {
				ALWAYS_EMBED_SWIFT_STANDARD_LIBRARIES = YES;
				BUNDLE_LOADER = "$(TEST_HOST)";
				DEVELOPMENT_TEAM = EQPGG2M7LV;
				INFOPLIST_FILE = LearnByLearningTests/Info.plist;
				LD_RUNPATH_SEARCH_PATHS = "$(inherited) @executable_path/Frameworks @loader_path/Frameworks";
				PRODUCT_BUNDLE_IDENTIFIER = Meitopi.LearnByLearningTests;
				PRODUCT_NAME = "$(TARGET_NAME)";
				SWIFT_VERSION = 3.0;
				TEST_HOST = "$(BUILT_PRODUCTS_DIR)/LearnByLearning.app/LearnByLearning";
			};
			name = Release;
		};
		988A72E91E352DF600BDE635 /* Debug */ = {
			isa = XCBuildConfiguration;
			buildSettings = {
				ALWAYS_EMBED_SWIFT_STANDARD_LIBRARIES = YES;
				DEVELOPMENT_TEAM = EQPGG2M7LV;
				INFOPLIST_FILE = LearnByLearningUITests/Info.plist;
				LD_RUNPATH_SEARCH_PATHS = "$(inherited) @executable_path/Frameworks @loader_path/Frameworks";
				PRODUCT_BUNDLE_IDENTIFIER = Meitopi.LearnByLearningUITests;
				PRODUCT_NAME = "$(TARGET_NAME)";
				SWIFT_VERSION = 3.0;
				TEST_TARGET_NAME = LearnByLearning;
			};
			name = Debug;
		};
		988A72EA1E352DF600BDE635 /* Release */ = {
			isa = XCBuildConfiguration;
			buildSettings = {
				ALWAYS_EMBED_SWIFT_STANDARD_LIBRARIES = YES;
				DEVELOPMENT_TEAM = EQPGG2M7LV;
				INFOPLIST_FILE = LearnByLearningUITests/Info.plist;
				LD_RUNPATH_SEARCH_PATHS = "$(inherited) @executable_path/Frameworks @loader_path/Frameworks";
				PRODUCT_BUNDLE_IDENTIFIER = Meitopi.LearnByLearningUITests;
				PRODUCT_NAME = "$(TARGET_NAME)";
				SWIFT_VERSION = 3.0;
				TEST_TARGET_NAME = LearnByLearning;
			};
			name = Release;
		};
/* End XCBuildConfiguration section */

/* Begin XCConfigurationList section */
		988A72B31E352DF600BDE635 /* Build configuration list for PBXProject "LearnByLearning" */ = {
			isa = XCConfigurationList;
			buildConfigurations = (
				988A72E01E352DF600BDE635 /* Debug */,
				988A72E11E352DF600BDE635 /* Release */,
			);
			defaultConfigurationIsVisible = 0;
			defaultConfigurationName = Debug;
		};
		988A72E21E352DF600BDE635 /* Build configuration list for PBXNativeTarget "LearnByLearning" */ = {
			isa = XCConfigurationList;
			buildConfigurations = (
				988A72E31E352DF600BDE635 /* Debug */,
				988A72E41E352DF600BDE635 /* Release */,
			);
			defaultConfigurationIsVisible = 0;
			defaultConfigurationName = Debug;
		};
		988A72E51E352DF600BDE635 /* Build configuration list for PBXNativeTarget "LearnByLearningTests" */ = {
			isa = XCConfigurationList;
			buildConfigurations = (
				988A72E61E352DF600BDE635 /* Debug */,
				988A72E71E352DF600BDE635 /* Release */,
			);
			defaultConfigurationIsVisible = 0;
			defaultConfigurationName = Debug;
		};
		988A72E81E352DF600BDE635 /* Build configuration list for PBXNativeTarget "LearnByLearningUITests" */ = {
			isa = XCConfigurationList;
			buildConfigurations = (
				988A72E91E352DF600BDE635 /* Debug */,
				988A72EA1E352DF600BDE635 /* Release */,
			);
			defaultConfigurationIsVisible = 0;
			defaultConfigurationName = Debug;
		};
/* End XCConfigurationList section */
	};
	rootObject = 988A72B01E352DF600BDE635 /* Project object */;
}
