// !$*UTF8*$!
{
	archiveVersion = 1;
	classes = {
	};
	objectVersion = 46;
	objects = {

/* Begin PBXBuildFile section */
		981F89611E7F1C8F00D1BF9D /* languageCollecVCell.swift in Sources */ = {isa = PBXBuildFile; fileRef = 981F89601E7F1C8F00D1BF9D /* languageCollecVCell.swift */; };
		981F89631E7F1CCC00D1BF9D /* ChooseLanguageToLearnCollectionVC.swift in Sources */ = {isa = PBXBuildFile; fileRef = 981F89621E7F1CCC00D1BF9D /* ChooseLanguageToLearnCollectionVC.swift */; };
		981F896C1E80457800D1BF9D /* GM Food.swift in Sources */ = {isa = PBXBuildFile; fileRef = 981F896B1E80457800D1BF9D /* GM Food.swift */; };
		9821944F1E8BA70600043300 /* ChoosePaymentPlanCV.swift in Sources */ = {isa = PBXBuildFile; fileRef = 9821944E1E8BA70600043300 /* ChoosePaymentPlanCV.swift */; };
		982194511E8BA72300043300 /* ChoosePaymentPlanButton.swift in Sources */ = {isa = PBXBuildFile; fileRef = 982194501E8BA72300043300 /* ChoosePaymentPlanButton.swift */; };
		982194531E8BF21100043300 /* HighlightChoosePaymentPlanButtonView.swift in Sources */ = {isa = PBXBuildFile; fileRef = 982194521E8BF21100043300 /* HighlightChoosePaymentPlanButtonView.swift */; };
		982194561E8C033C00043300 /* StoreManager.swift in Sources */ = {isa = PBXBuildFile; fileRef = 982194551E8C033C00043300 /* StoreManager.swift */; };
		9821945C1E8CD7E000043300 /* SideMenuManager.swift in Sources */ = {isa = PBXBuildFile; fileRef = 982194581E8CD7E000043300 /* SideMenuManager.swift */; };
		9821945D1E8CD7E000043300 /* SideMenuTransition.swift in Sources */ = {isa = PBXBuildFile; fileRef = 982194591E8CD7E000043300 /* SideMenuTransition.swift */; };
		9821945E1E8CD7E000043300 /* UISideMenuNavigationController.swift in Sources */ = {isa = PBXBuildFile; fileRef = 9821945A1E8CD7E000043300 /* UISideMenuNavigationController.swift */; };
		9821945F1E8CD7E000043300 /* UITableViewVibrantCell.swift in Sources */ = {isa = PBXBuildFile; fileRef = 9821945B1E8CD7E000043300 /* UITableViewVibrantCell.swift */; };
		98226BD21E7408BC00060F26 /* HomeCell.swift in Sources */ = {isa = PBXBuildFile; fileRef = 98226BD11E7408BC00060F26 /* HomeCell.swift */; };
		9823AE871E61CD4E00AB376C /* Word.swift in Sources */ = {isa = PBXBuildFile; fileRef = 9823AE861E61CD4E00AB376C /* Word.swift */; };
		9823AE891E61CFA400AB376C /* TextsData.swift in Sources */ = {isa = PBXBuildFile; fileRef = 9823AE881E61CFA400AB376C /* TextsData.swift */; };
		9823AE8B1E61D74200AB376C /* UserSave.swift in Sources */ = {isa = PBXBuildFile; fileRef = 9823AE8A1E61D74200AB376C /* UserSave.swift */; };
		9823AE8E1E652A9B00AB376C /* MessageUI.framework in Frameworks */ = {isa = PBXBuildFile; fileRef = 9823AE8D1E652A9B00AB376C /* MessageUI.framework */; };
		9823AE901E65783800AB376C /* HelpViewController.swift in Sources */ = {isa = PBXBuildFile; fileRef = 9823AE8F1E65783800AB376C /* HelpViewController.swift */; };
		9823AE921E65CBA800AB376C /* LearningLang.swift in Sources */ = {isa = PBXBuildFile; fileRef = 9823AE911E65CBA800AB376C /* LearningLang.swift */; };
		9823AE941E65CBBC00AB376C /* Lang.swift in Sources */ = {isa = PBXBuildFile; fileRef = 9823AE931E65CBBC00AB376C /* Lang.swift */; };
		9823AE981E66028200AB376C /* LanguageNav.swift in Sources */ = {isa = PBXBuildFile; fileRef = 9823AE971E66028200AB376C /* LanguageNav.swift */; };
		9824F6CA1ED5832300B117B8 /* RevisionVocVC.swift in Sources */ = {isa = PBXBuildFile; fileRef = 9824F6C91ED5832300B117B8 /* RevisionVocVC.swift */; };
		9824F6CC1ED584E500B117B8 /* Sounds.swift in Sources */ = {isa = PBXBuildFile; fileRef = 9824F6CB1ED584E500B117B8 /* Sounds.swift */; };
		9824F6D11ED5902600B117B8 /* VocRevisionHeader.swift in Sources */ = {isa = PBXBuildFile; fileRef = 9824F6CF1ED5902600B117B8 /* VocRevisionHeader.swift */; };
		9824F6D21ED5902600B117B8 /* VocRevisionHeader.xib in Resources */ = {isa = PBXBuildFile; fileRef = 9824F6D01ED5902600B117B8 /* VocRevisionHeader.xib */; };
		9826BB091E94FB4A00E7CD1E /* Свежий.swift in Sources */ = {isa = PBXBuildFile; fileRef = 9826BB081E94FB4A00E7CD1E /* Свежий.swift */; };
		9826BB0C1E95096B00E7CD1E /* Заколдованный круг.swift in Sources */ = {isa = PBXBuildFile; fileRef = 9826BB0B1E95096B00E7CD1E /* Заколдованный круг.swift */; };
		9826BB0E1E95099100E7CD1E /* Сюрприз.swift in Sources */ = {isa = PBXBuildFile; fileRef = 9826BB0D1E95099100E7CD1E /* Сюрприз.swift */; };
		9826BB101E9509C000E7CD1E /* Алиби.swift in Sources */ = {isa = PBXBuildFile; fileRef = 9826BB0F1E9509C000E7CD1E /* Алиби.swift */; };
		9826BB161E9509F200E7CD1E /* Проверка.swift in Sources */ = {isa = PBXBuildFile; fileRef = 9826BB151E9509F200E7CD1E /* Проверка.swift */; };
		9826BB191E950A1400E7CD1E /* Быть как все.swift in Sources */ = {isa = PBXBuildFile; fileRef = 9826BB181E950A1400E7CD1E /* Быть как все.swift */; };
		9826BB1C1E950A3000E7CD1E /* Мы и налоги.swift in Sources */ = {isa = PBXBuildFile; fileRef = 9826BB1B1E950A3000E7CD1E /* Мы и налоги.swift */; };
		982D2AF11E9C24A400B590B1 /* YourAbonnementVC.swift in Sources */ = {isa = PBXBuildFile; fileRef = 982D2AF01E9C24A400B590B1 /* YourAbonnementVC.swift */; };
		982ECD481E8F9234003B66F9 /* CreditsVC.swift in Sources */ = {isa = PBXBuildFile; fileRef = 982ECD471E8F9234003B66F9 /* CreditsVC.swift */; };
		982ECD4A1E8FA0A3003B66F9 /* ReceiptManager.swift in Sources */ = {isa = PBXBuildFile; fileRef = 982ECD491E8FA0A3003B66F9 /* ReceiptManager.swift */; };
		982ECD4C1E9120EB003B66F9 /* WaitAlert.swift in Sources */ = {isa = PBXBuildFile; fileRef = 982ECD4B1E9120EA003B66F9 /* WaitAlert.swift */; };
		983B529D1E4F8BDA004F820F /* TraductionCell.swift in Sources */ = {isa = PBXBuildFile; fileRef = 983B529C1E4F8BDA004F820F /* TraductionCell.swift */; };
		983B529F1E4F8BED004F820F /* AddTraductionCell.swift in Sources */ = {isa = PBXBuildFile; fileRef = 983B529E1E4F8BEC004F820F /* AddTraductionCell.swift */; };
		983B52A41E50E378004F820F /* AddText.swift in Sources */ = {isa = PBXBuildFile; fileRef = 983B52A31E50E378004F820F /* AddText.swift */; };
		983B52A61E50E45A004F820F /* AddTextCell.swift in Sources */ = {isa = PBXBuildFile; fileRef = 983B52A51E50E45A004F820F /* AddTextCell.swift */; };
		987681AE1ED1C48900EC5503 /* PrivatePolicyVC.swift in Sources */ = {isa = PBXBuildFile; fileRef = 987681AD1ED1C48900EC5503 /* PrivatePolicyVC.swift */; };
		987681B01ED1C4A800EC5503 /* TermConditionVC.swift in Sources */ = {isa = PBXBuildFile; fileRef = 987681AF1ED1C4A800EC5503 /* TermConditionVC.swift */; };
		987681B41ED2E4FA00EC5503 /* From_Carrots_to_Renovations_1-fast.mp3 in Resources */ = {isa = PBXBuildFile; fileRef = 987681B11ED2E4FA00EC5503 /* From_Carrots_to_Renovations_1-fast.mp3 */; };
		987681B51ED2E4FA00EC5503 /* From_Carrots_to_Renovations_1-mid.mp3 in Resources */ = {isa = PBXBuildFile; fileRef = 987681B21ED2E4FA00EC5503 /* From_Carrots_to_Renovations_1-mid.mp3 */; };
		987681B61ED2E4FA00EC5503 /* From_Carrots_to_Renovations_1-slow.mp3 in Resources */ = {isa = PBXBuildFile; fileRef = 987681B31ED2E4FA00EC5503 /* From_Carrots_to_Renovations_1-slow.mp3 */; };
		987681BA1ED2E50B00EC5503 /* From_Carrots_to_Renovations_2-fast.mp3 in Resources */ = {isa = PBXBuildFile; fileRef = 987681B71ED2E50B00EC5503 /* From_Carrots_to_Renovations_2-fast.mp3 */; };
		987681BB1ED2E50B00EC5503 /* From_Carrots_to_Renovations_2-mid.mp3 in Resources */ = {isa = PBXBuildFile; fileRef = 987681B81ED2E50B00EC5503 /* From_Carrots_to_Renovations_2-mid.mp3 */; };
		987681BC1ED2E50B00EC5503 /* From_Carrots_to_Renovations_2-slow.mp3 in Resources */ = {isa = PBXBuildFile; fileRef = 987681B91ED2E50B00EC5503 /* From_Carrots_to_Renovations_2-slow.mp3 */; };
		987681C01ED2E53600EC5503 /* GM_Food-fast.mp3 in Resources */ = {isa = PBXBuildFile; fileRef = 987681BD1ED2E53600EC5503 /* GM_Food-fast.mp3 */; };
		987681C11ED2E53600EC5503 /* GM_Food-mid.mp3 in Resources */ = {isa = PBXBuildFile; fileRef = 987681BE1ED2E53600EC5503 /* GM_Food-mid.mp3 */; };
		987681C21ED2E53600EC5503 /* GM_Food-slow.mp3 in Resources */ = {isa = PBXBuildFile; fileRef = 987681BF1ED2E53600EC5503 /* GM_Food-slow.mp3 */; };
		987681C61ED2E54200EC5503 /* Raven_and_the_First_People-fast.mp3 in Resources */ = {isa = PBXBuildFile; fileRef = 987681C31ED2E54200EC5503 /* Raven_and_the_First_People-fast.mp3 */; };
		987681C71ED2E54200EC5503 /* Raven_and_the_First_People-mid.mp3 in Resources */ = {isa = PBXBuildFile; fileRef = 987681C41ED2E54200EC5503 /* Raven_and_the_First_People-mid.mp3 */; };
		987681C81ED2E54200EC5503 /* Raven_and_the_First_People-slow.mp3 in Resources */ = {isa = PBXBuildFile; fileRef = 987681C51ED2E54200EC5503 /* Raven_and_the_First_People-slow.mp3 */; };
		987681CC1ED2E55300EC5503 /* Raven_steals_the_Light-fast.mp3 in Resources */ = {isa = PBXBuildFile; fileRef = 987681C91ED2E55300EC5503 /* Raven_steals_the_Light-fast.mp3 */; };
		987681CD1ED2E55300EC5503 /* Raven_steals_the_Light-mid.mp3 in Resources */ = {isa = PBXBuildFile; fileRef = 987681CA1ED2E55300EC5503 /* Raven_steals_the_Light-mid.mp3 */; };
		987681CE1ED2E55300EC5503 /* Raven_steals_the_Light-slow.mp3 in Resources */ = {isa = PBXBuildFile; fileRef = 987681CB1ED2E55300EC5503 /* Raven_steals_the_Light-slow.mp3 */; };
		987681D21ED2E56E00EC5503 /* The_Causes_of_Floods-fast.mp3 in Resources */ = {isa = PBXBuildFile; fileRef = 987681CF1ED2E56E00EC5503 /* The_Causes_of_Floods-fast.mp3 */; };
		987681D31ED2E56E00EC5503 /* The_Causes_of_Floods-mid.mp3 in Resources */ = {isa = PBXBuildFile; fileRef = 987681D01ED2E56E00EC5503 /* The_Causes_of_Floods-mid.mp3 */; };
		987681D41ED2E56E00EC5503 /* The_Causes_of_Floods-slow.mp3 in Resources */ = {isa = PBXBuildFile; fileRef = 987681D11ED2E56E00EC5503 /* The_Causes_of_Floods-slow.mp3 */; };
		987681D81ED2E5B700EC5503 /* The_choking_dog_1-fast.mp3 in Resources */ = {isa = PBXBuildFile; fileRef = 987681D51ED2E5B700EC5503 /* The_choking_dog_1-fast.mp3 */; };
		987681D91ED2E5B700EC5503 /* The_choking_dog_1-mid.mp3 in Resources */ = {isa = PBXBuildFile; fileRef = 987681D61ED2E5B700EC5503 /* The_choking_dog_1-mid.mp3 */; };
		987681DA1ED2E5B700EC5503 /* The_choking_dog_1-slow.mp3 in Resources */ = {isa = PBXBuildFile; fileRef = 987681D71ED2E5B700EC5503 /* The_choking_dog_1-slow.mp3 */; };
		987681DE1ED2E5C300EC5503 /* The_choking_dog_2-fast.mp3 in Resources */ = {isa = PBXBuildFile; fileRef = 987681DB1ED2E5C300EC5503 /* The_choking_dog_2-fast.mp3 */; };
		987681DF1ED2E5C300EC5503 /* The_choking_dog_2-mid.mp3 in Resources */ = {isa = PBXBuildFile; fileRef = 987681DC1ED2E5C300EC5503 /* The_choking_dog_2-mid.mp3 */; };
		987681E01ED2E5C300EC5503 /* The_choking_dog_2-slow.mp3 in Resources */ = {isa = PBXBuildFile; fileRef = 987681DD1ED2E5C300EC5503 /* The_choking_dog_2-slow.mp3 */; };
		987681E41ED2E5D000EC5503 /* The_Most_Amazing_Structure-fast.mp3 in Resources */ = {isa = PBXBuildFile; fileRef = 987681E11ED2E5D000EC5503 /* The_Most_Amazing_Structure-fast.mp3 */; };
		987681E51ED2E5D000EC5503 /* The_Most_Amazing_Structure-mid.mp3 in Resources */ = {isa = PBXBuildFile; fileRef = 987681E21ED2E5D000EC5503 /* The_Most_Amazing_Structure-mid.mp3 */; };
		987681E61ED2E5D000EC5503 /* The_Most_Amazing_Structure-slow.mp3 in Resources */ = {isa = PBXBuildFile; fileRef = 987681E31ED2E5D000EC5503 /* The_Most_Amazing_Structure-slow.mp3 */; };
		987681EA1ED2E5E200EC5503 /* The_Sack_Garden-fast.mp3 in Resources */ = {isa = PBXBuildFile; fileRef = 987681E71ED2E5E200EC5503 /* The_Sack_Garden-fast.mp3 */; };
		987681EB1ED2E5E200EC5503 /* The_Sack_Garden-mid.mp3 in Resources */ = {isa = PBXBuildFile; fileRef = 987681E81ED2E5E200EC5503 /* The_Sack_Garden-mid.mp3 */; };
		987681EC1ED2E5E200EC5503 /* The_Sack_Garden-slow.mp3 in Resources */ = {isa = PBXBuildFile; fileRef = 987681E91ED2E5E200EC5503 /* The_Sack_Garden-slow.mp3 */; };
		987681F01ED2E5ED00EC5503 /* Vals_Garden-fast.mp3 in Resources */ = {isa = PBXBuildFile; fileRef = 987681ED1ED2E5ED00EC5503 /* Vals_Garden-fast.mp3 */; };
		987681F11ED2E5ED00EC5503 /* Vals_Garden-mid.mp3 in Resources */ = {isa = PBXBuildFile; fileRef = 987681EE1ED2E5ED00EC5503 /* Vals_Garden-mid.mp3 */; };
		987681F21ED2E5ED00EC5503 /* Vals_Garden-slow.mp3 in Resources */ = {isa = PBXBuildFile; fileRef = 987681EF1ED2E5ED00EC5503 /* Vals_Garden-slow.mp3 */; };
		987681F61ED2E78900EC5503 /* Alibi-fast.mp3 in Resources */ = {isa = PBXBuildFile; fileRef = 987681F31ED2E78900EC5503 /* Alibi-fast.mp3 */; };
		987681F71ED2E78900EC5503 /* Alibi-mid.mp3 in Resources */ = {isa = PBXBuildFile; fileRef = 987681F41ED2E78900EC5503 /* Alibi-mid.mp3 */; };
		987681F81ED2E78900EC5503 /* Alibi-slow.mp3 in Resources */ = {isa = PBXBuildFile; fileRef = 987681F51ED2E78900EC5503 /* Alibi-slow.mp3 */; };
		987681FC1ED2E79500EC5503 /* BytiKakVse-fast.mp3 in Resources */ = {isa = PBXBuildFile; fileRef = 987681F91ED2E79500EC5503 /* BytiKakVse-fast.mp3 */; };
		987681FD1ED2E79500EC5503 /* BytiKakVse-mid.mp3 in Resources */ = {isa = PBXBuildFile; fileRef = 987681FA1ED2E79500EC5503 /* BytiKakVse-mid.mp3 */; };
		987681FE1ED2E79500EC5503 /* BytiKakVse-slow.mp3 in Resources */ = {isa = PBXBuildFile; fileRef = 987681FB1ED2E79500EC5503 /* BytiKakVse-slow.mp3 */; };
		987682021ED2E7A200EC5503 /* MyINalogi-fast.mp3 in Resources */ = {isa = PBXBuildFile; fileRef = 987681FF1ED2E7A200EC5503 /* MyINalogi-fast.mp3 */; };
		987682031ED2E7A200EC5503 /* MyINalogi-mid.mp3 in Resources */ = {isa = PBXBuildFile; fileRef = 987682001ED2E7A200EC5503 /* MyINalogi-mid.mp3 */; };
		987682041ED2E7A200EC5503 /* MyINalogi-slow.mp3 in Resources */ = {isa = PBXBuildFile; fileRef = 987682011ED2E7A200EC5503 /* MyINalogi-slow.mp3 */; };
		987682081ED2E7AD00EC5503 /* Proverka-fast.mp3 in Resources */ = {isa = PBXBuildFile; fileRef = 987682051ED2E7AD00EC5503 /* Proverka-fast.mp3 */; };
		987682091ED2E7AD00EC5503 /* Proverka-mid.mp3 in Resources */ = {isa = PBXBuildFile; fileRef = 987682061ED2E7AD00EC5503 /* Proverka-mid.mp3 */; };
		9876820A1ED2E7AD00EC5503 /* Proverka-slow.mp3 in Resources */ = {isa = PBXBuildFile; fileRef = 987682071ED2E7AD00EC5503 /* Proverka-slow.mp3 */; };
		9876820E1ED2E7B900EC5503 /* Sjurpriz-fast.mp3 in Resources */ = {isa = PBXBuildFile; fileRef = 9876820B1ED2E7B900EC5503 /* Sjurpriz-fast.mp3 */; };
		9876820F1ED2E7B900EC5503 /* Sjurpriz-mid.mp3 in Resources */ = {isa = PBXBuildFile; fileRef = 9876820C1ED2E7B900EC5503 /* Sjurpriz-mid.mp3 */; };
		987682101ED2E7B900EC5503 /* Sjurpriz-slow.mp3 in Resources */ = {isa = PBXBuildFile; fileRef = 9876820D1ED2E7B900EC5503 /* Sjurpriz-slow.mp3 */; };
		987682141ED2E7C600EC5503 /* Svezhyj-fast.mp3 in Resources */ = {isa = PBXBuildFile; fileRef = 987682111ED2E7C600EC5503 /* Svezhyj-fast.mp3 */; };
		987682151ED2E7C600EC5503 /* Svezhyj-mid.mp3 in Resources */ = {isa = PBXBuildFile; fileRef = 987682121ED2E7C600EC5503 /* Svezhyj-mid.mp3 */; };
		987682161ED2E7C600EC5503 /* Svezhyj-slow.mp3 in Resources */ = {isa = PBXBuildFile; fileRef = 987682131ED2E7C600EC5503 /* Svezhyj-slow.mp3 */; };
		9876821A1ED2E7D100EC5503 /* ZakoldovannyjKrug-fast.mp3 in Resources */ = {isa = PBXBuildFile; fileRef = 987682171ED2E7D100EC5503 /* ZakoldovannyjKrug-fast.mp3 */; };
		9876821B1ED2E7D100EC5503 /* ZakoldovannyjKrug-mid.mp3 in Resources */ = {isa = PBXBuildFile; fileRef = 987682181ED2E7D100EC5503 /* ZakoldovannyjKrug-mid.mp3 */; };
		9876821C1ED2E7D100EC5503 /* ZakoldovannyjKrug-slow.mp3 in Resources */ = {isa = PBXBuildFile; fileRef = 987682191ED2E7D100EC5503 /* ZakoldovannyjKrug-slow.mp3 */; };
		987D34ED1E798A76008434A8 /* SettingButton.swift in Sources */ = {isa = PBXBuildFile; fileRef = 987D34EC1E798A76008434A8 /* SettingButton.swift */; };
		987D34F21E7AE3EE008434A8 /* Main.storyboard in Resources */ = {isa = PBXBuildFile; fileRef = 987D34F01E7AE3EE008434A8 /* Main.storyboard */; };
		987D34F41E7D2B0F008434A8 /* SpeedButton.swift in Sources */ = {isa = PBXBuildFile; fileRef = 987D34F31E7D2B0F008434A8 /* SpeedButton.swift */; };
		987D351C1E7DB768008434A8 /* preferedReadingSpeed.swift in Sources */ = {isa = PBXBuildFile; fileRef = 987D351B1E7DB768008434A8 /* preferedReadingSpeed.swift */; };
		987D351F1E7E9AB9008434A8 /* InviteFriendButton.swift in Sources */ = {isa = PBXBuildFile; fileRef = 987D351E1E7E9AB9008434A8 /* InviteFriendButton.swift */; };
		987E15041E6173230080C9B6 /* TraductedText.swift in Sources */ = {isa = PBXBuildFile; fileRef = 987E15031E6173230080C9B6 /* TraductedText.swift */; };
		987E15081E61803F0080C9B6 /* AddTraductionVocForText.swift in Sources */ = {isa = PBXBuildFile; fileRef = 987E15071E61803F0080C9B6 /* AddTraductionVocForText.swift */; };
		98822AF81EBEDF0700C57038 /* Main.strings in Resources */ = {isa = PBXBuildFile; fileRef = 98822AF61EBEDF0700C57038 /* Main.strings */; };
		98822AFA1EC0689F00C57038 /* Conf.swift in Sources */ = {isa = PBXBuildFile; fileRef = 98822AF91EC0689F00C57038 /* Conf.swift */; };
		988A72BC1E352DF600BDE635 /* AppDelegate.swift in Sources */ = {isa = PBXBuildFile; fileRef = 988A72BB1E352DF600BDE635 /* AppDelegate.swift */; };
		988A72C51E352DF600BDE635 /* Assets.xcassets in Resources */ = {isa = PBXBuildFile; fileRef = 988A72C41E352DF600BDE635 /* Assets.xcassets */; };
		988A72C81E352DF600BDE635 /* LaunchScreen.storyboard in Resources */ = {isa = PBXBuildFile; fileRef = 988A72C61E352DF600BDE635 /* LaunchScreen.storyboard */; };
		988A72D31E352DF600BDE635 /* LearnByLearningTests.swift in Sources */ = {isa = PBXBuildFile; fileRef = 988A72D21E352DF600BDE635 /* LearnByLearningTests.swift */; };
		988A72DE1E352DF600BDE635 /* LearnByLearningUITests.swift in Sources */ = {isa = PBXBuildFile; fileRef = 988A72DD1E352DF600BDE635 /* LearnByLearningUITests.swift */; };
		988A72EC1E352EEA00BDE635 /* Home.swift in Sources */ = {isa = PBXBuildFile; fileRef = 988A72EB1E352EEA00BDE635 /* Home.swift */; };
		988A72F01E352F6E00BDE635 /* ReadTextTabBarController.swift in Sources */ = {isa = PBXBuildFile; fileRef = 988A72EF1E352F6E00BDE635 /* ReadTextTabBarController.swift */; };
		988A72F91E367A3500BDE635 /* VocForText.swift in Sources */ = {isa = PBXBuildFile; fileRef = 988A72F81E367A3500BDE635 /* VocForText.swift */; };
		989514921ECB3C00003FBC1B /* The Sack Garden.swift in Sources */ = {isa = PBXBuildFile; fileRef = 989514911ECB3C00003FBC1B /* The Sack Garden.swift */; };
		989514941ECB3C1D003FBC1B /* Val's Garden.swift in Sources */ = {isa = PBXBuildFile; fileRef = 989514931ECB3C1D003FBC1B /* Val's Garden.swift */; };
		989514961ECB3CB5003FBC1B /* Raven and the First People.swift in Sources */ = {isa = PBXBuildFile; fileRef = 989514951ECB3CB5003FBC1B /* Raven and the First People.swift */; };
		989514981ECB3CC0003FBC1B /* Raven steals the Light.swift in Sources */ = {isa = PBXBuildFile; fileRef = 989514971ECB3CC0003FBC1B /* Raven steals the Light.swift */; };
		9895149D1ECB3CEB003FBC1B /* The choking dog (Part 1).swift in Sources */ = {isa = PBXBuildFile; fileRef = 9895149C1ECB3CEB003FBC1B /* The choking dog (Part 1).swift */; };
		989514A01ECB3CFC003FBC1B /* The choking dog (Part 2).swift in Sources */ = {isa = PBXBuildFile; fileRef = 9895149F1ECB3CFC003FBC1B /* The choking dog (Part 2).swift */; };
		989514A31ECB3D0B003FBC1B /* The Most Amazing Structure on Earth.swift in Sources */ = {isa = PBXBuildFile; fileRef = 989514A21ECB3D0B003FBC1B /* The Most Amazing Structure on Earth.swift */; };
		989514A61ECB3D21003FBC1B /* From Carrots to Renovations (Part 1).swift in Sources */ = {isa = PBXBuildFile; fileRef = 989514A51ECB3D21003FBC1B /* From Carrots to Renovations (Part 1).swift */; };
		989514A91ECB3D35003FBC1B /* From Carrots to Renovations (Part 2).swift in Sources */ = {isa = PBXBuildFile; fileRef = 989514A81ECB3D35003FBC1B /* From Carrots to Renovations (Part 2).swift */; };
		989514AC1ECB3D4D003FBC1B /* The Causes of Floods.swift in Sources */ = {isa = PBXBuildFile; fileRef = 989514AB1ECB3D4D003FBC1B /* The Causes of Floods.swift */; };
		98D00EE31EC32686004030D0 /* foldlFunction.swift in Sources */ = {isa = PBXBuildFile; fileRef = 98D00EE21EC32686004030D0 /* foldlFunction.swift */; };
		98D73E141E369C1800BAF0C1 /* ReadTextOriginal.swift in Sources */ = {isa = PBXBuildFile; fileRef = 98D73E131E369C1800BAF0C1 /* ReadTextOriginal.swift */; };
		98D73E161E369C7A00BAF0C1 /* ReadTextTraduction.swift in Sources */ = {isa = PBXBuildFile; fileRef = 98D73E151E369C7A00BAF0C1 /* ReadTextTraduction.swift */; };
		98DDC6CB1E7453A6004A367C /* Color.swift in Sources */ = {isa = PBXBuildFile; fileRef = 98DDC6CA1E7453A6004A367C /* Color.swift */; };
		98E538B51E8059040067E639 /* El jardín de Val.swift in Sources */ = {isa = PBXBuildFile; fileRef = 98E538B41E8059040067E639 /* El jardín de Val.swift */; };
		98E538B71E80596F0067E639 /* TemplateText .swift in Sources */ = {isa = PBXBuildFile; fileRef = 98E538B61E80596F0067E639 /* TemplateText .swift */; };
		98E8BB121E4CE1A4002134B0 /* MenuViewController.swift in Sources */ = {isa = PBXBuildFile; fileRef = 98E8BB111E4CE1A4002134B0 /* MenuViewController.swift */; };
		98E8BB141E4CE1C9002134B0 /* MenuCell.swift in Sources */ = {isa = PBXBuildFile; fileRef = 98E8BB131E4CE1C9002134B0 /* MenuCell.swift */; };
		98E8BB1A1E4CEF00002134B0 /* Localisator.swift in Sources */ = {isa = PBXBuildFile; fileRef = 98E8BB191E4CEF00002134B0 /* Localisator.swift */; };
		98E8BB221E4CF375002134B0 /* MyLanguagesViewController.swift in Sources */ = {isa = PBXBuildFile; fileRef = 98E8BB211E4CF375002134B0 /* MyLanguagesViewController.swift */; };
		98E8BB251E4CF39D002134B0 /* SettingsViewController.swift in Sources */ = {isa = PBXBuildFile; fileRef = 98E8BB241E4CF39D002134B0 /* SettingsViewController.swift */; };
		98E8BB271E4CF3B4002134B0 /* InviteFriendViewController.swift in Sources */ = {isa = PBXBuildFile; fileRef = 98E8BB261E4CF3B4002134B0 /* InviteFriendViewController.swift */; };
		98E8BB291E4CF3DF002134B0 /* GradeAppViewController.swift in Sources */ = {isa = PBXBuildFile; fileRef = 98E8BB281E4CF3DF002134B0 /* GradeAppViewController.swift */; };
		98EC9EF71E4D012B0062F9F2 /* Localizable.strings in Resources */ = {isa = PBXBuildFile; fileRef = 98EC9EF31E4D012B0062F9F2 /* Localizable.strings */; };
		98EC9EF81E4D012B0062F9F2 /* InfoPlist.strings in Resources */ = {isa = PBXBuildFile; fileRef = 98EC9EF51E4D012B0062F9F2 /* InfoPlist.strings */; };
		98EC9F021E4DB40E0062F9F2 /* CurrentLanguageCell.swift in Sources */ = {isa = PBXBuildFile; fileRef = 98EC9F011E4DB40E0062F9F2 /* CurrentLanguageCell.swift */; };
/* End PBXBuildFile section */

/* Begin PBXContainerItemProxy section */
		988A72CF1E352DF600BDE635 /* PBXContainerItemProxy */ = {
			isa = PBXContainerItemProxy;
			containerPortal = 988A72B01E352DF600BDE635 /* Project object */;
			proxyType = 1;
			remoteGlobalIDString = 988A72B71E352DF600BDE635;
			remoteInfo = LearnByLearning;
		};
		988A72DA1E352DF600BDE635 /* PBXContainerItemProxy */ = {
			isa = PBXContainerItemProxy;
			containerPortal = 988A72B01E352DF600BDE635 /* Project object */;
			proxyType = 1;
			remoteGlobalIDString = 988A72B71E352DF600BDE635;
			remoteInfo = LearnByLearning;
		};
/* End PBXContainerItemProxy section */

/* Begin PBXFileReference section */
		981F89601E7F1C8F00D1BF9D /* languageCollecVCell.swift */ = {isa = PBXFileReference; fileEncoding = 4; lastKnownFileType = sourcecode.swift; path = languageCollecVCell.swift; sourceTree = "<group>"; };
		981F89621E7F1CCC00D1BF9D /* ChooseLanguageToLearnCollectionVC.swift */ = {isa = PBXFileReference; fileEncoding = 4; lastKnownFileType = sourcecode.swift; path = ChooseLanguageToLearnCollectionVC.swift; sourceTree = "<group>"; };
		981F896B1E80457800D1BF9D /* GM Food.swift */ = {isa = PBXFileReference; fileEncoding = 4; lastKnownFileType = sourcecode.swift; path = "GM Food.swift"; sourceTree = "<group>"; };
		9821944E1E8BA70600043300 /* ChoosePaymentPlanCV.swift */ = {isa = PBXFileReference; fileEncoding = 4; lastKnownFileType = sourcecode.swift; path = ChoosePaymentPlanCV.swift; sourceTree = "<group>"; };
		982194501E8BA72300043300 /* ChoosePaymentPlanButton.swift */ = {isa = PBXFileReference; fileEncoding = 4; lastKnownFileType = sourcecode.swift; path = ChoosePaymentPlanButton.swift; sourceTree = "<group>"; };
		982194521E8BF21100043300 /* HighlightChoosePaymentPlanButtonView.swift */ = {isa = PBXFileReference; fileEncoding = 4; lastKnownFileType = sourcecode.swift; path = HighlightChoosePaymentPlanButtonView.swift; sourceTree = "<group>"; };
		982194551E8C033C00043300 /* StoreManager.swift */ = {isa = PBXFileReference; fileEncoding = 4; lastKnownFileType = sourcecode.swift; path = StoreManager.swift; sourceTree = "<group>"; };
		982194581E8CD7E000043300 /* SideMenuManager.swift */ = {isa = PBXFileReference; fileEncoding = 4; lastKnownFileType = sourcecode.swift; path = SideMenuManager.swift; sourceTree = "<group>"; };
		982194591E8CD7E000043300 /* SideMenuTransition.swift */ = {isa = PBXFileReference; fileEncoding = 4; lastKnownFileType = sourcecode.swift; path = SideMenuTransition.swift; sourceTree = "<group>"; };
		9821945A1E8CD7E000043300 /* UISideMenuNavigationController.swift */ = {isa = PBXFileReference; fileEncoding = 4; lastKnownFileType = sourcecode.swift; path = UISideMenuNavigationController.swift; sourceTree = "<group>"; };
		9821945B1E8CD7E000043300 /* UITableViewVibrantCell.swift */ = {isa = PBXFileReference; fileEncoding = 4; lastKnownFileType = sourcecode.swift; path = UITableViewVibrantCell.swift; sourceTree = "<group>"; };
		98226BD11E7408BC00060F26 /* HomeCell.swift */ = {isa = PBXFileReference; fileEncoding = 4; lastKnownFileType = sourcecode.swift; path = HomeCell.swift; sourceTree = "<group>"; };
		9823AE861E61CD4E00AB376C /* Word.swift */ = {isa = PBXFileReference; fileEncoding = 4; lastKnownFileType = sourcecode.swift; path = Word.swift; sourceTree = "<group>"; };
		9823AE881E61CFA400AB376C /* TextsData.swift */ = {isa = PBXFileReference; fileEncoding = 4; lastKnownFileType = sourcecode.swift; path = TextsData.swift; sourceTree = "<group>"; };
		9823AE8A1E61D74200AB376C /* UserSave.swift */ = {isa = PBXFileReference; fileEncoding = 4; lastKnownFileType = sourcecode.swift; path = UserSave.swift; sourceTree = "<group>"; };
		9823AE8D1E652A9B00AB376C /* MessageUI.framework */ = {isa = PBXFileReference; lastKnownFileType = wrapper.framework; name = MessageUI.framework; path = System/Library/Frameworks/MessageUI.framework; sourceTree = SDKROOT; };
		9823AE8F1E65783800AB376C /* HelpViewController.swift */ = {isa = PBXFileReference; fileEncoding = 4; lastKnownFileType = sourcecode.swift; path = HelpViewController.swift; sourceTree = "<group>"; };
		9823AE911E65CBA800AB376C /* LearningLang.swift */ = {isa = PBXFileReference; fileEncoding = 4; lastKnownFileType = sourcecode.swift; path = LearningLang.swift; sourceTree = "<group>"; };
		9823AE931E65CBBC00AB376C /* Lang.swift */ = {isa = PBXFileReference; fileEncoding = 4; lastKnownFileType = sourcecode.swift; path = Lang.swift; sourceTree = "<group>"; };
		9823AE971E66028200AB376C /* LanguageNav.swift */ = {isa = PBXFileReference; fileEncoding = 4; lastKnownFileType = sourcecode.swift; path = LanguageNav.swift; sourceTree = "<group>"; };
		9823AE9A1E66E3B800AB376C /* es */ = {isa = PBXFileReference; lastKnownFileType = text.plist.strings; name = es; path = es.lproj/Localizable.strings; sourceTree = "<group>"; };
		9823AE9B1E66E3B800AB376C /* es */ = {isa = PBXFileReference; lastKnownFileType = text.plist.strings; name = es; path = es.lproj/InfoPlist.strings; sourceTree = "<group>"; };
		9824F6C91ED5832300B117B8 /* RevisionVocVC.swift */ = {isa = PBXFileReference; fileEncoding = 4; lastKnownFileType = sourcecode.swift; path = RevisionVocVC.swift; sourceTree = "<group>"; };
		9824F6CB1ED584E500B117B8 /* Sounds.swift */ = {isa = PBXFileReference; fileEncoding = 4; lastKnownFileType = sourcecode.swift; path = Sounds.swift; sourceTree = "<group>"; };
		9824F6CF1ED5902600B117B8 /* VocRevisionHeader.swift */ = {isa = PBXFileReference; fileEncoding = 4; lastKnownFileType = sourcecode.swift; path = VocRevisionHeader.swift; sourceTree = "<group>"; };
		9824F6D01ED5902600B117B8 /* VocRevisionHeader.xib */ = {isa = PBXFileReference; fileEncoding = 4; lastKnownFileType = file.xib; path = VocRevisionHeader.xib; sourceTree = "<group>"; };
		9826BB081E94FB4A00E7CD1E /* Свежий.swift */ = {isa = PBXFileReference; fileEncoding = 4; lastKnownFileType = sourcecode.swift; path = "Свежий.swift"; sourceTree = "<group>"; };
		9826BB0B1E95096B00E7CD1E /* Заколдованный круг.swift */ = {isa = PBXFileReference; fileEncoding = 4; lastKnownFileType = sourcecode.swift; path = "Заколдованный круг.swift"; sourceTree = "<group>"; };
		9826BB0D1E95099100E7CD1E /* Сюрприз.swift */ = {isa = PBXFileReference; fileEncoding = 4; lastKnownFileType = sourcecode.swift; path = "Сюрприз.swift"; sourceTree = "<group>"; };
		9826BB0F1E9509C000E7CD1E /* Алиби.swift */ = {isa = PBXFileReference; fileEncoding = 4; lastKnownFileType = sourcecode.swift; path = "Алиби.swift"; sourceTree = "<group>"; };
		9826BB151E9509F200E7CD1E /* Проверка.swift */ = {isa = PBXFileReference; fileEncoding = 4; lastKnownFileType = sourcecode.swift; path = "Проверка.swift"; sourceTree = "<group>"; };
		9826BB181E950A1400E7CD1E /* Быть как все.swift */ = {isa = PBXFileReference; fileEncoding = 4; lastKnownFileType = sourcecode.swift; path = "Быть как все.swift"; sourceTree = "<group>"; };
		9826BB1B1E950A3000E7CD1E /* Мы и налоги.swift */ = {isa = PBXFileReference; fileEncoding = 4; lastKnownFileType = sourcecode.swift; path = "Мы и налоги.swift"; sourceTree = "<group>"; };
		982D2AF01E9C24A400B590B1 /* YourAbonnementVC.swift */ = {isa = PBXFileReference; fileEncoding = 4; lastKnownFileType = sourcecode.swift; path = YourAbonnementVC.swift; sourceTree = "<group>"; };
		982ECD471E8F9234003B66F9 /* CreditsVC.swift */ = {isa = PBXFileReference; fileEncoding = 4; lastKnownFileType = sourcecode.swift; path = CreditsVC.swift; sourceTree = "<group>"; };
		982ECD491E8FA0A3003B66F9 /* ReceiptManager.swift */ = {isa = PBXFileReference; fileEncoding = 4; lastKnownFileType = sourcecode.swift; path = ReceiptManager.swift; sourceTree = "<group>"; };
		982ECD4B1E9120EA003B66F9 /* WaitAlert.swift */ = {isa = PBXFileReference; fileEncoding = 4; lastKnownFileType = sourcecode.swift; path = WaitAlert.swift; sourceTree = "<group>"; };
		983B529C1E4F8BDA004F820F /* TraductionCell.swift */ = {isa = PBXFileReference; fileEncoding = 4; lastKnownFileType = sourcecode.swift; path = TraductionCell.swift; sourceTree = "<group>"; };
		983B529E1E4F8BEC004F820F /* AddTraductionCell.swift */ = {isa = PBXFileReference; fileEncoding = 4; lastKnownFileType = sourcecode.swift; path = AddTraductionCell.swift; sourceTree = "<group>"; };
		983B52A31E50E378004F820F /* AddText.swift */ = {isa = PBXFileReference; fileEncoding = 4; lastKnownFileType = sourcecode.swift; path = AddText.swift; sourceTree = "<group>"; };
		983B52A51E50E45A004F820F /* AddTextCell.swift */ = {isa = PBXFileReference; fileEncoding = 4; lastKnownFileType = sourcecode.swift; path = AddTextCell.swift; sourceTree = "<group>"; };
		987681AD1ED1C48900EC5503 /* PrivatePolicyVC.swift */ = {isa = PBXFileReference; fileEncoding = 4; lastKnownFileType = sourcecode.swift; path = PrivatePolicyVC.swift; sourceTree = "<group>"; };
		987681AF1ED1C4A800EC5503 /* TermConditionVC.swift */ = {isa = PBXFileReference; fileEncoding = 4; lastKnownFileType = sourcecode.swift; path = TermConditionVC.swift; sourceTree = "<group>"; };
		987681B11ED2E4FA00EC5503 /* From_Carrots_to_Renovations_1-fast.mp3 */ = {isa = PBXFileReference; lastKnownFileType = audio.mp3; path = "From_Carrots_to_Renovations_1-fast.mp3"; sourceTree = "<group>"; };
		987681B21ED2E4FA00EC5503 /* From_Carrots_to_Renovations_1-mid.mp3 */ = {isa = PBXFileReference; lastKnownFileType = audio.mp3; path = "From_Carrots_to_Renovations_1-mid.mp3"; sourceTree = "<group>"; };
		987681B31ED2E4FA00EC5503 /* From_Carrots_to_Renovations_1-slow.mp3 */ = {isa = PBXFileReference; lastKnownFileType = audio.mp3; path = "From_Carrots_to_Renovations_1-slow.mp3"; sourceTree = "<group>"; };
		987681B71ED2E50B00EC5503 /* From_Carrots_to_Renovations_2-fast.mp3 */ = {isa = PBXFileReference; lastKnownFileType = audio.mp3; path = "From_Carrots_to_Renovations_2-fast.mp3"; sourceTree = "<group>"; };
		987681B81ED2E50B00EC5503 /* From_Carrots_to_Renovations_2-mid.mp3 */ = {isa = PBXFileReference; lastKnownFileType = audio.mp3; path = "From_Carrots_to_Renovations_2-mid.mp3"; sourceTree = "<group>"; };
		987681B91ED2E50B00EC5503 /* From_Carrots_to_Renovations_2-slow.mp3 */ = {isa = PBXFileReference; lastKnownFileType = audio.mp3; path = "From_Carrots_to_Renovations_2-slow.mp3"; sourceTree = "<group>"; };
		987681BD1ED2E53600EC5503 /* GM_Food-fast.mp3 */ = {isa = PBXFileReference; lastKnownFileType = audio.mp3; path = "GM_Food-fast.mp3"; sourceTree = "<group>"; };
		987681BE1ED2E53600EC5503 /* GM_Food-mid.mp3 */ = {isa = PBXFileReference; lastKnownFileType = audio.mp3; path = "GM_Food-mid.mp3"; sourceTree = "<group>"; };
		987681BF1ED2E53600EC5503 /* GM_Food-slow.mp3 */ = {isa = PBXFileReference; lastKnownFileType = audio.mp3; path = "GM_Food-slow.mp3"; sourceTree = "<group>"; };
		987681C31ED2E54200EC5503 /* Raven_and_the_First_People-fast.mp3 */ = {isa = PBXFileReference; lastKnownFileType = audio.mp3; path = "Raven_and_the_First_People-fast.mp3"; sourceTree = "<group>"; };
		987681C41ED2E54200EC5503 /* Raven_and_the_First_People-mid.mp3 */ = {isa = PBXFileReference; lastKnownFileType = audio.mp3; path = "Raven_and_the_First_People-mid.mp3"; sourceTree = "<group>"; };
		987681C51ED2E54200EC5503 /* Raven_and_the_First_People-slow.mp3 */ = {isa = PBXFileReference; lastKnownFileType = audio.mp3; path = "Raven_and_the_First_People-slow.mp3"; sourceTree = "<group>"; };
		987681C91ED2E55300EC5503 /* Raven_steals_the_Light-fast.mp3 */ = {isa = PBXFileReference; lastKnownFileType = audio.mp3; path = "Raven_steals_the_Light-fast.mp3"; sourceTree = "<group>"; };
		987681CA1ED2E55300EC5503 /* Raven_steals_the_Light-mid.mp3 */ = {isa = PBXFileReference; lastKnownFileType = audio.mp3; path = "Raven_steals_the_Light-mid.mp3"; sourceTree = "<group>"; };
		987681CB1ED2E55300EC5503 /* Raven_steals_the_Light-slow.mp3 */ = {isa = PBXFileReference; lastKnownFileType = audio.mp3; path = "Raven_steals_the_Light-slow.mp3"; sourceTree = "<group>"; };
		987681CF1ED2E56E00EC5503 /* The_Causes_of_Floods-fast.mp3 */ = {isa = PBXFileReference; lastKnownFileType = audio.mp3; path = "The_Causes_of_Floods-fast.mp3"; sourceTree = "<group>"; };
		987681D01ED2E56E00EC5503 /* The_Causes_of_Floods-mid.mp3 */ = {isa = PBXFileReference; lastKnownFileType = audio.mp3; path = "The_Causes_of_Floods-mid.mp3"; sourceTree = "<group>"; };
		987681D11ED2E56E00EC5503 /* The_Causes_of_Floods-slow.mp3 */ = {isa = PBXFileReference; lastKnownFileType = audio.mp3; path = "The_Causes_of_Floods-slow.mp3"; sourceTree = "<group>"; };
		987681D51ED2E5B700EC5503 /* The_choking_dog_1-fast.mp3 */ = {isa = PBXFileReference; lastKnownFileType = audio.mp3; path = "The_choking_dog_1-fast.mp3"; sourceTree = "<group>"; };
		987681D61ED2E5B700EC5503 /* The_choking_dog_1-mid.mp3 */ = {isa = PBXFileReference; lastKnownFileType = audio.mp3; path = "The_choking_dog_1-mid.mp3"; sourceTree = "<group>"; };
		987681D71ED2E5B700EC5503 /* The_choking_dog_1-slow.mp3 */ = {isa = PBXFileReference; lastKnownFileType = audio.mp3; path = "The_choking_dog_1-slow.mp3"; sourceTree = "<group>"; };
		987681DB1ED2E5C300EC5503 /* The_choking_dog_2-fast.mp3 */ = {isa = PBXFileReference; lastKnownFileType = audio.mp3; path = "The_choking_dog_2-fast.mp3"; sourceTree = "<group>"; };
		987681DC1ED2E5C300EC5503 /* The_choking_dog_2-mid.mp3 */ = {isa = PBXFileReference; lastKnownFileType = audio.mp3; path = "The_choking_dog_2-mid.mp3"; sourceTree = "<group>"; };
		987681DD1ED2E5C300EC5503 /* The_choking_dog_2-slow.mp3 */ = {isa = PBXFileReference; lastKnownFileType = audio.mp3; path = "The_choking_dog_2-slow.mp3"; sourceTree = "<group>"; };
		987681E11ED2E5D000EC5503 /* The_Most_Amazing_Structure-fast.mp3 */ = {isa = PBXFileReference; lastKnownFileType = audio.mp3; path = "The_Most_Amazing_Structure-fast.mp3"; sourceTree = "<group>"; };
		987681E21ED2E5D000EC5503 /* The_Most_Amazing_Structure-mid.mp3 */ = {isa = PBXFileReference; lastKnownFileType = audio.mp3; path = "The_Most_Amazing_Structure-mid.mp3"; sourceTree = "<group>"; };
		987681E31ED2E5D000EC5503 /* The_Most_Amazing_Structure-slow.mp3 */ = {isa = PBXFileReference; lastKnownFileType = audio.mp3; path = "The_Most_Amazing_Structure-slow.mp3"; sourceTree = "<group>"; };
		987681E71ED2E5E200EC5503 /* The_Sack_Garden-fast.mp3 */ = {isa = PBXFileReference; lastKnownFileType = audio.mp3; path = "The_Sack_Garden-fast.mp3"; sourceTree = "<group>"; };
		987681E81ED2E5E200EC5503 /* The_Sack_Garden-mid.mp3 */ = {isa = PBXFileReference; lastKnownFileType = audio.mp3; path = "The_Sack_Garden-mid.mp3"; sourceTree = "<group>"; };
		987681E91ED2E5E200EC5503 /* The_Sack_Garden-slow.mp3 */ = {isa = PBXFileReference; lastKnownFileType = audio.mp3; path = "The_Sack_Garden-slow.mp3"; sourceTree = "<group>"; };
		987681ED1ED2E5ED00EC5503 /* Vals_Garden-fast.mp3 */ = {isa = PBXFileReference; lastKnownFileType = audio.mp3; path = "Vals_Garden-fast.mp3"; sourceTree = "<group>"; };
		987681EE1ED2E5ED00EC5503 /* Vals_Garden-mid.mp3 */ = {isa = PBXFileReference; lastKnownFileType = audio.mp3; path = "Vals_Garden-mid.mp3"; sourceTree = "<group>"; };
		987681EF1ED2E5ED00EC5503 /* Vals_Garden-slow.mp3 */ = {isa = PBXFileReference; lastKnownFileType = audio.mp3; path = "Vals_Garden-slow.mp3"; sourceTree = "<group>"; };
		987681F31ED2E78900EC5503 /* Alibi-fast.mp3 */ = {isa = PBXFileReference; lastKnownFileType = audio.mp3; path = "Alibi-fast.mp3"; sourceTree = "<group>"; };
		987681F41ED2E78900EC5503 /* Alibi-mid.mp3 */ = {isa = PBXFileReference; lastKnownFileType = audio.mp3; path = "Alibi-mid.mp3"; sourceTree = "<group>"; };
		987681F51ED2E78900EC5503 /* Alibi-slow.mp3 */ = {isa = PBXFileReference; lastKnownFileType = audio.mp3; path = "Alibi-slow.mp3"; sourceTree = "<group>"; };
		987681F91ED2E79500EC5503 /* BytiKakVse-fast.mp3 */ = {isa = PBXFileReference; lastKnownFileType = audio.mp3; path = "BytiKakVse-fast.mp3"; sourceTree = "<group>"; };
		987681FA1ED2E79500EC5503 /* BytiKakVse-mid.mp3 */ = {isa = PBXFileReference; lastKnownFileType = audio.mp3; path = "BytiKakVse-mid.mp3"; sourceTree = "<group>"; };
		987681FB1ED2E79500EC5503 /* BytiKakVse-slow.mp3 */ = {isa = PBXFileReference; lastKnownFileType = audio.mp3; path = "BytiKakVse-slow.mp3"; sourceTree = "<group>"; };
		987681FF1ED2E7A200EC5503 /* MyINalogi-fast.mp3 */ = {isa = PBXFileReference; lastKnownFileType = audio.mp3; path = "MyINalogi-fast.mp3"; sourceTree = "<group>"; };
		987682001ED2E7A200EC5503 /* MyINalogi-mid.mp3 */ = {isa = PBXFileReference; lastKnownFileType = audio.mp3; path = "MyINalogi-mid.mp3"; sourceTree = "<group>"; };
		987682011ED2E7A200EC5503 /* MyINalogi-slow.mp3 */ = {isa = PBXFileReference; lastKnownFileType = audio.mp3; path = "MyINalogi-slow.mp3"; sourceTree = "<group>"; };
		987682051ED2E7AD00EC5503 /* Proverka-fast.mp3 */ = {isa = PBXFileReference; lastKnownFileType = audio.mp3; path = "Proverka-fast.mp3"; sourceTree = "<group>"; };
		987682061ED2E7AD00EC5503 /* Proverka-mid.mp3 */ = {isa = PBXFileReference; lastKnownFileType = audio.mp3; path = "Proverka-mid.mp3"; sourceTree = "<group>"; };
		987682071ED2E7AD00EC5503 /* Proverka-slow.mp3 */ = {isa = PBXFileReference; lastKnownFileType = audio.mp3; path = "Proverka-slow.mp3"; sourceTree = "<group>"; };
		9876820B1ED2E7B900EC5503 /* Sjurpriz-fast.mp3 */ = {isa = PBXFileReference; lastKnownFileType = audio.mp3; path = "Sjurpriz-fast.mp3"; sourceTree = "<group>"; };
		9876820C1ED2E7B900EC5503 /* Sjurpriz-mid.mp3 */ = {isa = PBXFileReference; lastKnownFileType = audio.mp3; path = "Sjurpriz-mid.mp3"; sourceTree = "<group>"; };
		9876820D1ED2E7B900EC5503 /* Sjurpriz-slow.mp3 */ = {isa = PBXFileReference; lastKnownFileType = audio.mp3; path = "Sjurpriz-slow.mp3"; sourceTree = "<group>"; };
		987682111ED2E7C600EC5503 /* Svezhyj-fast.mp3 */ = {isa = PBXFileReference; lastKnownFileType = audio.mp3; path = "Svezhyj-fast.mp3"; sourceTree = "<group>"; };
		987682121ED2E7C600EC5503 /* Svezhyj-mid.mp3 */ = {isa = PBXFileReference; lastKnownFileType = audio.mp3; path = "Svezhyj-mid.mp3"; sourceTree = "<group>"; };
		987682131ED2E7C600EC5503 /* Svezhyj-slow.mp3 */ = {isa = PBXFileReference; lastKnownFileType = audio.mp3; path = "Svezhyj-slow.mp3"; sourceTree = "<group>"; };
		987682171ED2E7D100EC5503 /* ZakoldovannyjKrug-fast.mp3 */ = {isa = PBXFileReference; lastKnownFileType = audio.mp3; path = "ZakoldovannyjKrug-fast.mp3"; sourceTree = "<group>"; };
		987682181ED2E7D100EC5503 /* ZakoldovannyjKrug-mid.mp3 */ = {isa = PBXFileReference; lastKnownFileType = audio.mp3; path = "ZakoldovannyjKrug-mid.mp3"; sourceTree = "<group>"; };
		987682191ED2E7D100EC5503 /* ZakoldovannyjKrug-slow.mp3 */ = {isa = PBXFileReference; lastKnownFileType = audio.mp3; path = "ZakoldovannyjKrug-slow.mp3"; sourceTree = "<group>"; };
		987D34EC1E798A76008434A8 /* SettingButton.swift */ = {isa = PBXFileReference; fileEncoding = 4; lastKnownFileType = sourcecode.swift; path = SettingButton.swift; sourceTree = "<group>"; };
		987D34F11E7AE3EE008434A8 /* Base */ = {isa = PBXFileReference; lastKnownFileType = file.storyboard; name = Base; path = LearnByLearning/Base.lproj/Main.storyboard; sourceTree = "<group>"; };
		987D34F31E7D2B0F008434A8 /* SpeedButton.swift */ = {isa = PBXFileReference; fileEncoding = 4; lastKnownFileType = sourcecode.swift; path = SpeedButton.swift; sourceTree = "<group>"; };
		987D351B1E7DB768008434A8 /* preferedReadingSpeed.swift */ = {isa = PBXFileReference; fileEncoding = 4; lastKnownFileType = sourcecode.swift; path = preferedReadingSpeed.swift; sourceTree = "<group>"; };
		987D351E1E7E9AB9008434A8 /* InviteFriendButton.swift */ = {isa = PBXFileReference; fileEncoding = 4; lastKnownFileType = sourcecode.swift; path = InviteFriendButton.swift; sourceTree = "<group>"; };
		987E15031E6173230080C9B6 /* TraductedText.swift */ = {isa = PBXFileReference; fileEncoding = 4; lastKnownFileType = sourcecode.swift; path = TraductedText.swift; sourceTree = "<group>"; };
		987E15071E61803F0080C9B6 /* AddTraductionVocForText.swift */ = {isa = PBXFileReference; fileEncoding = 4; lastKnownFileType = sourcecode.swift; path = AddTraductionVocForText.swift; sourceTree = "<group>"; };
		98822AF01EBEDE9200C57038 /* de */ = {isa = PBXFileReference; lastKnownFileType = text.plist.strings; name = de; path = de.lproj/LaunchScreen.strings; sourceTree = "<group>"; };
		98822AF11EBEDED000C57038 /* de */ = {isa = PBXFileReference; lastKnownFileType = text.plist.strings; name = de; path = de.lproj/Localizable.strings; sourceTree = "<group>"; };
		98822AF21EBEDED000C57038 /* de */ = {isa = PBXFileReference; lastKnownFileType = text.plist.strings; name = de; path = de.lproj/InfoPlist.strings; sourceTree = "<group>"; };
		98822AF31EBEDEF200C57038 /* ru */ = {isa = PBXFileReference; lastKnownFileType = text.plist.strings; name = ru; path = ru.lproj/LaunchScreen.strings; sourceTree = "<group>"; };
		98822AF41EBEDF0700C57038 /* ru */ = {isa = PBXFileReference; lastKnownFileType = text.plist.strings; name = ru; path = ru.lproj/InfoPlist.strings; sourceTree = "<group>"; };
		98822AF51EBEDF0700C57038 /* ru */ = {isa = PBXFileReference; lastKnownFileType = text.plist.strings; name = ru; path = ru.lproj/Localizable.strings; sourceTree = "<group>"; };
		98822AF71EBEDF0700C57038 /* ru */ = {isa = PBXFileReference; lastKnownFileType = text.plist.strings; name = ru; path = ru.lproj/Main.strings; sourceTree = "<group>"; };
		98822AF91EC0689F00C57038 /* Conf.swift */ = {isa = PBXFileReference; fileEncoding = 4; lastKnownFileType = sourcecode.swift; path = Conf.swift; sourceTree = "<group>"; };
		988A72B81E352DF600BDE635 /* LearnByLearning.app */ = {isa = PBXFileReference; explicitFileType = wrapper.application; includeInIndex = 0; path = LearnByLearning.app; sourceTree = BUILT_PRODUCTS_DIR; };
		988A72BB1E352DF600BDE635 /* AppDelegate.swift */ = {isa = PBXFileReference; lastKnownFileType = sourcecode.swift; path = AppDelegate.swift; sourceTree = "<group>"; };
		988A72C41E352DF600BDE635 /* Assets.xcassets */ = {isa = PBXFileReference; lastKnownFileType = folder.assetcatalog; path = Assets.xcassets; sourceTree = "<group>"; };
		988A72C71E352DF600BDE635 /* Base */ = {isa = PBXFileReference; lastKnownFileType = file.storyboard; name = Base; path = Base.lproj/LaunchScreen.storyboard; sourceTree = "<group>"; };
		988A72C91E352DF600BDE635 /* Info.plist */ = {isa = PBXFileReference; lastKnownFileType = text.plist.xml; path = Info.plist; sourceTree = "<group>"; };
		988A72CE1E352DF600BDE635 /* LearnByLearningTests.xctest */ = {isa = PBXFileReference; explicitFileType = wrapper.cfbundle; includeInIndex = 0; path = LearnByLearningTests.xctest; sourceTree = BUILT_PRODUCTS_DIR; };
		988A72D21E352DF600BDE635 /* LearnByLearningTests.swift */ = {isa = PBXFileReference; lastKnownFileType = sourcecode.swift; path = LearnByLearningTests.swift; sourceTree = "<group>"; };
		988A72D41E352DF600BDE635 /* Info.plist */ = {isa = PBXFileReference; lastKnownFileType = text.plist.xml; path = Info.plist; sourceTree = "<group>"; };
		988A72D91E352DF600BDE635 /* LearnByLearningUITests.xctest */ = {isa = PBXFileReference; explicitFileType = wrapper.cfbundle; includeInIndex = 0; path = LearnByLearningUITests.xctest; sourceTree = BUILT_PRODUCTS_DIR; };
		988A72DD1E352DF600BDE635 /* LearnByLearningUITests.swift */ = {isa = PBXFileReference; lastKnownFileType = sourcecode.swift; path = LearnByLearningUITests.swift; sourceTree = "<group>"; };
		988A72DF1E352DF600BDE635 /* Info.plist */ = {isa = PBXFileReference; lastKnownFileType = text.plist.xml; path = Info.plist; sourceTree = "<group>"; };
		988A72EB1E352EEA00BDE635 /* Home.swift */ = {isa = PBXFileReference; fileEncoding = 4; lastKnownFileType = sourcecode.swift; path = Home.swift; sourceTree = "<group>"; };
		988A72EF1E352F6E00BDE635 /* ReadTextTabBarController.swift */ = {isa = PBXFileReference; fileEncoding = 4; lastKnownFileType = sourcecode.swift; path = ReadTextTabBarController.swift; sourceTree = "<group>"; };
		988A72F81E367A3500BDE635 /* VocForText.swift */ = {isa = PBXFileReference; fileEncoding = 4; lastKnownFileType = sourcecode.swift; path = VocForText.swift; sourceTree = "<group>"; };
		989514911ECB3C00003FBC1B /* The Sack Garden.swift */ = {isa = PBXFileReference; fileEncoding = 4; lastKnownFileType = sourcecode.swift; path = "The Sack Garden.swift"; sourceTree = "<group>"; };
		989514931ECB3C1D003FBC1B /* Val's Garden.swift */ = {isa = PBXFileReference; fileEncoding = 4; lastKnownFileType = sourcecode.swift; path = "Val's Garden.swift"; sourceTree = "<group>"; };
		989514951ECB3CB5003FBC1B /* Raven and the First People.swift */ = {isa = PBXFileReference; fileEncoding = 4; lastKnownFileType = sourcecode.swift; path = "Raven and the First People.swift"; sourceTree = "<group>"; };
		989514971ECB3CC0003FBC1B /* Raven steals the Light.swift */ = {isa = PBXFileReference; fileEncoding = 4; lastKnownFileType = sourcecode.swift; path = "Raven steals the Light.swift"; sourceTree = "<group>"; };
		9895149C1ECB3CEB003FBC1B /* The choking dog (Part 1).swift */ = {isa = PBXFileReference; fileEncoding = 4; lastKnownFileType = sourcecode.swift; path = "The choking dog (Part 1).swift"; sourceTree = "<group>"; };
		9895149F1ECB3CFC003FBC1B /* The choking dog (Part 2).swift */ = {isa = PBXFileReference; fileEncoding = 4; lastKnownFileType = sourcecode.swift; path = "The choking dog (Part 2).swift"; sourceTree = "<group>"; };
		989514A21ECB3D0B003FBC1B /* The Most Amazing Structure on Earth.swift */ = {isa = PBXFileReference; fileEncoding = 4; lastKnownFileType = sourcecode.swift; path = "The Most Amazing Structure on Earth.swift"; sourceTree = "<group>"; };
		989514A51ECB3D21003FBC1B /* From Carrots to Renovations (Part 1).swift */ = {isa = PBXFileReference; fileEncoding = 4; lastKnownFileType = sourcecode.swift; path = "From Carrots to Renovations (Part 1).swift"; sourceTree = "<group>"; };
		989514A81ECB3D35003FBC1B /* From Carrots to Renovations (Part 2).swift */ = {isa = PBXFileReference; fileEncoding = 4; lastKnownFileType = sourcecode.swift; path = "From Carrots to Renovations (Part 2).swift"; sourceTree = "<group>"; };
		989514AB1ECB3D4D003FBC1B /* The Causes of Floods.swift */ = {isa = PBXFileReference; fileEncoding = 4; lastKnownFileType = sourcecode.swift; path = "The Causes of Floods.swift"; sourceTree = "<group>"; };
		98D00EE21EC32686004030D0 /* foldlFunction.swift */ = {isa = PBXFileReference; fileEncoding = 4; lastKnownFileType = sourcecode.swift; path = foldlFunction.swift; sourceTree = "<group>"; };
		98D73E131E369C1800BAF0C1 /* ReadTextOriginal.swift */ = {isa = PBXFileReference; fileEncoding = 4; lastKnownFileType = sourcecode.swift; path = ReadTextOriginal.swift; sourceTree = "<group>"; };
		98D73E151E369C7A00BAF0C1 /* ReadTextTraduction.swift */ = {isa = PBXFileReference; fileEncoding = 4; lastKnownFileType = sourcecode.swift; path = ReadTextTraduction.swift; sourceTree = "<group>"; };
		98DDC6CA1E7453A6004A367C /* Color.swift */ = {isa = PBXFileReference; fileEncoding = 4; lastKnownFileType = sourcecode.swift; path = Color.swift; sourceTree = "<group>"; };
		98E538B41E8059040067E639 /* El jardín de Val.swift */ = {isa = PBXFileReference; fileEncoding = 4; lastKnownFileType = sourcecode.swift; path = "El jardín de Val.swift"; sourceTree = "<group>"; };
		98E538B61E80596F0067E639 /* TemplateText .swift */ = {isa = PBXFileReference; fileEncoding = 4; lastKnownFileType = sourcecode.swift; path = "TemplateText .swift"; sourceTree = "<group>"; };
		98E8BB111E4CE1A4002134B0 /* MenuViewController.swift */ = {isa = PBXFileReference; fileEncoding = 4; lastKnownFileType = sourcecode.swift; path = MenuViewController.swift; sourceTree = "<group>"; };
		98E8BB131E4CE1C9002134B0 /* MenuCell.swift */ = {isa = PBXFileReference; fileEncoding = 4; lastKnownFileType = sourcecode.swift; path = MenuCell.swift; sourceTree = "<group>"; };
		98E8BB191E4CEF00002134B0 /* Localisator.swift */ = {isa = PBXFileReference; fileEncoding = 4; lastKnownFileType = sourcecode.swift; path = Localisator.swift; sourceTree = "<group>"; };
		98E8BB211E4CF375002134B0 /* MyLanguagesViewController.swift */ = {isa = PBXFileReference; fileEncoding = 4; lastKnownFileType = sourcecode.swift; path = MyLanguagesViewController.swift; sourceTree = "<group>"; };
		98E8BB241E4CF39D002134B0 /* SettingsViewController.swift */ = {isa = PBXFileReference; fileEncoding = 4; lastKnownFileType = sourcecode.swift; path = SettingsViewController.swift; sourceTree = "<group>"; };
		98E8BB261E4CF3B4002134B0 /* InviteFriendViewController.swift */ = {isa = PBXFileReference; fileEncoding = 4; lastKnownFileType = sourcecode.swift; path = InviteFriendViewController.swift; sourceTree = "<group>"; };
		98E8BB281E4CF3DF002134B0 /* GradeAppViewController.swift */ = {isa = PBXFileReference; fileEncoding = 4; lastKnownFileType = sourcecode.swift; path = GradeAppViewController.swift; sourceTree = "<group>"; };
		98EC9EF41E4D012B0062F9F2 /* en */ = {isa = PBXFileReference; lastKnownFileType = text.plist.strings; name = en; path = en.lproj/Localizable.strings; sourceTree = "<group>"; };
		98EC9EF61E4D012B0062F9F2 /* en */ = {isa = PBXFileReference; lastKnownFileType = text.plist.strings; name = en; path = en.lproj/InfoPlist.strings; sourceTree = "<group>"; };
		98EC9EFA1E4D01550062F9F2 /* fr */ = {isa = PBXFileReference; lastKnownFileType = text.plist.strings; name = fr; path = fr.lproj/LaunchScreen.strings; sourceTree = "<group>"; };
		98EC9EFB1E4D01550062F9F2 /* fr */ = {isa = PBXFileReference; lastKnownFileType = text.plist.strings; name = fr; path = fr.lproj/Localizable.strings; sourceTree = "<group>"; };
		98EC9EFC1E4D01560062F9F2 /* fr */ = {isa = PBXFileReference; lastKnownFileType = text.plist.strings; name = fr; path = fr.lproj/InfoPlist.strings; sourceTree = "<group>"; };
		98EC9F011E4DB40E0062F9F2 /* CurrentLanguageCell.swift */ = {isa = PBXFileReference; fileEncoding = 4; lastKnownFileType = sourcecode.swift; path = CurrentLanguageCell.swift; sourceTree = "<group>"; };
/* End PBXFileReference section */

/* Begin PBXFrameworksBuildPhase section */
		988A72B51E352DF600BDE635 /* Frameworks */ = {
			isa = PBXFrameworksBuildPhase;
			buildActionMask = 2147483647;
			files = (
				9823AE8E1E652A9B00AB376C /* MessageUI.framework in Frameworks */,
			);
			runOnlyForDeploymentPostprocessing = 0;
		};
		988A72CB1E352DF600BDE635 /* Frameworks */ = {
			isa = PBXFrameworksBuildPhase;
			buildActionMask = 2147483647;
			files = (
			);
			runOnlyForDeploymentPostprocessing = 0;
		};
		988A72D61E352DF600BDE635 /* Frameworks */ = {
			isa = PBXFrameworksBuildPhase;
			buildActionMask = 2147483647;
			files = (
			);
			runOnlyForDeploymentPostprocessing = 0;
		};
/* End PBXFrameworksBuildPhase section */

/* Begin PBXGroup section */
		981F895F1E7F1C5100D1BF9D /* FirstVisit */ = {
			isa = PBXGroup;
			children = (
				981F89601E7F1C8F00D1BF9D /* languageCollecVCell.swift */,
				981F89621E7F1CCC00D1BF9D /* ChooseLanguageToLearnCollectionVC.swift */,
			);
			name = FirstVisit;
			sourceTree = "<group>";
		};
		981F89641E80450300D1BF9D /* TextsData */ = {
			isa = PBXGroup;
			children = (
				9826BB031E94FAFF00E7CD1E /* Russian */,
				98E538B21E8058DC0067E639 /* Spanish */,
				981F89651E80451B00D1BF9D /* English */,
				9823AE881E61CFA400AB376C /* TextsData.swift */,
				98E538B61E80596F0067E639 /* TemplateText .swift */,
			);
			name = TextsData;
			sourceTree = "<group>";
		};
		981F89651E80451B00D1BF9D /* English */ = {
			isa = PBXGroup;
			children = (
				981F89691E80453E00D1BF9D /* C1 */,
				981F89681E80453800D1BF9D /* B2 */,
				981F89671E80453100D1BF9D /* B1 */,
				981F89661E80452400D1BF9D /* A2 */,
			);
			name = English;
			sourceTree = "<group>";
		};
		981F89661E80452400D1BF9D /* A2 */ = {
			isa = PBXGroup;
			children = (
				989514901ECB3B94003FBC1B /* Val's Garden */,
				9895148F1ECB3B8B003FBC1B /* The Sack Garden */,
				9895148E1ECB3B6F003FBC1B /* GM Food */,
			);
			name = A2;
			sourceTree = "<group>";
		};
		981F89671E80453100D1BF9D /* B1 */ = {
			isa = PBXGroup;
			children = (
				9895149A1ECB3CD0003FBC1B /* Raven and the First People */,
				989514991ECB3CC6003FBC1B /* Raven steals the Light */,
			);
			name = B1;
			sourceTree = "<group>";
		};
		981F89681E80453800D1BF9D /* B2 */ = {
			isa = PBXGroup;
			children = (
				989514A11ECB3D05003FBC1B /* The Most Amazing Structure on Earth */,
				9895149E1ECB3CF0003FBC1B /* The choking dog (Part 2) */,
				9895149B1ECB3CE5003FBC1B /* The choking dog (Part 1) */,
			);
			name = B2;
			sourceTree = "<group>";
		};
		981F89691E80453E00D1BF9D /* C1 */ = {
			isa = PBXGroup;
			children = (
				989514AA1ECB3D3C003FBC1B /* The Causes of Floods */,
				989514A71ECB3D2D003FBC1B /* From Carrots to Renovations (Part 2) */,
				989514A41ECB3D18003FBC1B /* From Carrots to Renovations (Part 1) */,
			);
			name = C1;
			sourceTree = "<group>";
		};
		9821944D1E8BA6D200043300 /* ChoosePaymentPlan */ = {
			isa = PBXGroup;
			children = (
				9821944E1E8BA70600043300 /* ChoosePaymentPlanCV.swift */,
				982194501E8BA72300043300 /* ChoosePaymentPlanButton.swift */,
				982194521E8BF21100043300 /* HighlightChoosePaymentPlanButtonView.swift */,
			);
			name = ChoosePaymentPlan;
			sourceTree = "<group>";
		};
		982194541E8C032B00043300 /* In-App Purchase */ = {
			isa = PBXGroup;
			children = (
				982194551E8C033C00043300 /* StoreManager.swift */,
				982ECD491E8FA0A3003B66F9 /* ReceiptManager.swift */,
			);
			name = "In-App Purchase";
			sourceTree = "<group>";
		};
		982194571E8CD7C800043300 /* Slide manager */ = {
			isa = PBXGroup;
			children = (
				982194581E8CD7E000043300 /* SideMenuManager.swift */,
				982194591E8CD7E000043300 /* SideMenuTransition.swift */,
				9821945A1E8CD7E000043300 /* UISideMenuNavigationController.swift */,
				9821945B1E8CD7E000043300 /* UITableViewVibrantCell.swift */,
			);
			name = "Slide manager";
			sourceTree = "<group>";
		};
		98226BD01E74089B00060F26 /* Home */ = {
			isa = PBXGroup;
			children = (
				988A72EB1E352EEA00BDE635 /* Home.swift */,
				98226BD11E7408BC00060F26 /* HomeCell.swift */,
			);
			name = Home;
			sourceTree = "<group>";
		};
		9823AE8C1E652A9A00AB376C /* Frameworks */ = {
			isa = PBXGroup;
			children = (
				9823AE8D1E652A9B00AB376C /* MessageUI.framework */,
			);
			name = Frameworks;
			sourceTree = "<group>";
		};
		9823AE951E65CC1400AB376C /* Model */ = {
			isa = PBXGroup;
			children = (
				9823AE961E65CC1C00AB376C /* Lang */,
				987E15021E6173090080C9B6 /* Texts */,
				987D351B1E7DB768008434A8 /* preferedReadingSpeed.swift */,
				98DDC6CA1E7453A6004A367C /* Color.swift */,
				98822AF91EC0689F00C57038 /* Conf.swift */,
				9824F6CB1ED584E500B117B8 /* Sounds.swift */,
			);
			name = Model;
			sourceTree = "<group>";
		};
		9823AE961E65CC1C00AB376C /* Lang */ = {
			isa = PBXGroup;
			children = (
				9823AE911E65CBA800AB376C /* LearningLang.swift */,
				98E8BB191E4CEF00002134B0 /* Localisator.swift */,
				9823AE931E65CBBC00AB376C /* Lang.swift */,
			);
			name = Lang;
			sourceTree = "<group>";
		};
		9824F6C81ED5830D00B117B8 /* RevisionVoc */ = {
			isa = PBXGroup;
			children = (
				9824F6C91ED5832300B117B8 /* RevisionVocVC.swift */,
			);
			name = RevisionVoc;
			sourceTree = "<group>";
		};
		9826BB031E94FAFF00E7CD1E /* Russian */ = {
			isa = PBXGroup;
			children = (
				9826BB071E94FB2700E7CD1E /* C1 */,
				9826BB061E94FB2200E7CD1E /* B2 */,
				9826BB051E94FB1B00E7CD1E /* B1 */,
				9826BB041E94FB1400E7CD1E /* A2 */,
			);
			name = Russian;
			sourceTree = "<group>";
		};
		9826BB041E94FB1400E7CD1E /* A2 */ = {
			isa = PBXGroup;
			children = (
				9826BB141E9509E600E7CD1E /* Проверка */,
				9826BB0A1E94FCE100E7CD1E /* Свежий */,
			);
			name = A2;
			sourceTree = "<group>";
		};
		9826BB051E94FB1B00E7CD1E /* B1 */ = {
			isa = PBXGroup;
			children = (
				9826BB111E9509C400E7CD1E /* Алиби */,
				9826BB131E9509DA00E7CD1E /* Заколдованный круг */,
			);
			name = B1;
			sourceTree = "<group>";
		};
		9826BB061E94FB2200E7CD1E /* B2 */ = {
			isa = PBXGroup;
			children = (
				9826BB121E9509CE00E7CD1E /* Сюрприз */,
			);
			name = B2;
			sourceTree = "<group>";
		};
		9826BB071E94FB2700E7CD1E /* C1 */ = {
			isa = PBXGroup;
			children = (
				9826BB1A1E950A2400E7CD1E /* Мы и налоги */,
				9826BB171E9509FC00E7CD1E /* Быть как все */,
			);
			name = C1;
			sourceTree = "<group>";
		};
		9826BB0A1E94FCE100E7CD1E /* Свежий */ = {
			isa = PBXGroup;
			children = (
				9826BB081E94FB4A00E7CD1E /* Свежий.swift */,
				987682111ED2E7C600EC5503 /* Svezhyj-fast.mp3 */,
				987682121ED2E7C600EC5503 /* Svezhyj-mid.mp3 */,
				987682131ED2E7C600EC5503 /* Svezhyj-slow.mp3 */,
			);
			name = "Свежий";
			sourceTree = "<group>";
		};
		9826BB111E9509C400E7CD1E /* Алиби */ = {
			isa = PBXGroup;
			children = (
				9826BB0F1E9509C000E7CD1E /* Алиби.swift */,
				987681F31ED2E78900EC5503 /* Alibi-fast.mp3 */,
				987681F41ED2E78900EC5503 /* Alibi-mid.mp3 */,
				987681F51ED2E78900EC5503 /* Alibi-slow.mp3 */,
			);
			name = "Алиби";
			sourceTree = "<group>";
		};
		9826BB121E9509CE00E7CD1E /* Сюрприз */ = {
			isa = PBXGroup;
			children = (
				9826BB0D1E95099100E7CD1E /* Сюрприз.swift */,
				9876820B1ED2E7B900EC5503 /* Sjurpriz-fast.mp3 */,
				9876820C1ED2E7B900EC5503 /* Sjurpriz-mid.mp3 */,
				9876820D1ED2E7B900EC5503 /* Sjurpriz-slow.mp3 */,
			);
			name = "Сюрприз";
			sourceTree = "<group>";
		};
		9826BB131E9509DA00E7CD1E /* Заколдованный круг */ = {
			isa = PBXGroup;
			children = (
				9826BB0B1E95096B00E7CD1E /* Заколдованный круг.swift */,
				987682171ED2E7D100EC5503 /* ZakoldovannyjKrug-fast.mp3 */,
				987682181ED2E7D100EC5503 /* ZakoldovannyjKrug-mid.mp3 */,
				987682191ED2E7D100EC5503 /* ZakoldovannyjKrug-slow.mp3 */,
			);
			name = "Заколдованный круг";
			sourceTree = "<group>";
		};
		9826BB141E9509E600E7CD1E /* Проверка */ = {
			isa = PBXGroup;
			children = (
				9826BB151E9509F200E7CD1E /* Проверка.swift */,
				987682051ED2E7AD00EC5503 /* Proverka-fast.mp3 */,
				987682061ED2E7AD00EC5503 /* Proverka-mid.mp3 */,
				987682071ED2E7AD00EC5503 /* Proverka-slow.mp3 */,
			);
			name = "Проверка";
			sourceTree = "<group>";
		};
		9826BB171E9509FC00E7CD1E /* Быть как все */ = {
			isa = PBXGroup;
			children = (
				9826BB181E950A1400E7CD1E /* Быть как все.swift */,
				987681F91ED2E79500EC5503 /* BytiKakVse-fast.mp3 */,
				987681FA1ED2E79500EC5503 /* BytiKakVse-mid.mp3 */,
				987681FB1ED2E79500EC5503 /* BytiKakVse-slow.mp3 */,
			);
			name = "Быть как все";
			sourceTree = "<group>";
		};
		9826BB1A1E950A2400E7CD1E /* Мы и налоги */ = {
			isa = PBXGroup;
			children = (
				9826BB1B1E950A3000E7CD1E /* Мы и налоги.swift */,
				987681FF1ED2E7A200EC5503 /* MyINalogi-fast.mp3 */,
				987682001ED2E7A200EC5503 /* MyINalogi-mid.mp3 */,
				987682011ED2E7A200EC5503 /* MyINalogi-slow.mp3 */,
			);
			name = "Мы и налоги";
			sourceTree = "<group>";
		};
		983B52A21E50E264004F820F /* AddText */ = {
			isa = PBXGroup;
			children = (
				983B52A31E50E378004F820F /* AddText.swift */,
				983B52A51E50E45A004F820F /* AddTextCell.swift */,
			);
			name = AddText;
			sourceTree = "<group>";
		};
		987D351D1E7E9A98008434A8 /* InviteFriend */ = {
			isa = PBXGroup;
			children = (
				98E8BB261E4CF3B4002134B0 /* InviteFriendViewController.swift */,
				987D351E1E7E9AB9008434A8 /* InviteFriendButton.swift */,
			);
			name = InviteFriend;
			sourceTree = "<group>";
		};
		987E15021E6173090080C9B6 /* Texts */ = {
			isa = PBXGroup;
			children = (
				981F89641E80450300D1BF9D /* TextsData */,
				987E15031E6173230080C9B6 /* TraductedText.swift */,
				9823AE861E61CD4E00AB376C /* Word.swift */,
				9823AE8A1E61D74200AB376C /* UserSave.swift */,
			);
			name = Texts;
			path = ..;
			sourceTree = "<group>";
		};
		988A72AF1E352DF600BDE635 = {
			isa = PBXGroup;
			children = (
				988A72BA1E352DF600BDE635 /* LearnByLearning */,
				988A72D11E352DF600BDE635 /* LearnByLearningTests */,
				988A72DC1E352DF600BDE635 /* LearnByLearningUITests */,
				988A72B91E352DF600BDE635 /* Products */,
				9823AE8C1E652A9A00AB376C /* Frameworks */,
			);
			sourceTree = "<group>";
		};
		988A72B91E352DF600BDE635 /* Products */ = {
			isa = PBXGroup;
			children = (
				988A72B81E352DF600BDE635 /* LearnByLearning.app */,
				988A72CE1E352DF600BDE635 /* LearnByLearningTests.xctest */,
				988A72D91E352DF600BDE635 /* LearnByLearningUITests.xctest */,
			);
			name = Products;
			sourceTree = "<group>";
		};
		988A72BA1E352DF600BDE635 /* LearnByLearning */ = {
			isa = PBXGroup;
			children = (
				988A72F11E36791700BDE635 /* Library */,
				9821944D1E8BA6D200043300 /* ChoosePaymentPlan */,
				981F895F1E7F1C5100D1BF9D /* FirstVisit */,
				9823AE951E65CC1400AB376C /* Model */,
				983B52A21E50E264004F820F /* AddText */,
				98EC9EF31E4D012B0062F9F2 /* Localizable.strings */,
				98822AF61EBEDF0700C57038 /* Main.strings */,
				98EC9EF51E4D012B0062F9F2 /* InfoPlist.strings */,
				98E8BB231E4CF383002134B0 /* Settings */,
				98EC9EFE1E4D02D00062F9F2 /* Language */,
				98D73E171E369C8400BAF0C1 /* ReadText */,
				98E8BB101E4CE18F002134B0 /* Menu */,
				98226BD01E74089B00060F26 /* Home */,
				987D351D1E7E9A98008434A8 /* InviteFriend */,
				98E8BB281E4CF3DF002134B0 /* GradeAppViewController.swift */,
				9823AE8F1E65783800AB376C /* HelpViewController.swift */,
				987D34F01E7AE3EE008434A8 /* Main.storyboard */,
				988A72C41E352DF600BDE635 /* Assets.xcassets */,
				988A72C61E352DF600BDE635 /* LaunchScreen.storyboard */,
				988A72C91E352DF600BDE635 /* Info.plist */,
				988A72BB1E352DF600BDE635 /* AppDelegate.swift */,
			);
			path = LearnByLearning;
			sourceTree = "<group>";
		};
		988A72D11E352DF600BDE635 /* LearnByLearningTests */ = {
			isa = PBXGroup;
			children = (
				988A72D21E352DF600BDE635 /* LearnByLearningTests.swift */,
				988A72D41E352DF600BDE635 /* Info.plist */,
			);
			path = LearnByLearningTests;
			sourceTree = "<group>";
		};
		988A72DC1E352DF600BDE635 /* LearnByLearningUITests */ = {
			isa = PBXGroup;
			children = (
				988A72DD1E352DF600BDE635 /* LearnByLearningUITests.swift */,
				988A72DF1E352DF600BDE635 /* Info.plist */,
			);
			path = LearnByLearningUITests;
			sourceTree = "<group>";
		};
		988A72F11E36791700BDE635 /* Library */ = {
			isa = PBXGroup;
			children = (
				982194541E8C032B00043300 /* In-App Purchase */,
				982194571E8CD7C800043300 /* Slide manager */,
				982ECD4B1E9120EA003B66F9 /* WaitAlert.swift */,
				98D00EE21EC32686004030D0 /* foldlFunction.swift */,
			);
			name = Library;
			sourceTree = "<group>";
		};
		9895148E1ECB3B6F003FBC1B /* GM Food */ = {
			isa = PBXGroup;
			children = (
				981F896B1E80457800D1BF9D /* GM Food.swift */,
				987681BD1ED2E53600EC5503 /* GM_Food-fast.mp3 */,
				987681BE1ED2E53600EC5503 /* GM_Food-mid.mp3 */,
				987681BF1ED2E53600EC5503 /* GM_Food-slow.mp3 */,
			);
			name = "GM Food";
			sourceTree = "<group>";
		};
		9895148F1ECB3B8B003FBC1B /* The Sack Garden */ = {
			isa = PBXGroup;
			children = (
				989514911ECB3C00003FBC1B /* The Sack Garden.swift */,
				987681E71ED2E5E200EC5503 /* The_Sack_Garden-fast.mp3 */,
				987681E81ED2E5E200EC5503 /* The_Sack_Garden-mid.mp3 */,
				987681E91ED2E5E200EC5503 /* The_Sack_Garden-slow.mp3 */,
			);
			name = "The Sack Garden";
			sourceTree = "<group>";
		};
		989514901ECB3B94003FBC1B /* Val's Garden */ = {
			isa = PBXGroup;
			children = (
				989514931ECB3C1D003FBC1B /* Val's Garden.swift */,
				987681ED1ED2E5ED00EC5503 /* Vals_Garden-fast.mp3 */,
				987681EE1ED2E5ED00EC5503 /* Vals_Garden-mid.mp3 */,
				987681EF1ED2E5ED00EC5503 /* Vals_Garden-slow.mp3 */,
			);
			name = "Val's Garden";
			sourceTree = "<group>";
		};
		989514991ECB3CC6003FBC1B /* Raven steals the Light */ = {
			isa = PBXGroup;
			children = (
				989514971ECB3CC0003FBC1B /* Raven steals the Light.swift */,
				987681C91ED2E55300EC5503 /* Raven_steals_the_Light-fast.mp3 */,
				987681CA1ED2E55300EC5503 /* Raven_steals_the_Light-mid.mp3 */,
				987681CB1ED2E55300EC5503 /* Raven_steals_the_Light-slow.mp3 */,
			);
			name = "Raven steals the Light";
			sourceTree = "<group>";
		};
		9895149A1ECB3CD0003FBC1B /* Raven and the First People */ = {
			isa = PBXGroup;
			children = (
				989514951ECB3CB5003FBC1B /* Raven and the First People.swift */,
				987681C31ED2E54200EC5503 /* Raven_and_the_First_People-fast.mp3 */,
				987681C41ED2E54200EC5503 /* Raven_and_the_First_People-mid.mp3 */,
				987681C51ED2E54200EC5503 /* Raven_and_the_First_People-slow.mp3 */,
			);
			name = "Raven and the First People";
			sourceTree = "<group>";
		};
		9895149B1ECB3CE5003FBC1B /* The choking dog (Part 1) */ = {
			isa = PBXGroup;
			children = (
				9895149C1ECB3CEB003FBC1B /* The choking dog (Part 1).swift */,
				987681D51ED2E5B700EC5503 /* The_choking_dog_1-fast.mp3 */,
				987681D61ED2E5B700EC5503 /* The_choking_dog_1-mid.mp3 */,
				987681D71ED2E5B700EC5503 /* The_choking_dog_1-slow.mp3 */,
			);
			name = "The choking dog (Part 1)";
			sourceTree = "<group>";
		};
		9895149E1ECB3CF0003FBC1B /* The choking dog (Part 2) */ = {
			isa = PBXGroup;
			children = (
				9895149F1ECB3CFC003FBC1B /* The choking dog (Part 2).swift */,
				987681DB1ED2E5C300EC5503 /* The_choking_dog_2-fast.mp3 */,
				987681DC1ED2E5C300EC5503 /* The_choking_dog_2-mid.mp3 */,
				987681DD1ED2E5C300EC5503 /* The_choking_dog_2-slow.mp3 */,
			);
			name = "The choking dog (Part 2)";
			sourceTree = "<group>";
		};
		989514A11ECB3D05003FBC1B /* The Most Amazing Structure on Earth */ = {
			isa = PBXGroup;
			children = (
				989514A21ECB3D0B003FBC1B /* The Most Amazing Structure on Earth.swift */,
				987681E11ED2E5D000EC5503 /* The_Most_Amazing_Structure-fast.mp3 */,
				987681E21ED2E5D000EC5503 /* The_Most_Amazing_Structure-mid.mp3 */,
				987681E31ED2E5D000EC5503 /* The_Most_Amazing_Structure-slow.mp3 */,
			);
			name = "The Most Amazing Structure on Earth";
			sourceTree = "<group>";
		};
		989514A41ECB3D18003FBC1B /* From Carrots to Renovations (Part 1) */ = {
			isa = PBXGroup;
			children = (
				989514A51ECB3D21003FBC1B /* From Carrots to Renovations (Part 1).swift */,
				987681B11ED2E4FA00EC5503 /* From_Carrots_to_Renovations_1-fast.mp3 */,
				987681B21ED2E4FA00EC5503 /* From_Carrots_to_Renovations_1-mid.mp3 */,
				987681B31ED2E4FA00EC5503 /* From_Carrots_to_Renovations_1-slow.mp3 */,
			);
			name = "From Carrots to Renovations (Part 1)";
			sourceTree = "<group>";
		};
		989514A71ECB3D2D003FBC1B /* From Carrots to Renovations (Part 2) */ = {
			isa = PBXGroup;
			children = (
				989514A81ECB3D35003FBC1B /* From Carrots to Renovations (Part 2).swift */,
				987681B71ED2E50B00EC5503 /* From_Carrots_to_Renovations_2-fast.mp3 */,
				987681B81ED2E50B00EC5503 /* From_Carrots_to_Renovations_2-mid.mp3 */,
				987681B91ED2E50B00EC5503 /* From_Carrots_to_Renovations_2-slow.mp3 */,
			);
			name = "From Carrots to Renovations (Part 2)";
			sourceTree = "<group>";
		};
		989514AA1ECB3D3C003FBC1B /* The Causes of Floods */ = {
			isa = PBXGroup;
			children = (
				989514AB1ECB3D4D003FBC1B /* The Causes of Floods.swift */,
				987681CF1ED2E56E00EC5503 /* The_Causes_of_Floods-fast.mp3 */,
				987681D01ED2E56E00EC5503 /* The_Causes_of_Floods-mid.mp3 */,
				987681D11ED2E56E00EC5503 /* The_Causes_of_Floods-slow.mp3 */,
			);
			name = "The Causes of Floods";
			sourceTree = "<group>";
		};
		98D73E171E369C8400BAF0C1 /* ReadText */ = {
			isa = PBXGroup;
			children = (
				9824F6C81ED5830D00B117B8 /* RevisionVoc */,
				988A72EF1E352F6E00BDE635 /* ReadTextTabBarController.swift */,
				98D73E131E369C1800BAF0C1 /* ReadTextOriginal.swift */,
				98D73E151E369C7A00BAF0C1 /* ReadTextTraduction.swift */,
				988A72F81E367A3500BDE635 /* VocForText.swift */,
				983B529C1E4F8BDA004F820F /* TraductionCell.swift */,
				983B529E1E4F8BEC004F820F /* AddTraductionCell.swift */,
				987E15071E61803F0080C9B6 /* AddTraductionVocForText.swift */,
				987D34F31E7D2B0F008434A8 /* SpeedButton.swift */,
				9824F6CF1ED5902600B117B8 /* VocRevisionHeader.swift */,
				9824F6D01ED5902600B117B8 /* VocRevisionHeader.xib */,
			);
			name = ReadText;
			sourceTree = "<group>";
		};
		98E538B21E8058DC0067E639 /* Spanish */ = {
			isa = PBXGroup;
			children = (
				98E538B31E8058F40067E639 /* A2 */,
			);
			name = Spanish;
			sourceTree = "<group>";
		};
		98E538B31E8058F40067E639 /* A2 */ = {
			isa = PBXGroup;
			children = (
				98E538B41E8059040067E639 /* El jardín de Val.swift */,
			);
			name = A2;
			sourceTree = "<group>";
		};
		98E8BB101E4CE18F002134B0 /* Menu */ = {
			isa = PBXGroup;
			children = (
				98E8BB111E4CE1A4002134B0 /* MenuViewController.swift */,
				98E8BB131E4CE1C9002134B0 /* MenuCell.swift */,
			);
			name = Menu;
			sourceTree = "<group>";
		};
		98E8BB231E4CF383002134B0 /* Settings */ = {
			isa = PBXGroup;
			children = (
				98E8BB241E4CF39D002134B0 /* SettingsViewController.swift */,
				9823AE971E66028200AB376C /* LanguageNav.swift */,
				987D34EC1E798A76008434A8 /* SettingButton.swift */,
				982ECD471E8F9234003B66F9 /* CreditsVC.swift */,
				982D2AF01E9C24A400B590B1 /* YourAbonnementVC.swift */,
				987681AD1ED1C48900EC5503 /* PrivatePolicyVC.swift */,
				987681AF1ED1C4A800EC5503 /* TermConditionVC.swift */,
			);
			name = Settings;
			sourceTree = "<group>";
		};
		98EC9EFE1E4D02D00062F9F2 /* Language */ = {
			isa = PBXGroup;
			children = (
				98E8BB211E4CF375002134B0 /* MyLanguagesViewController.swift */,
				98EC9F011E4DB40E0062F9F2 /* CurrentLanguageCell.swift */,
			);
			name = Language;
			sourceTree = "<group>";
		};
/* End PBXGroup section */

/* Begin PBXNativeTarget section */
		988A72B71E352DF600BDE635 /* LearnByLearning */ = {
			isa = PBXNativeTarget;
			buildConfigurationList = 988A72E21E352DF600BDE635 /* Build configuration list for PBXNativeTarget "LearnByLearning" */;
			buildPhases = (
				988A72B41E352DF600BDE635 /* Sources */,
				988A72B51E352DF600BDE635 /* Frameworks */,
				988A72B61E352DF600BDE635 /* Resources */,
			);
			buildRules = (
			);
			dependencies = (
			);
			name = LearnByLearning;
			productName = LearnByLearning;
			productReference = 988A72B81E352DF600BDE635 /* LearnByLearning.app */;
			productType = "com.apple.product-type.application";
		};
		988A72CD1E352DF600BDE635 /* LearnByLearningTests */ = {
			isa = PBXNativeTarget;
			buildConfigurationList = 988A72E51E352DF600BDE635 /* Build configuration list for PBXNativeTarget "LearnByLearningTests" */;
			buildPhases = (
				988A72CA1E352DF600BDE635 /* Sources */,
				988A72CB1E352DF600BDE635 /* Frameworks */,
				988A72CC1E352DF600BDE635 /* Resources */,
			);
			buildRules = (
			);
			dependencies = (
				988A72D01E352DF600BDE635 /* PBXTargetDependency */,
			);
			name = LearnByLearningTests;
			productName = LearnByLearningTests;
			productReference = 988A72CE1E352DF600BDE635 /* LearnByLearningTests.xctest */;
			productType = "com.apple.product-type.bundle.unit-test";
		};
		988A72D81E352DF600BDE635 /* LearnByLearningUITests */ = {
			isa = PBXNativeTarget;
			buildConfigurationList = 988A72E81E352DF600BDE635 /* Build configuration list for PBXNativeTarget "LearnByLearningUITests" */;
			buildPhases = (
				988A72D51E352DF600BDE635 /* Sources */,
				988A72D61E352DF600BDE635 /* Frameworks */,
				988A72D71E352DF600BDE635 /* Resources */,
			);
			buildRules = (
			);
			dependencies = (
				988A72DB1E352DF600BDE635 /* PBXTargetDependency */,
			);
			name = LearnByLearningUITests;
			productName = LearnByLearningUITests;
			productReference = 988A72D91E352DF600BDE635 /* LearnByLearningUITests.xctest */;
			productType = "com.apple.product-type.bundle.ui-testing";
		};
/* End PBXNativeTarget section */

/* Begin PBXProject section */
		988A72B01E352DF600BDE635 /* Project object */ = {
			isa = PBXProject;
			attributes = {
				LastSwiftUpdateCheck = 0820;
				LastUpgradeCheck = 0820;
				ORGANIZATIONNAME = "Lauriane Mollier";
				TargetAttributes = {
					988A72B71E352DF600BDE635 = {
						CreatedOnToolsVersion = 8.2.1;
						DevelopmentTeam = EQPGG2M7LV;
						LastSwiftMigration = 0820;
						ProvisioningStyle = Automatic;
						SystemCapabilities = {
							com.apple.BackgroundModes = {
								enabled = 1;
							};
						};
					};
					988A72CD1E352DF600BDE635 = {
						CreatedOnToolsVersion = 8.2.1;
						DevelopmentTeam = EQPGG2M7LV;
						ProvisioningStyle = Automatic;
						TestTargetID = 988A72B71E352DF600BDE635;
					};
					988A72D81E352DF600BDE635 = {
						CreatedOnToolsVersion = 8.2.1;
						DevelopmentTeam = EQPGG2M7LV;
						ProvisioningStyle = Automatic;
						TestTargetID = 988A72B71E352DF600BDE635;
					};
				};
			};
			buildConfigurationList = 988A72B31E352DF600BDE635 /* Build configuration list for PBXProject "LearnByLearning" */;
			compatibilityVersion = "Xcode 3.2";
			developmentRegion = English;
			hasScannedForEncodings = 0;
			knownRegions = (
				en,
				Base,
				fr,
				es,
				de,
				ru,
			);
			mainGroup = 988A72AF1E352DF600BDE635;
			productRefGroup = 988A72B91E352DF600BDE635 /* Products */;
			projectDirPath = "";
			projectRoot = "";
			targets = (
				988A72B71E352DF600BDE635 /* LearnByLearning */,
				988A72CD1E352DF600BDE635 /* LearnByLearningTests */,
				988A72D81E352DF600BDE635 /* LearnByLearningUITests */,
			);
		};
/* End PBXProject section */

/* Begin PBXResourcesBuildPhase section */
		988A72B61E352DF600BDE635 /* Resources */ = {
			isa = PBXResourcesBuildPhase;
			buildActionMask = 2147483647;
			files = (
				987681F61ED2E78900EC5503 /* Alibi-fast.mp3 in Resources */,
				987682081ED2E7AD00EC5503 /* Proverka-fast.mp3 in Resources */,
				987681FC1ED2E79500EC5503 /* BytiKakVse-fast.mp3 in Resources */,
				987682141ED2E7C600EC5503 /* Svezhyj-fast.mp3 in Resources */,
				987681E61ED2E5D000EC5503 /* The_Most_Amazing_Structure-slow.mp3 in Resources */,
				987681E51ED2E5D000EC5503 /* The_Most_Amazing_Structure-mid.mp3 in Resources */,
				987681BA1ED2E50B00EC5503 /* From_Carrots_to_Renovations_2-fast.mp3 in Resources */,
				987681EA1ED2E5E200EC5503 /* The_Sack_Garden-fast.mp3 in Resources */,
				988A72C81E352DF600BDE635 /* LaunchScreen.storyboard in Resources */,
				987D34F21E7AE3EE008434A8 /* Main.storyboard in Resources */,
				987681F81ED2E78900EC5503 /* Alibi-slow.mp3 in Resources */,
				987681F11ED2E5ED00EC5503 /* Vals_Garden-mid.mp3 in Resources */,
				987681F71ED2E78900EC5503 /* Alibi-mid.mp3 in Resources */,
				98EC9EF71E4D012B0062F9F2 /* Localizable.strings in Resources */,
				987681C81ED2E54200EC5503 /* Raven_and_the_First_People-slow.mp3 in Resources */,
				987681FE1ED2E79500EC5503 /* BytiKakVse-slow.mp3 in Resources */,
				987681CD1ED2E55300EC5503 /* Raven_steals_the_Light-mid.mp3 in Resources */,
				988A72C51E352DF600BDE635 /* Assets.xcassets in Resources */,
				987681D31ED2E56E00EC5503 /* The_Causes_of_Floods-mid.mp3 in Resources */,
				987681FD1ED2E79500EC5503 /* BytiKakVse-mid.mp3 in Resources */,
				987681DE1ED2E5C300EC5503 /* The_choking_dog_2-fast.mp3 in Resources */,
				9876821C1ED2E7D100EC5503 /* ZakoldovannyjKrug-slow.mp3 in Resources */,
				987681CE1ED2E55300EC5503 /* Raven_steals_the_Light-slow.mp3 in Resources */,
				987681D81ED2E5B700EC5503 /* The_choking_dog_1-fast.mp3 in Resources */,
				9824F6D21ED5902600B117B8 /* VocRevisionHeader.xib in Resources */,
				987681BC1ED2E50B00EC5503 /* From_Carrots_to_Renovations_2-slow.mp3 in Resources */,
				9876821B1ED2E7D100EC5503 /* ZakoldovannyjKrug-mid.mp3 in Resources */,
				987681F21ED2E5ED00EC5503 /* Vals_Garden-slow.mp3 in Resources */,
				987681C01ED2E53600EC5503 /* GM_Food-fast.mp3 in Resources */,
				987681D41ED2E56E00EC5503 /* The_Causes_of_Floods-slow.mp3 in Resources */,
				987681CC1ED2E55300EC5503 /* Raven_steals_the_Light-fast.mp3 in Resources */,
				9876820E1ED2E7B900EC5503 /* Sjurpriz-fast.mp3 in Resources */,
				987681E01ED2E5C300EC5503 /* The_choking_dog_2-slow.mp3 in Resources */,
				987682041ED2E7A200EC5503 /* MyINalogi-slow.mp3 in Resources */,
				987681B51ED2E4FA00EC5503 /* From_Carrots_to_Renovations_1-mid.mp3 in Resources */,
				9876821A1ED2E7D100EC5503 /* ZakoldovannyjKrug-fast.mp3 in Resources */,
				987682161ED2E7C600EC5503 /* Svezhyj-slow.mp3 in Resources */,
				987682021ED2E7A200EC5503 /* MyINalogi-fast.mp3 in Resources */,
				987681BB1ED2E50B00EC5503 /* From_Carrots_to_Renovations_2-mid.mp3 in Resources */,
				987681C71ED2E54200EC5503 /* Raven_and_the_First_People-mid.mp3 in Resources */,
				987681DF1ED2E5C300EC5503 /* The_choking_dog_2-mid.mp3 in Resources */,
				98822AF81EBEDF0700C57038 /* Main.strings in Resources */,
				98EC9EF81E4D012B0062F9F2 /* InfoPlist.strings in Resources */,
				987681C11ED2E53600EC5503 /* GM_Food-mid.mp3 in Resources */,
				9876820F1ED2E7B900EC5503 /* Sjurpriz-mid.mp3 in Resources */,
				987681C21ED2E53600EC5503 /* GM_Food-slow.mp3 in Resources */,
				987681F01ED2E5ED00EC5503 /* Vals_Garden-fast.mp3 in Resources */,
				987681D21ED2E56E00EC5503 /* The_Causes_of_Floods-fast.mp3 in Resources */,
				987681C61ED2E54200EC5503 /* Raven_and_the_First_People-fast.mp3 in Resources */,
				987682031ED2E7A200EC5503 /* MyINalogi-mid.mp3 in Resources */,
				987682101ED2E7B900EC5503 /* Sjurpriz-slow.mp3 in Resources */,
				987681B41ED2E4FA00EC5503 /* From_Carrots_to_Renovations_1-fast.mp3 in Resources */,
				987681DA1ED2E5B700EC5503 /* The_choking_dog_1-slow.mp3 in Resources */,
				9876820A1ED2E7AD00EC5503 /* Proverka-slow.mp3 in Resources */,
				987681D91ED2E5B700EC5503 /* The_choking_dog_1-mid.mp3 in Resources */,
				987681B61ED2E4FA00EC5503 /* From_Carrots_to_Renovations_1-slow.mp3 in Resources */,
				987681E41ED2E5D000EC5503 /* The_Most_Amazing_Structure-fast.mp3 in Resources */,
				987681EC1ED2E5E200EC5503 /* The_Sack_Garden-slow.mp3 in Resources */,
				987681EB1ED2E5E200EC5503 /* The_Sack_Garden-mid.mp3 in Resources */,
				987682091ED2E7AD00EC5503 /* Proverka-mid.mp3 in Resources */,
				987682151ED2E7C600EC5503 /* Svezhyj-mid.mp3 in Resources */,
			);
			runOnlyForDeploymentPostprocessing = 0;
		};
		988A72CC1E352DF600BDE635 /* Resources */ = {
			isa = PBXResourcesBuildPhase;
			buildActionMask = 2147483647;
			files = (
			);
			runOnlyForDeploymentPostprocessing = 0;
		};
		988A72D71E352DF600BDE635 /* Resources */ = {
			isa = PBXResourcesBuildPhase;
			buildActionMask = 2147483647;
			files = (
			);
			runOnlyForDeploymentPostprocessing = 0;
		};
/* End PBXResourcesBuildPhase section */

/* Begin PBXSourcesBuildPhase section */
		988A72B41E352DF600BDE635 /* Sources */ = {
			isa = PBXSourcesBuildPhase;
			buildActionMask = 2147483647;
			files = (
				9823AE901E65783800AB376C /* HelpViewController.swift in Sources */,
				987E15081E61803F0080C9B6 /* AddTraductionVocForText.swift in Sources */,
				987681AE1ED1C48900EC5503 /* PrivatePolicyVC.swift in Sources */,
				987D351C1E7DB768008434A8 /* preferedReadingSpeed.swift in Sources */,
				9823AE891E61CFA400AB376C /* TextsData.swift in Sources */,
				989514961ECB3CB5003FBC1B /* Raven and the First People.swift in Sources */,
				981F896C1E80457800D1BF9D /* GM Food.swift in Sources */,
				9821945F1E8CD7E000043300 /* UITableViewVibrantCell.swift in Sources */,
				983B52A41E50E378004F820F /* AddText.swift in Sources */,
				988A72F01E352F6E00BDE635 /* ReadTextTabBarController.swift in Sources */,
				98E8BB291E4CF3DF002134B0 /* GradeAppViewController.swift in Sources */,
				98D73E141E369C1800BAF0C1 /* ReadTextOriginal.swift in Sources */,
				98E8BB121E4CE1A4002134B0 /* MenuViewController.swift in Sources */,
				9823AE981E66028200AB376C /* LanguageNav.swift in Sources */,
				983B52A61E50E45A004F820F /* AddTextCell.swift in Sources */,
				9824F6CC1ED584E500B117B8 /* Sounds.swift in Sources */,
				98D73E161E369C7A00BAF0C1 /* ReadTextTraduction.swift in Sources */,
				982D2AF11E9C24A400B590B1 /* YourAbonnementVC.swift in Sources */,
				9895149D1ECB3CEB003FBC1B /* The choking dog (Part 1).swift in Sources */,
				9826BB191E950A1400E7CD1E /* Быть как все.swift in Sources */,
				982ECD4C1E9120EB003B66F9 /* WaitAlert.swift in Sources */,
				988A72F91E367A3500BDE635 /* VocForText.swift in Sources */,
				9821944F1E8BA70600043300 /* ChoosePaymentPlanCV.swift in Sources */,
				98822AFA1EC0689F00C57038 /* Conf.swift in Sources */,
				98E8BB271E4CF3B4002134B0 /* InviteFriendViewController.swift in Sources */,
				9821945C1E8CD7E000043300 /* SideMenuManager.swift in Sources */,
				987E15041E6173230080C9B6 /* TraductedText.swift in Sources */,
				983B529D1E4F8BDA004F820F /* TraductionCell.swift in Sources */,
				9824F6D11ED5902600B117B8 /* VocRevisionHeader.swift in Sources */,
				9823AE921E65CBA800AB376C /* LearningLang.swift in Sources */,
				989514921ECB3C00003FBC1B /* The Sack Garden.swift in Sources */,
				98E8BB221E4CF375002134B0 /* MyLanguagesViewController.swift in Sources */,
				982ECD4A1E8FA0A3003B66F9 /* ReceiptManager.swift in Sources */,
				983B529F1E4F8BED004F820F /* AddTraductionCell.swift in Sources */,
				987681B01ED1C4A800EC5503 /* TermConditionVC.swift in Sources */,
				98EC9F021E4DB40E0062F9F2 /* CurrentLanguageCell.swift in Sources */,
				98E8BB141E4CE1C9002134B0 /* MenuCell.swift in Sources */,
				989514A31ECB3D0B003FBC1B /* The Most Amazing Structure on Earth.swift in Sources */,
				9823AE871E61CD4E00AB376C /* Word.swift in Sources */,
				9826BB0C1E95096B00E7CD1E /* Заколдованный круг.swift in Sources */,
				9826BB0E1E95099100E7CD1E /* Сюрприз.swift in Sources */,
				98E8BB1A1E4CEF00002134B0 /* Localisator.swift in Sources */,
				9826BB161E9509F200E7CD1E /* Проверка.swift in Sources */,
				982ECD481E8F9234003B66F9 /* CreditsVC.swift in Sources */,
				989514A91ECB3D35003FBC1B /* From Carrots to Renovations (Part 2).swift in Sources */,
				9826BB091E94FB4A00E7CD1E /* Свежий.swift in Sources */,
				989514A01ECB3CFC003FBC1B /* The choking dog (Part 2).swift in Sources */,
				98D00EE31EC32686004030D0 /* foldlFunction.swift in Sources */,
				982194531E8BF21100043300 /* HighlightChoosePaymentPlanButtonView.swift in Sources */,
				98DDC6CB1E7453A6004A367C /* Color.swift in Sources */,
				98E8BB251E4CF39D002134B0 /* SettingsViewController.swift in Sources */,
				989514A61ECB3D21003FBC1B /* From Carrots to Renovations (Part 1).swift in Sources */,
				98E538B71E80596F0067E639 /* TemplateText .swift in Sources */,
				98E538B51E8059040067E639 /* El jardín de Val.swift in Sources */,
				982194561E8C033C00043300 /* StoreManager.swift in Sources */,
				9826BB101E9509C000E7CD1E /* Алиби.swift in Sources */,
				987D34F41E7D2B0F008434A8 /* SpeedButton.swift in Sources */,
				982194511E8BA72300043300 /* ChoosePaymentPlanButton.swift in Sources */,
				9826BB1C1E950A3000E7CD1E /* Мы и налоги.swift in Sources */,
				9823AE941E65CBBC00AB376C /* Lang.swift in Sources */,
				987D351F1E7E9AB9008434A8 /* InviteFriendButton.swift in Sources */,
				981F89611E7F1C8F00D1BF9D /* languageCollecVCell.swift in Sources */,
				989514981ECB3CC0003FBC1B /* Raven steals the Light.swift in Sources */,
				989514941ECB3C1D003FBC1B /* Val's Garden.swift in Sources */,
				98226BD21E7408BC00060F26 /* HomeCell.swift in Sources */,
				989514AC1ECB3D4D003FBC1B /* The Causes of Floods.swift in Sources */,
				988A72EC1E352EEA00BDE635 /* Home.swift in Sources */,
				987D34ED1E798A76008434A8 /* SettingButton.swift in Sources */,
				981F89631E7F1CCC00D1BF9D /* ChooseLanguageToLearnCollectionVC.swift in Sources */,
				988A72BC1E352DF600BDE635 /* AppDelegate.swift in Sources */,
				9823AE8B1E61D74200AB376C /* UserSave.swift in Sources */,
				9821945D1E8CD7E000043300 /* SideMenuTransition.swift in Sources */,
				9824F6CA1ED5832300B117B8 /* RevisionVocVC.swift in Sources */,
				9821945E1E8CD7E000043300 /* UISideMenuNavigationController.swift in Sources */,
			);
			runOnlyForDeploymentPostprocessing = 0;
		};
		988A72CA1E352DF600BDE635 /* Sources */ = {
			isa = PBXSourcesBuildPhase;
			buildActionMask = 2147483647;
			files = (
				988A72D31E352DF600BDE635 /* LearnByLearningTests.swift in Sources */,
			);
			runOnlyForDeploymentPostprocessing = 0;
		};
		988A72D51E352DF600BDE635 /* Sources */ = {
			isa = PBXSourcesBuildPhase;
			buildActionMask = 2147483647;
			files = (
				988A72DE1E352DF600BDE635 /* LearnByLearningUITests.swift in Sources */,
			);
			runOnlyForDeploymentPostprocessing = 0;
		};
/* End PBXSourcesBuildPhase section */

/* Begin PBXTargetDependency section */
		988A72D01E352DF600BDE635 /* PBXTargetDependency */ = {
			isa = PBXTargetDependency;
			target = 988A72B71E352DF600BDE635 /* LearnByLearning */;
			targetProxy = 988A72CF1E352DF600BDE635 /* PBXContainerItemProxy */;
		};
		988A72DB1E352DF600BDE635 /* PBXTargetDependency */ = {
			isa = PBXTargetDependency;
			target = 988A72B71E352DF600BDE635 /* LearnByLearning */;
			targetProxy = 988A72DA1E352DF600BDE635 /* PBXContainerItemProxy */;
		};
/* End PBXTargetDependency section */

/* Begin PBXVariantGroup section */
		987D34F01E7AE3EE008434A8 /* Main.storyboard */ = {
			isa = PBXVariantGroup;
			children = (
				987D34F11E7AE3EE008434A8 /* Base */,
			);
			name = Main.storyboard;
			path = ..;
			sourceTree = "<group>";
		};
		98822AF61EBEDF0700C57038 /* Main.strings */ = {
			isa = PBXVariantGroup;
			children = (
				98822AF71EBEDF0700C57038 /* ru */,
			);
			name = Main.strings;
			sourceTree = "<group>";
		};
		988A72C61E352DF600BDE635 /* LaunchScreen.storyboard */ = {
			isa = PBXVariantGroup;
			children = (
				988A72C71E352DF600BDE635 /* Base */,
				98EC9EFA1E4D01550062F9F2 /* fr */,
				98822AF01EBEDE9200C57038 /* de */,
				98822AF31EBEDEF200C57038 /* ru */,
			);
			name = LaunchScreen.storyboard;
			sourceTree = "<group>";
		};
		98EC9EF31E4D012B0062F9F2 /* Localizable.strings */ = {
			isa = PBXVariantGroup;
			children = (
				98EC9EF41E4D012B0062F9F2 /* en */,
				98EC9EFB1E4D01550062F9F2 /* fr */,
				9823AE9A1E66E3B800AB376C /* es */,
				98822AF11EBEDED000C57038 /* de */,
				98822AF51EBEDF0700C57038 /* ru */,
			);
			name = Localizable.strings;
			sourceTree = "<group>";
		};
		98EC9EF51E4D012B0062F9F2 /* InfoPlist.strings */ = {
			isa = PBXVariantGroup;
			children = (
				98EC9EF61E4D012B0062F9F2 /* en */,
				98EC9EFC1E4D01560062F9F2 /* fr */,
				9823AE9B1E66E3B800AB376C /* es */,
				98822AF21EBEDED000C57038 /* de */,
				98822AF41EBEDF0700C57038 /* ru */,
			);
			name = InfoPlist.strings;
			sourceTree = "<group>";
		};
/* End PBXVariantGroup section */

/* Begin XCBuildConfiguration section */
		988A72E01E352DF600BDE635 /* Debug */ = {
			isa = XCBuildConfiguration;
			buildSettings = {
				ALWAYS_SEARCH_USER_PATHS = NO;
				CLANG_ANALYZER_LOCALIZABILITY_NONLOCALIZED = YES;
				CLANG_ANALYZER_NONNULL = YES;
				CLANG_CXX_LANGUAGE_STANDARD = "gnu++0x";
				CLANG_CXX_LIBRARY = "libc++";
				CLANG_ENABLE_MODULES = YES;
				CLANG_ENABLE_OBJC_ARC = YES;
				CLANG_WARN_BOOL_CONVERSION = YES;
				CLANG_WARN_CONSTANT_CONVERSION = YES;
				CLANG_WARN_DIRECT_OBJC_ISA_USAGE = YES_ERROR;
				CLANG_WARN_DOCUMENTATION_COMMENTS = YES;
				CLANG_WARN_EMPTY_BODY = YES;
				CLANG_WARN_ENUM_CONVERSION = YES;
				CLANG_WARN_INFINITE_RECURSION = YES;
				CLANG_WARN_INT_CONVERSION = YES;
				CLANG_WARN_OBJC_ROOT_CLASS = YES_ERROR;
				CLANG_WARN_SUSPICIOUS_MOVE = YES;
				CLANG_WARN_UNREACHABLE_CODE = YES;
				CLANG_WARN__DUPLICATE_METHOD_MATCH = YES;
				"CODE_SIGN_IDENTITY[sdk=iphoneos*]" = "iPhone Developer";
				COPY_PHASE_STRIP = NO;
				DEBUG_INFORMATION_FORMAT = dwarf;
				ENABLE_STRICT_OBJC_MSGSEND = YES;
				ENABLE_TESTABILITY = YES;
				GCC_C_LANGUAGE_STANDARD = gnu99;
				GCC_DYNAMIC_NO_PIC = NO;
				GCC_NO_COMMON_BLOCKS = YES;
				GCC_OPTIMIZATION_LEVEL = 0;
				GCC_PREPROCESSOR_DEFINITIONS = (
					"DEBUG=1",
					"$(inherited)",
				);
				GCC_WARN_64_TO_32_BIT_CONVERSION = YES;
				GCC_WARN_ABOUT_RETURN_TYPE = YES_ERROR;
				GCC_WARN_UNDECLARED_SELECTOR = YES;
				GCC_WARN_UNINITIALIZED_AUTOS = YES_AGGRESSIVE;
				GCC_WARN_UNUSED_FUNCTION = YES;
				GCC_WARN_UNUSED_VARIABLE = YES;
				IPHONEOS_DEPLOYMENT_TARGET = 10.0;
				MTL_ENABLE_DEBUG_INFO = YES;
				ONLY_ACTIVE_ARCH = YES;
				SDKROOT = iphoneos;
				SWIFT_ACTIVE_COMPILATION_CONDITIONS = DEBUG;
				SWIFT_OPTIMIZATION_LEVEL = "-Onone";
				TARGETED_DEVICE_FAMILY = "1,2";
			};
			name = Debug;
		};
		988A72E11E352DF600BDE635 /* Release */ = {
			isa = XCBuildConfiguration;
			buildSettings = {
				ALWAYS_SEARCH_USER_PATHS = NO;
				CLANG_ANALYZER_LOCALIZABILITY_NONLOCALIZED = YES;
				CLANG_ANALYZER_NONNULL = YES;
				CLANG_CXX_LANGUAGE_STANDARD = "gnu++0x";
				CLANG_CXX_LIBRARY = "libc++";
				CLANG_ENABLE_MODULES = YES;
				CLANG_ENABLE_OBJC_ARC = YES;
				CLANG_WARN_BOOL_CONVERSION = YES;
				CLANG_WARN_CONSTANT_CONVERSION = YES;
				CLANG_WARN_DIRECT_OBJC_ISA_USAGE = YES_ERROR;
				CLANG_WARN_DOCUMENTATION_COMMENTS = YES;
				CLANG_WARN_EMPTY_BODY = YES;
				CLANG_WARN_ENUM_CONVERSION = YES;
				CLANG_WARN_INFINITE_RECURSION = YES;
				CLANG_WARN_INT_CONVERSION = YES;
				CLANG_WARN_OBJC_ROOT_CLASS = YES_ERROR;
				CLANG_WARN_SUSPICIOUS_MOVE = YES;
				CLANG_WARN_UNREACHABLE_CODE = YES;
				CLANG_WARN__DUPLICATE_METHOD_MATCH = YES;
				"CODE_SIGN_IDENTITY[sdk=iphoneos*]" = "iPhone Developer";
				COPY_PHASE_STRIP = NO;
				DEBUG_INFORMATION_FORMAT = "dwarf-with-dsym";
				ENABLE_NS_ASSERTIONS = NO;
				ENABLE_STRICT_OBJC_MSGSEND = YES;
				GCC_C_LANGUAGE_STANDARD = gnu99;
				GCC_NO_COMMON_BLOCKS = YES;
				GCC_WARN_64_TO_32_BIT_CONVERSION = YES;
				GCC_WARN_ABOUT_RETURN_TYPE = YES_ERROR;
				GCC_WARN_UNDECLARED_SELECTOR = YES;
				GCC_WARN_UNINITIALIZED_AUTOS = YES_AGGRESSIVE;
				GCC_WARN_UNUSED_FUNCTION = YES;
				GCC_WARN_UNUSED_VARIABLE = YES;
				IPHONEOS_DEPLOYMENT_TARGET = 10.0;
				MTL_ENABLE_DEBUG_INFO = NO;
				SDKROOT = iphoneos;
				SWIFT_OPTIMIZATION_LEVEL = "-Owholemodule";
				TARGETED_DEVICE_FAMILY = "1,2";
				VALIDATE_PRODUCT = YES;
			};
			name = Release;
		};
		988A72E31E352DF600BDE635 /* Debug */ = {
			isa = XCBuildConfiguration;
			buildSettings = {
				ASSETCATALOG_COMPILER_APPICON_NAME = AppIcon;
				CLANG_ENABLE_MODULES = YES;
				DEVELOPMENT_TEAM = EQPGG2M7LV;
				INFOPLIST_FILE = LearnByLearning/Info.plist;
				IPHONEOS_DEPLOYMENT_TARGET = 10.0;
				LD_RUNPATH_SEARCH_PATHS = "$(inherited) @executable_path/Frameworks";
				PRODUCT_BUNDLE_IDENTIFIER = lauriane.molllier.learnByReading.russian;
				PRODUCT_NAME = "$(TARGET_NAME)";
				SWIFT_DISABLE_SAFETY_CHECKS = YES;
				SWIFT_INSTALL_OBJC_HEADER = NO;
				SWIFT_OBJC_BRIDGING_HEADER = "";
				SWIFT_OBJC_INTERFACE_HEADER_NAME = "";
				SWIFT_OPTIMIZATION_LEVEL = "-Onone";
				SWIFT_VERSION = 3.0;
				TARGETED_DEVICE_FAMILY = "1,2";
			};
			name = Debug;
		};
		988A72E41E352DF600BDE635 /* Release */ = {
			isa = XCBuildConfiguration;
			buildSettings = {
				ASSETCATALOG_COMPILER_APPICON_NAME = AppIcon;
				CLANG_ENABLE_MODULES = YES;
				DEVELOPMENT_TEAM = EQPGG2M7LV;
				INFOPLIST_FILE = LearnByLearning/Info.plist;
				IPHONEOS_DEPLOYMENT_TARGET = 10.0;
				LD_RUNPATH_SEARCH_PATHS = "$(inherited) @executable_path/Frameworks";
				PRODUCT_BUNDLE_IDENTIFIER = lauriane.molllier.learnByReading.russian;
				PRODUCT_NAME = "$(TARGET_NAME)";
				SWIFT_DISABLE_SAFETY_CHECKS = YES;
				SWIFT_INSTALL_OBJC_HEADER = NO;
				SWIFT_OBJC_BRIDGING_HEADER = "";
				"SWIFT_OBJC_BRIDGING_HEADER[arch=*]" = "";
				SWIFT_OBJC_INTERFACE_HEADER_NAME = "";
				"SWIFT_OBJC_INTERFACE_HEADER_NAME[arch=*]" = "";
				SWIFT_VERSION = 3.0;
				TARGETED_DEVICE_FAMILY = "1,2";
			};
			name = Release;
		};
		988A72E61E352DF600BDE635 /* Debug */ = {
			isa = XCBuildConfiguration;
			buildSettings = {
				ALWAYS_EMBED_SWIFT_STANDARD_LIBRARIES = YES;
				BUNDLE_LOADER = "$(TEST_HOST)";
				DEVELOPMENT_TEAM = EQPGG2M7LV;
				INFOPLIST_FILE = LearnByLearningTests/Info.plist;
				LD_RUNPATH_SEARCH_PATHS = "$(inherited) @executable_path/Frameworks @loader_path/Frameworks";
				PRODUCT_BUNDLE_IDENTIFIER = Meitopi.LearnByLearningTests;
				PRODUCT_NAME = "$(TARGET_NAME)";
				SWIFT_VERSION = 3.0;
				TEST_HOST = "$(BUILT_PRODUCTS_DIR)/LearnByLearning.app/LearnByLearning";
			};
			name = Debug;
		};
		988A72E71E352DF600BDE635 /* Release */ = {
			isa = XCBuildConfiguration;
			buildSettings = {
				ALWAYS_EMBED_SWIFT_STANDARD_LIBRARIES = YES;
				BUNDLE_LOADER = "$(TEST_HOST)";
				DEVELOPMENT_TEAM = EQPGG2M7LV;
				INFOPLIST_FILE = LearnByLearningTests/Info.plist;
				LD_RUNPATH_SEARCH_PATHS = "$(inherited) @executable_path/Frameworks @loader_path/Frameworks";
				PRODUCT_BUNDLE_IDENTIFIER = Meitopi.LearnByLearningTests;
				PRODUCT_NAME = "$(TARGET_NAME)";
				SWIFT_VERSION = 3.0;
				TEST_HOST = "$(BUILT_PRODUCTS_DIR)/LearnByLearning.app/LearnByLearning";
			};
			name = Release;
		};
		988A72E91E352DF600BDE635 /* Debug */ = {
			isa = XCBuildConfiguration;
			buildSettings = {
				ALWAYS_EMBED_SWIFT_STANDARD_LIBRARIES = YES;
				DEVELOPMENT_TEAM = EQPGG2M7LV;
				INFOPLIST_FILE = LearnByLearningUITests/Info.plist;
				LD_RUNPATH_SEARCH_PATHS = "$(inherited) @executable_path/Frameworks @loader_path/Frameworks";
				PRODUCT_BUNDLE_IDENTIFIER = Meitopi.LearnByLearningUITests;
				PRODUCT_NAME = "$(TARGET_NAME)";
				SWIFT_VERSION = 3.0;
				TEST_TARGET_NAME = LearnByLearning;
			};
			name = Debug;
		};
		988A72EA1E352DF600BDE635 /* Release */ = {
			isa = XCBuildConfiguration;
			buildSettings = {
				ALWAYS_EMBED_SWIFT_STANDARD_LIBRARIES = YES;
				DEVELOPMENT_TEAM = EQPGG2M7LV;
				INFOPLIST_FILE = LearnByLearningUITests/Info.plist;
				LD_RUNPATH_SEARCH_PATHS = "$(inherited) @executable_path/Frameworks @loader_path/Frameworks";
				PRODUCT_BUNDLE_IDENTIFIER = Meitopi.LearnByLearningUITests;
				PRODUCT_NAME = "$(TARGET_NAME)";
				SWIFT_VERSION = 3.0;
				TEST_TARGET_NAME = LearnByLearning;
			};
			name = Release;
		};
/* End XCBuildConfiguration section */

/* Begin XCConfigurationList section */
		988A72B31E352DF600BDE635 /* Build configuration list for PBXProject "LearnByLearning" */ = {
			isa = XCConfigurationList;
			buildConfigurations = (
				988A72E01E352DF600BDE635 /* Debug */,
				988A72E11E352DF600BDE635 /* Release */,
			);
			defaultConfigurationIsVisible = 0;
			defaultConfigurationName = Release;
		};
		988A72E21E352DF600BDE635 /* Build configuration list for PBXNativeTarget "LearnByLearning" */ = {
			isa = XCConfigurationList;
			buildConfigurations = (
				988A72E31E352DF600BDE635 /* Debug */,
				988A72E41E352DF600BDE635 /* Release */,
			);
			defaultConfigurationIsVisible = 0;
			defaultConfigurationName = Release;
		};
		988A72E51E352DF600BDE635 /* Build configuration list for PBXNativeTarget "LearnByLearningTests" */ = {
			isa = XCConfigurationList;
			buildConfigurations = (
				988A72E61E352DF600BDE635 /* Debug */,
				988A72E71E352DF600BDE635 /* Release */,
			);
			defaultConfigurationIsVisible = 0;
			defaultConfigurationName = Release;
		};
		988A72E81E352DF600BDE635 /* Build configuration list for PBXNativeTarget "LearnByLearningUITests" */ = {
			isa = XCConfigurationList;
			buildConfigurations = (
				988A72E91E352DF600BDE635 /* Debug */,
				988A72EA1E352DF600BDE635 /* Release */,
			);
			defaultConfigurationIsVisible = 0;
			defaultConfigurationName = Release;
		};
/* End XCConfigurationList section */
	};
	rootObject = 988A72B01E352DF600BDE635 /* Project object */;
}
